{"format_version":"1.0","provider_schemas":{"registry.terraform.io/skilldus/contrail":{"provider":{"version":0,"block":{"attributes":{"auth_url":{"type":"string","description":"The Identity authentication URL.","description_kind":"plain","required":true},"domain_name":{"type":"string","description":"The name of the domain to login with.","description_kind":"plain","required":true},"password":{"type":"string","description":"Password to login with.","description_kind":"plain","optional":true,"sensitive":true},"port":{"type":"number","description":"Contrail API server port number (default 8082).","description_kind":"plain","optional":true},"project_domain_name":{"type":"string","description":"The name of the project domain to login with.","description_kind":"plain","required":true},"project_name":{"type":"string","description":"The name of the project.","description_kind":"plain","required":true},"server":{"type":"string","description":"Contrail API server IP address.","description_kind":"plain","required":true},"tenant_name":{"type":"string","description":"The name of the Tenant or Project to login with.","description_kind":"plain","optional":true},"token":{"type":"string","description":"Authentication token to use as an alternative to username/password.","description_kind":"plain","optional":true},"username":{"type":"string","description":"Username to login with.","description_kind":"plain","optional":true}},"description_kind":"plain"}},"resource_schemas":{"contrail_access_control_list":{"version":0,"block":{"attributes":{"access_control_list_hash":{"type":"number","description_kind":"plain","optional":true},"display_name":{"type":"string","description_kind":"plain","optional":true},"id":{"type":"string","description_kind":"plain","optional":true,"computed":true},"name":{"type":"string","description_kind":"plain","required":true},"parent_uuid":{"type":"string","description_kind":"plain","optional":true}},"block_types":{"access_control_list_entries":{"nesting_mode":"list","block":{"attributes":{"dynamic":{"type":"bool","description_kind":"plain","optional":true}},"block_types":{"acl_rule":{"nesting_mode":"list","block":{"attributes":{"direction":{"type":"string","description_kind":"plain","optional":true},"rule_uuid":{"type":"string","description_kind":"plain","optional":true}},"block_types":{"action_list":{"nesting_mode":"list","block":{"attributes":{"alert":{"type":"bool","description_kind":"plain","optional":true},"apply_service":{"type":["list","string"],"description_kind":"plain","optional":true},"assign_routing_instance":{"type":"string","description_kind":"plain","optional":true},"gateway_name":{"type":"string","description_kind":"plain","optional":true},"log":{"type":"bool","description_kind":"plain","optional":true},"qos_action":{"type":"string","description_kind":"plain","optional":true},"simple_action":{"type":"string","description_kind":"plain","required":true}},"block_types":{"mirror_to":{"nesting_mode":"list","block":{"attributes":{"analyzer_ip_address":{"type":"string","description_kind":"plain","required":true},"analyzer_mac_address":{"type":"string","description_kind":"plain","optional":true},"analyzer_name":{"type":"string","description_kind":"plain","optional":true},"encapsulation":{"type":"string","description_kind":"plain","optional":true},"juniper_header":{"type":"bool","description_kind":"plain","optional":true},"nh_mode":{"type":"string","description_kind":"plain","optional":true},"nic_assisted_mirroring":{"type":"bool","description_kind":"plain","optional":true},"nic_assisted_mirroring_vlan":{"type":"number","description_kind":"plain","optional":true},"routing_instance":{"type":"string","description_kind":"plain","required":true},"udp_port":{"type":"number","description_kind":"plain","optional":true}},"block_types":{"static_nh_header":{"nesting_mode":"list","block":{"attributes":{"vni":{"type":"number","description_kind":"plain","required":true},"vtep_dst_ip_address":{"type":"string","description_kind":"plain","required":true},"vtep_dst_mac_address":{"type":"string","description_kind":"plain","optional":true}},"description_kind":"plain"}}},"description_kind":"plain"}}},"description_kind":"plain"},"min_items":1},"match_condition":{"nesting_mode":"list","block":{"attributes":{"ethertype":{"type":"string","description_kind":"plain","required":true},"protocol":{"type":"string","description_kind":"plain","required":true}},"block_types":{"dst_address":{"nesting_mode":"list","block":{"attributes":{"network_policy":{"type":"string","description_kind":"plain","optional":true},"security_group":{"type":"string","description_kind":"plain","optional":true},"virtual_network":{"type":"string","description_kind":"plain","optional":true}},"block_types":{"subnet":{"nesting_mode":"list","block":{"attributes":{"ip_prefix":{"type":"string","description_kind":"plain","optional":true},"ip_prefix_len":{"type":"number","description_kind":"plain","optional":true}},"description_kind":"plain"}},"subnet_list":{"nesting_mode":"list","block":{"attributes":{"ip_prefix":{"type":"string","description_kind":"plain","optional":true},"ip_prefix_len":{"type":"number","description_kind":"plain","optional":true}},"description_kind":"plain"}}},"description_kind":"plain"},"min_items":1},"dst_port":{"nesting_mode":"list","block":{"attributes":{"end_port":{"type":"number","description_kind":"plain","required":true},"start_port":{"type":"number","description_kind":"plain","required":true}},"description_kind":"plain"},"min_items":1},"src_address":{"nesting_mode":"list","block":{"attributes":{"network_policy":{"type":"string","description_kind":"plain","optional":true},"security_group":{"type":"string","description_kind":"plain","optional":true},"virtual_network":{"type":"string","description_kind":"plain","optional":true}},"block_types":{"subnet":{"nesting_mode":"list","block":{"attributes":{"ip_prefix":{"type":"string","description_kind":"plain","optional":true},"ip_prefix_len":{"type":"number","description_kind":"plain","optional":true}},"description_kind":"plain"}},"subnet_list":{"nesting_mode":"list","block":{"attributes":{"ip_prefix":{"type":"string","description_kind":"plain","optional":true},"ip_prefix_len":{"type":"number","description_kind":"plain","optional":true}},"description_kind":"plain"}}},"description_kind":"plain"},"min_items":1},"src_port":{"nesting_mode":"list","block":{"attributes":{"end_port":{"type":"number","description_kind":"plain","required":true},"start_port":{"type":"number","description_kind":"plain","required":true}},"description_kind":"plain"},"min_items":1}},"description_kind":"plain"},"min_items":1}},"description_kind":"plain"},"min_items":1}},"description_kind":"plain"}},"annotations":{"nesting_mode":"list","block":{"block_types":{"key_value_pair":{"nesting_mode":"list","block":{"attributes":{"key":{"type":"string","description_kind":"plain","optional":true},"value":{"type":"string","description_kind":"plain","optional":true}},"description_kind":"plain"}}},"description_kind":"plain"}},"id_perms":{"nesting_mode":"list","block":{"attributes":{"created":{"type":"string","description_kind":"plain","optional":true},"creator":{"type":"string","description_kind":"plain","optional":true},"description":{"type":"string","description_kind":"plain","optional":true},"enable":{"type":"bool","description_kind":"plain","required":true},"last_modified":{"type":"string","description_kind":"plain","optional":true},"user_visible":{"type":"bool","description_kind":"plain","optional":true}},"block_types":{"permissions":{"nesting_mode":"list","block":{"attributes":{"group":{"type":"string","description_kind":"plain","optional":true},"group_access":{"type":"number","description_kind":"plain","optional":true},"other_access":{"type":"number","description_kind":"plain","optional":true},"owner":{"type":"string","description_kind":"plain","optional":true},"owner_access":{"type":"number","description_kind":"plain","optional":true}},"description_kind":"plain"}},"uuid":{"nesting_mode":"list","block":{"attributes":{"uuid_lslong":{"type":"number","description_kind":"plain","optional":true},"uuid_mslong":{"type":"number","description_kind":"plain","optional":true}},"description_kind":"plain"},"min_items":1}},"description_kind":"plain"}},"perms2":{"nesting_mode":"list","block":{"attributes":{"global_access":{"type":"number","description_kind":"plain","optional":true},"owner":{"type":"string","description_kind":"plain","required":true},"owner_access":{"type":"number","description_kind":"plain","required":true}},"block_types":{"share":{"nesting_mode":"list","block":{"attributes":{"tenant":{"type":"string","description_kind":"plain","required":true},"tenant_access":{"type":"number","description_kind":"plain","required":true}},"description_kind":"plain"}}},"description_kind":"plain"}}},"description_kind":"plain"}},"contrail_access_control_list_refs":{"version":0,"block":{"attributes":{"id":{"type":"string","description_kind":"plain","optional":true,"computed":true},"uuid":{"type":"string","description_kind":"plain","required":true}},"block_types":{"tag_refs":{"nesting_mode":"list","block":{"attributes":{"to":{"type":"string","description_kind":"plain","required":true}},"description_kind":"plain"}}},"description_kind":"plain"}},"contrail_address_group":{"version":0,"block":{"attributes":{"display_name":{"type":"string","description_kind":"plain","optional":true},"id":{"type":"string","description_kind":"plain","optional":true,"computed":true},"name":{"type":"string","description_kind":"plain","required":true},"parent_uuid":{"type":"string","description_kind":"plain","optional":true}},"block_types":{"address_group_prefix":{"nesting_mode":"list","block":{"block_types":{"subnet":{"nesting_mode":"list","block":{"attributes":{"ip_prefix":{"type":"string","description_kind":"plain","optional":true},"ip_prefix_len":{"type":"number","description_kind":"plain","optional":true}},"description_kind":"plain"}}},"description_kind":"plain"}},"annotations":{"nesting_mode":"list","block":{"block_types":{"key_value_pair":{"nesting_mode":"list","block":{"attributes":{"key":{"type":"string","description_kind":"plain","optional":true},"value":{"type":"string","description_kind":"plain","optional":true}},"description_kind":"plain"}}},"description_kind":"plain"}},"id_perms":{"nesting_mode":"list","block":{"attributes":{"created":{"type":"string","description_kind":"plain","optional":true},"creator":{"type":"string","description_kind":"plain","optional":true},"description":{"type":"string","description_kind":"plain","optional":true},"enable":{"type":"bool","description_kind":"plain","required":true},"last_modified":{"type":"string","description_kind":"plain","optional":true},"user_visible":{"type":"bool","description_kind":"plain","optional":true}},"block_types":{"permissions":{"nesting_mode":"list","block":{"attributes":{"group":{"type":"string","description_kind":"plain","optional":true},"group_access":{"type":"number","description_kind":"plain","optional":true},"other_access":{"type":"number","description_kind":"plain","optional":true},"owner":{"type":"string","description_kind":"plain","optional":true},"owner_access":{"type":"number","description_kind":"plain","optional":true}},"description_kind":"plain"}},"uuid":{"nesting_mode":"list","block":{"attributes":{"uuid_lslong":{"type":"number","description_kind":"plain","optional":true},"uuid_mslong":{"type":"number","description_kind":"plain","optional":true}},"description_kind":"plain"},"min_items":1}},"description_kind":"plain"}},"perms2":{"nesting_mode":"list","block":{"attributes":{"global_access":{"type":"number","description_kind":"plain","optional":true},"owner":{"type":"string","description_kind":"plain","required":true},"owner_access":{"type":"number","description_kind":"plain","required":true}},"block_types":{"share":{"nesting_mode":"list","block":{"attributes":{"tenant":{"type":"string","description_kind":"plain","required":true},"tenant_access":{"type":"number","description_kind":"plain","required":true}},"description_kind":"plain"}}},"description_kind":"plain"}}},"description_kind":"plain"}},"contrail_address_group_refs":{"version":0,"block":{"attributes":{"id":{"type":"string","description_kind":"plain","optional":true,"computed":true},"uuid":{"type":"string","description_kind":"plain","required":true}},"block_types":{"tag_refs":{"nesting_mode":"list","block":{"attributes":{"to":{"type":"string","description_kind":"plain","required":true}},"description_kind":"plain"}}},"description_kind":"plain"}},"contrail_alarm":{"version":0,"block":{"attributes":{"alarm_severity":{"type":"number","description_kind":"plain","optional":true},"display_name":{"type":"string","description_kind":"plain","optional":true},"id":{"type":"string","description_kind":"plain","optional":true,"computed":true},"name":{"type":"string","description_kind":"plain","required":true},"parent_uuid":{"type":"string","description_kind":"plain","optional":true}},"block_types":{"alarm_rules":{"nesting_mode":"list","block":{"block_types":{"or_list":{"nesting_mode":"list","block":{"block_types":{"and_list":{"nesting_mode":"list","block":{"attributes":{"operand1":{"type":"string","description_kind":"plain","required":true},"operation":{"type":"string","description_kind":"plain","required":true},"variables":{"type":["list","string"],"description_kind":"plain","optional":true}},"block_types":{"operand2":{"nesting_mode":"list","block":{"attributes":{"json_value":{"type":"string","description_kind":"plain","optional":true},"uve_attribute":{"type":"string","description_kind":"plain","optional":true}},"description_kind":"plain"},"min_items":1}},"description_kind":"plain"}}},"description_kind":"plain"}}},"description_kind":"plain"}},"annotations":{"nesting_mode":"list","block":{"block_types":{"key_value_pair":{"nesting_mode":"list","block":{"attributes":{"key":{"type":"string","description_kind":"plain","optional":true},"value":{"type":"string","description_kind":"plain","optional":true}},"description_kind":"plain"}}},"description_kind":"plain"}},"id_perms":{"nesting_mode":"list","block":{"attributes":{"created":{"type":"string","description_kind":"plain","optional":true},"creator":{"type":"string","description_kind":"plain","optional":true},"description":{"type":"string","description_kind":"plain","optional":true},"enable":{"type":"bool","description_kind":"plain","required":true},"last_modified":{"type":"string","description_kind":"plain","optional":true},"user_visible":{"type":"bool","description_kind":"plain","optional":true}},"block_types":{"permissions":{"nesting_mode":"list","block":{"attributes":{"group":{"type":"string","description_kind":"plain","optional":true},"group_access":{"type":"number","description_kind":"plain","optional":true},"other_access":{"type":"number","description_kind":"plain","optional":true},"owner":{"type":"string","description_kind":"plain","optional":true},"owner_access":{"type":"number","description_kind":"plain","optional":true}},"description_kind":"plain"}},"uuid":{"nesting_mode":"list","block":{"attributes":{"uuid_lslong":{"type":"number","description_kind":"plain","optional":true},"uuid_mslong":{"type":"number","description_kind":"plain","optional":true}},"description_kind":"plain"},"min_items":1}},"description_kind":"plain"}},"perms2":{"nesting_mode":"list","block":{"attributes":{"global_access":{"type":"number","description_kind":"plain","optional":true},"owner":{"type":"string","description_kind":"plain","required":true},"owner_access":{"type":"number","description_kind":"plain","required":true}},"block_types":{"share":{"nesting_mode":"list","block":{"attributes":{"tenant":{"type":"string","description_kind":"plain","required":true},"tenant_access":{"type":"number","description_kind":"plain","required":true}},"description_kind":"plain"}}},"description_kind":"plain"}},"uve_keys":{"nesting_mode":"list","block":{"attributes":{"uve_key":{"type":["list","string"],"description_kind":"plain","required":true}},"description_kind":"plain"}}},"description_kind":"plain"}},"contrail_alarm_refs":{"version":0,"block":{"attributes":{"id":{"type":"string","description_kind":"plain","optional":true,"computed":true},"uuid":{"type":"string","description_kind":"plain","required":true}},"block_types":{"tag_refs":{"nesting_mode":"list","block":{"attributes":{"to":{"type":"string","description_kind":"plain","required":true}},"description_kind":"plain"}}},"description_kind":"plain"}},"contrail_alias_ip":{"version":0,"block":{"attributes":{"alias_ip_address":{"type":"string","description_kind":"plain","optional":true},"alias_ip_address_family":{"type":"string","description_kind":"plain","optional":true},"display_name":{"type":"string","description_kind":"plain","optional":true},"id":{"type":"string","description_kind":"plain","optional":true,"computed":true},"name":{"type":"string","description_kind":"plain","required":true},"parent_uuid":{"type":"string","description_kind":"plain","optional":true}},"block_types":{"annotations":{"nesting_mode":"list","block":{"block_types":{"key_value_pair":{"nesting_mode":"list","block":{"attributes":{"key":{"type":"string","description_kind":"plain","optional":true},"value":{"type":"string","description_kind":"plain","optional":true}},"description_kind":"plain"}}},"description_kind":"plain"}},"id_perms":{"nesting_mode":"list","block":{"attributes":{"created":{"type":"string","description_kind":"plain","optional":true},"creator":{"type":"string","description_kind":"plain","optional":true},"description":{"type":"string","description_kind":"plain","optional":true},"enable":{"type":"bool","description_kind":"plain","required":true},"last_modified":{"type":"string","description_kind":"plain","optional":true},"user_visible":{"type":"bool","description_kind":"plain","optional":true}},"block_types":{"permissions":{"nesting_mode":"list","block":{"attributes":{"group":{"type":"string","description_kind":"plain","optional":true},"group_access":{"type":"number","description_kind":"plain","optional":true},"other_access":{"type":"number","description_kind":"plain","optional":true},"owner":{"type":"string","description_kind":"plain","optional":true},"owner_access":{"type":"number","description_kind":"plain","optional":true}},"description_kind":"plain"}},"uuid":{"nesting_mode":"list","block":{"attributes":{"uuid_lslong":{"type":"number","description_kind":"plain","optional":true},"uuid_mslong":{"type":"number","description_kind":"plain","optional":true}},"description_kind":"plain"},"min_items":1}},"description_kind":"plain"}},"perms2":{"nesting_mode":"list","block":{"attributes":{"global_access":{"type":"number","description_kind":"plain","optional":true},"owner":{"type":"string","description_kind":"plain","required":true},"owner_access":{"type":"number","description_kind":"plain","required":true}},"block_types":{"share":{"nesting_mode":"list","block":{"attributes":{"tenant":{"type":"string","description_kind":"plain","required":true},"tenant_access":{"type":"number","description_kind":"plain","required":true}},"description_kind":"plain"}}},"description_kind":"plain"}},"project_refs":{"nesting_mode":"list","block":{"attributes":{"to":{"type":"string","description_kind":"plain","required":true}},"description_kind":"plain"}}},"description_kind":"plain"}},"contrail_alias_ip_pool":{"version":0,"block":{"attributes":{"display_name":{"type":"string","description_kind":"plain","optional":true},"id":{"type":"string","description_kind":"plain","optional":true,"computed":true},"name":{"type":"string","description_kind":"plain","required":true},"parent_uuid":{"type":"string","description_kind":"plain","optional":true}},"block_types":{"annotations":{"nesting_mode":"list","block":{"block_types":{"key_value_pair":{"nesting_mode":"list","block":{"attributes":{"key":{"type":"string","description_kind":"plain","optional":true},"value":{"type":"string","description_kind":"plain","optional":true}},"description_kind":"plain"}}},"description_kind":"plain"}},"id_perms":{"nesting_mode":"list","block":{"attributes":{"created":{"type":"string","description_kind":"plain","optional":true},"creator":{"type":"string","description_kind":"plain","optional":true},"description":{"type":"string","description_kind":"plain","optional":true},"enable":{"type":"bool","description_kind":"plain","required":true},"last_modified":{"type":"string","description_kind":"plain","optional":true},"user_visible":{"type":"bool","description_kind":"plain","optional":true}},"block_types":{"permissions":{"nesting_mode":"list","block":{"attributes":{"group":{"type":"string","description_kind":"plain","optional":true},"group_access":{"type":"number","description_kind":"plain","optional":true},"other_access":{"type":"number","description_kind":"plain","optional":true},"owner":{"type":"string","description_kind":"plain","optional":true},"owner_access":{"type":"number","description_kind":"plain","optional":true}},"description_kind":"plain"}},"uuid":{"nesting_mode":"list","block":{"attributes":{"uuid_lslong":{"type":"number","description_kind":"plain","optional":true},"uuid_mslong":{"type":"number","description_kind":"plain","optional":true}},"description_kind":"plain"},"min_items":1}},"description_kind":"plain"}},"perms2":{"nesting_mode":"list","block":{"attributes":{"global_access":{"type":"number","description_kind":"plain","optional":true},"owner":{"type":"string","description_kind":"plain","required":true},"owner_access":{"type":"number","description_kind":"plain","required":true}},"block_types":{"share":{"nesting_mode":"list","block":{"attributes":{"tenant":{"type":"string","description_kind":"plain","required":true},"tenant_access":{"type":"number","description_kind":"plain","required":true}},"description_kind":"plain"}}},"description_kind":"plain"}}},"description_kind":"plain"}},"contrail_alias_ip_pool_refs":{"version":0,"block":{"attributes":{"id":{"type":"string","description_kind":"plain","optional":true,"computed":true},"uuid":{"type":"string","description_kind":"plain","required":true}},"block_types":{"tag_refs":{"nesting_mode":"list","block":{"attributes":{"to":{"type":"string","description_kind":"plain","required":true}},"description_kind":"plain"}}},"description_kind":"plain"}},"contrail_alias_ip_refs":{"version":0,"block":{"attributes":{"id":{"type":"string","description_kind":"plain","optional":true,"computed":true},"uuid":{"type":"string","description_kind":"plain","required":true}},"block_types":{"tag_refs":{"nesting_mode":"list","block":{"attributes":{"to":{"type":"string","description_kind":"plain","required":true}},"description_kind":"plain"}},"virtual_machine_interface_refs":{"nesting_mode":"list","block":{"attributes":{"to":{"type":"string","description_kind":"plain","required":true}},"description_kind":"plain"}}},"description_kind":"plain"}},"contrail_analytics_node":{"version":0,"block":{"attributes":{"analytics_node_ip_address":{"type":"string","description_kind":"plain","optional":true},"display_name":{"type":"string","description_kind":"plain","optional":true},"id":{"type":"string","description_kind":"plain","optional":true,"computed":true},"name":{"type":"string","description_kind":"plain","required":true},"parent_uuid":{"type":"string","description_kind":"plain","optional":true}},"block_types":{"annotations":{"nesting_mode":"list","block":{"block_types":{"key_value_pair":{"nesting_mode":"list","block":{"attributes":{"key":{"type":"string","description_kind":"plain","optional":true},"value":{"type":"string","description_kind":"plain","optional":true}},"description_kind":"plain"}}},"description_kind":"plain"}},"id_perms":{"nesting_mode":"list","block":{"attributes":{"created":{"type":"string","description_kind":"plain","optional":true},"creator":{"type":"string","description_kind":"plain","optional":true},"description":{"type":"string","description_kind":"plain","optional":true},"enable":{"type":"bool","description_kind":"plain","required":true},"last_modified":{"type":"string","description_kind":"plain","optional":true},"user_visible":{"type":"bool","description_kind":"plain","optional":true}},"block_types":{"permissions":{"nesting_mode":"list","block":{"attributes":{"group":{"type":"string","description_kind":"plain","optional":true},"group_access":{"type":"number","description_kind":"plain","optional":true},"other_access":{"type":"number","description_kind":"plain","optional":true},"owner":{"type":"string","description_kind":"plain","optional":true},"owner_access":{"type":"number","description_kind":"plain","optional":true}},"description_kind":"plain"}},"uuid":{"nesting_mode":"list","block":{"attributes":{"uuid_lslong":{"type":"number","description_kind":"plain","optional":true},"uuid_mslong":{"type":"number","description_kind":"plain","optional":true}},"description_kind":"plain"},"min_items":1}},"description_kind":"plain"}},"perms2":{"nesting_mode":"list","block":{"attributes":{"global_access":{"type":"number","description_kind":"plain","optional":true},"owner":{"type":"string","description_kind":"plain","required":true},"owner_access":{"type":"number","description_kind":"plain","required":true}},"block_types":{"share":{"nesting_mode":"list","block":{"attributes":{"tenant":{"type":"string","description_kind":"plain","required":true},"tenant_access":{"type":"number","description_kind":"plain","required":true}},"description_kind":"plain"}}},"description_kind":"plain"}}},"description_kind":"plain"}},"contrail_analytics_node_refs":{"version":0,"block":{"attributes":{"id":{"type":"string","description_kind":"plain","optional":true,"computed":true},"uuid":{"type":"string","description_kind":"plain","required":true}},"block_types":{"tag_refs":{"nesting_mode":"list","block":{"attributes":{"to":{"type":"string","description_kind":"plain","required":true}},"description_kind":"plain"}}},"description_kind":"plain"}},"contrail_api_access_list":{"version":0,"block":{"attributes":{"display_name":{"type":"string","description_kind":"plain","optional":true},"id":{"type":"string","description_kind":"plain","optional":true,"computed":true},"name":{"type":"string","description_kind":"plain","required":true},"parent_uuid":{"type":"string","description_kind":"plain","optional":true}},"block_types":{"annotations":{"nesting_mode":"list","block":{"block_types":{"key_value_pair":{"nesting_mode":"list","block":{"attributes":{"key":{"type":"string","description_kind":"plain","optional":true},"value":{"type":"string","description_kind":"plain","optional":true}},"description_kind":"plain"}}},"description_kind":"plain"}},"api_access_list_entries":{"nesting_mode":"list","block":{"block_types":{"rbac_rule":{"nesting_mode":"list","block":{"attributes":{"rule_field":{"type":"string","description_kind":"plain","optional":true},"rule_object":{"type":"string","description_kind":"plain","required":true}},"block_types":{"rule_perms":{"nesting_mode":"list","block":{"attributes":{"role_crud":{"type":"string","description_kind":"plain","required":true},"role_name":{"type":"string","description_kind":"plain","required":true}},"description_kind":"plain"},"min_items":1}},"description_kind":"plain"}}},"description_kind":"plain"}},"id_perms":{"nesting_mode":"list","block":{"attributes":{"created":{"type":"string","description_kind":"plain","optional":true},"creator":{"type":"string","description_kind":"plain","optional":true},"description":{"type":"string","description_kind":"plain","optional":true},"enable":{"type":"bool","description_kind":"plain","required":true},"last_modified":{"type":"string","description_kind":"plain","optional":true},"user_visible":{"type":"bool","description_kind":"plain","optional":true}},"block_types":{"permissions":{"nesting_mode":"list","block":{"attributes":{"group":{"type":"string","description_kind":"plain","optional":true},"group_access":{"type":"number","description_kind":"plain","optional":true},"other_access":{"type":"number","description_kind":"plain","optional":true},"owner":{"type":"string","description_kind":"plain","optional":true},"owner_access":{"type":"number","description_kind":"plain","optional":true}},"description_kind":"plain"}},"uuid":{"nesting_mode":"list","block":{"attributes":{"uuid_lslong":{"type":"number","description_kind":"plain","optional":true},"uuid_mslong":{"type":"number","description_kind":"plain","optional":true}},"description_kind":"plain"},"min_items":1}},"description_kind":"plain"}},"perms2":{"nesting_mode":"list","block":{"attributes":{"global_access":{"type":"number","description_kind":"plain","optional":true},"owner":{"type":"string","description_kind":"plain","required":true},"owner_access":{"type":"number","description_kind":"plain","required":true}},"block_types":{"share":{"nesting_mode":"list","block":{"attributes":{"tenant":{"type":"string","description_kind":"plain","required":true},"tenant_access":{"type":"number","description_kind":"plain","required":true}},"description_kind":"plain"}}},"description_kind":"plain"}}},"description_kind":"plain"}},"contrail_api_access_list_refs":{"version":0,"block":{"attributes":{"id":{"type":"string","description_kind":"plain","optional":true,"computed":true},"uuid":{"type":"string","description_kind":"plain","required":true}},"block_types":{"tag_refs":{"nesting_mode":"list","block":{"attributes":{"to":{"type":"string","description_kind":"plain","required":true}},"description_kind":"plain"}}},"description_kind":"plain"}},"contrail_application_policy_set":{"version":0,"block":{"attributes":{"all_applications":{"type":"bool","description_kind":"plain","optional":true},"display_name":{"type":"string","description_kind":"plain","optional":true},"id":{"type":"string","description_kind":"plain","optional":true,"computed":true},"name":{"type":"string","description_kind":"plain","required":true},"parent_uuid":{"type":"string","description_kind":"plain","optional":true}},"block_types":{"annotations":{"nesting_mode":"list","block":{"block_types":{"key_value_pair":{"nesting_mode":"list","block":{"attributes":{"key":{"type":"string","description_kind":"plain","optional":true},"value":{"type":"string","description_kind":"plain","optional":true}},"description_kind":"plain"}}},"description_kind":"plain"}},"id_perms":{"nesting_mode":"list","block":{"attributes":{"created":{"type":"string","description_kind":"plain","optional":true},"creator":{"type":"string","description_kind":"plain","optional":true},"description":{"type":"string","description_kind":"plain","optional":true},"enable":{"type":"bool","description_kind":"plain","required":true},"last_modified":{"type":"string","description_kind":"plain","optional":true},"user_visible":{"type":"bool","description_kind":"plain","optional":true}},"block_types":{"permissions":{"nesting_mode":"list","block":{"attributes":{"group":{"type":"string","description_kind":"plain","optional":true},"group_access":{"type":"number","description_kind":"plain","optional":true},"other_access":{"type":"number","description_kind":"plain","optional":true},"owner":{"type":"string","description_kind":"plain","optional":true},"owner_access":{"type":"number","description_kind":"plain","optional":true}},"description_kind":"plain"}},"uuid":{"nesting_mode":"list","block":{"attributes":{"uuid_lslong":{"type":"number","description_kind":"plain","optional":true},"uuid_mslong":{"type":"number","description_kind":"plain","optional":true}},"description_kind":"plain"},"min_items":1}},"description_kind":"plain"}},"perms2":{"nesting_mode":"list","block":{"attributes":{"global_access":{"type":"number","description_kind":"plain","optional":true},"owner":{"type":"string","description_kind":"plain","required":true},"owner_access":{"type":"number","description_kind":"plain","required":true}},"block_types":{"share":{"nesting_mode":"list","block":{"attributes":{"tenant":{"type":"string","description_kind":"plain","required":true},"tenant_access":{"type":"number","description_kind":"plain","required":true}},"description_kind":"plain"}}},"description_kind":"plain"}}},"description_kind":"plain"}},"contrail_application_policy_set_refs":{"version":0,"block":{"attributes":{"id":{"type":"string","description_kind":"plain","optional":true,"computed":true},"uuid":{"type":"string","description_kind":"plain","required":true}},"block_types":{"firewall_policy_refs":{"nesting_mode":"list","block":{"attributes":{"to":{"type":"string","description_kind":"plain","required":true}},"block_types":{"attr":{"nesting_mode":"list","block":{"attributes":{"sequence":{"type":"string","description_kind":"plain","required":true}},"description_kind":"plain"},"min_items":1}},"description_kind":"plain"}},"global_vrouter_config_refs":{"nesting_mode":"list","block":{"attributes":{"to":{"type":"string","description_kind":"plain","required":true}},"description_kind":"plain"}},"tag_refs":{"nesting_mode":"list","block":{"attributes":{"to":{"type":"string","description_kind":"plain","required":true}},"description_kind":"plain"}}},"description_kind":"plain"}},"contrail_bgp_as_a_service":{"version":0,"block":{"attributes":{"autonomous_system":{"type":"number","description_kind":"plain","optional":true},"bgpaas_ip_address":{"type":"string","description_kind":"plain","optional":true},"bgpaas_ipv4_mapped_ipv6_nexthop":{"type":"bool","description_kind":"plain","optional":true},"bgpaas_session_attributes":{"type":"string","description_kind":"plain","optional":true},"bgpaas_shared":{"type":"bool","description_kind":"plain","optional":true},"bgpaas_suppress_route_advertisement":{"type":"bool","description_kind":"plain","optional":true},"display_name":{"type":"string","description_kind":"plain","optional":true},"id":{"type":"string","description_kind":"plain","optional":true,"computed":true},"name":{"type":"string","description_kind":"plain","required":true},"parent_uuid":{"type":"string","description_kind":"plain","optional":true}},"block_types":{"annotations":{"nesting_mode":"list","block":{"block_types":{"key_value_pair":{"nesting_mode":"list","block":{"attributes":{"key":{"type":"string","description_kind":"plain","optional":true},"value":{"type":"string","description_kind":"plain","optional":true}},"description_kind":"plain"}}},"description_kind":"plain"}},"id_perms":{"nesting_mode":"list","block":{"attributes":{"created":{"type":"string","description_kind":"plain","optional":true},"creator":{"type":"string","description_kind":"plain","optional":true},"description":{"type":"string","description_kind":"plain","optional":true},"enable":{"type":"bool","description_kind":"plain","required":true},"last_modified":{"type":"string","description_kind":"plain","optional":true},"user_visible":{"type":"bool","description_kind":"plain","optional":true}},"block_types":{"permissions":{"nesting_mode":"list","block":{"attributes":{"group":{"type":"string","description_kind":"plain","optional":true},"group_access":{"type":"number","description_kind":"plain","optional":true},"other_access":{"type":"number","description_kind":"plain","optional":true},"owner":{"type":"string","description_kind":"plain","optional":true},"owner_access":{"type":"number","description_kind":"plain","optional":true}},"description_kind":"plain"}},"uuid":{"nesting_mode":"list","block":{"attributes":{"uuid_lslong":{"type":"number","description_kind":"plain","optional":true},"uuid_mslong":{"type":"number","description_kind":"plain","optional":true}},"description_kind":"plain"},"min_items":1}},"description_kind":"plain"}},"perms2":{"nesting_mode":"list","block":{"attributes":{"global_access":{"type":"number","description_kind":"plain","optional":true},"owner":{"type":"string","description_kind":"plain","required":true},"owner_access":{"type":"number","description_kind":"plain","required":true}},"block_types":{"share":{"nesting_mode":"list","block":{"attributes":{"tenant":{"type":"string","description_kind":"plain","required":true},"tenant_access":{"type":"number","description_kind":"plain","required":true}},"description_kind":"plain"}}},"description_kind":"plain"}},"virtual_machine_interface_refs":{"nesting_mode":"list","block":{"attributes":{"to":{"type":"string","description_kind":"plain","required":true}},"description_kind":"plain"}}},"description_kind":"plain"}},"contrail_bgp_as_a_service_refs":{"version":0,"block":{"attributes":{"id":{"type":"string","description_kind":"plain","optional":true,"computed":true},"uuid":{"type":"string","description_kind":"plain","required":true}},"block_types":{"service_health_check_refs":{"nesting_mode":"list","block":{"attributes":{"to":{"type":"string","description_kind":"plain","required":true}},"description_kind":"plain"}},"tag_refs":{"nesting_mode":"list","block":{"attributes":{"to":{"type":"string","description_kind":"plain","required":true}},"description_kind":"plain"}}},"description_kind":"plain"}},"contrail_bgp_router":{"version":0,"block":{"attributes":{"display_name":{"type":"string","description_kind":"plain","optional":true},"id":{"type":"string","description_kind":"plain","optional":true,"computed":true},"name":{"type":"string","description_kind":"plain","required":true},"parent_uuid":{"type":"string","description_kind":"plain","optional":true}},"block_types":{"annotations":{"nesting_mode":"list","block":{"block_types":{"key_value_pair":{"nesting_mode":"list","block":{"attributes":{"key":{"type":"string","description_kind":"plain","optional":true},"value":{"type":"string","description_kind":"plain","optional":true}},"description_kind":"plain"}}},"description_kind":"plain"}},"id_perms":{"nesting_mode":"list","block":{"attributes":{"created":{"type":"string","description_kind":"plain","optional":true},"creator":{"type":"string","description_kind":"plain","optional":true},"description":{"type":"string","description_kind":"plain","optional":true},"enable":{"type":"bool","description_kind":"plain","required":true},"last_modified":{"type":"string","description_kind":"plain","optional":true},"user_visible":{"type":"bool","description_kind":"plain","optional":true}},"block_types":{"permissions":{"nesting_mode":"list","block":{"attributes":{"group":{"type":"string","description_kind":"plain","optional":true},"group_access":{"type":"number","description_kind":"plain","optional":true},"other_access":{"type":"number","description_kind":"plain","optional":true},"owner":{"type":"string","description_kind":"plain","optional":true},"owner_access":{"type":"number","description_kind":"plain","optional":true}},"description_kind":"plain"}},"uuid":{"nesting_mode":"list","block":{"attributes":{"uuid_lslong":{"type":"number","description_kind":"plain","optional":true},"uuid_mslong":{"type":"number","description_kind":"plain","optional":true}},"description_kind":"plain"},"min_items":1}},"description_kind":"plain"}},"perms2":{"nesting_mode":"list","block":{"attributes":{"global_access":{"type":"number","description_kind":"plain","optional":true},"owner":{"type":"string","description_kind":"plain","required":true},"owner_access":{"type":"number","description_kind":"plain","required":true}},"block_types":{"share":{"nesting_mode":"list","block":{"attributes":{"tenant":{"type":"string","description_kind":"plain","required":true},"tenant_access":{"type":"number","description_kind":"plain","required":true}},"description_kind":"plain"}}},"description_kind":"plain"}}},"description_kind":"plain"}},"contrail_bgp_router_refs":{"version":0,"block":{"attributes":{"id":{"type":"string","description_kind":"plain","optional":true,"computed":true},"uuid":{"type":"string","description_kind":"plain","required":true}},"block_types":{"tag_refs":{"nesting_mode":"list","block":{"attributes":{"to":{"type":"string","description_kind":"plain","required":true}},"description_kind":"plain"}}},"description_kind":"plain"}},"contrail_bgpvpn":{"version":0,"block":{"attributes":{"bgpvpn_type":{"type":"string","description_kind":"plain","optional":true},"display_name":{"type":"string","description_kind":"plain","optional":true},"id":{"type":"string","description_kind":"plain","optional":true,"computed":true},"name":{"type":"string","description_kind":"plain","required":true},"parent_uuid":{"type":"string","description_kind":"plain","optional":true}},"block_types":{"annotations":{"nesting_mode":"list","block":{"block_types":{"key_value_pair":{"nesting_mode":"list","block":{"attributes":{"key":{"type":"string","description_kind":"plain","optional":true},"value":{"type":"string","description_kind":"plain","optional":true}},"description_kind":"plain"}}},"description_kind":"plain"}},"export_route_target_list":{"nesting_mode":"list","block":{"attributes":{"route_target":{"type":["list","string"],"description_kind":"plain","optional":true}},"description_kind":"plain"}},"id_perms":{"nesting_mode":"list","block":{"attributes":{"created":{"type":"string","description_kind":"plain","optional":true},"creator":{"type":"string","description_kind":"plain","optional":true},"description":{"type":"string","description_kind":"plain","optional":true},"enable":{"type":"bool","description_kind":"plain","required":true},"last_modified":{"type":"string","description_kind":"plain","optional":true},"user_visible":{"type":"bool","description_kind":"plain","optional":true}},"block_types":{"permissions":{"nesting_mode":"list","block":{"attributes":{"group":{"type":"string","description_kind":"plain","optional":true},"group_access":{"type":"number","description_kind":"plain","optional":true},"other_access":{"type":"number","description_kind":"plain","optional":true},"owner":{"type":"string","description_kind":"plain","optional":true},"owner_access":{"type":"number","description_kind":"plain","optional":true}},"description_kind":"plain"}},"uuid":{"nesting_mode":"list","block":{"attributes":{"uuid_lslong":{"type":"number","description_kind":"plain","optional":true},"uuid_mslong":{"type":"number","description_kind":"plain","optional":true}},"description_kind":"plain"},"min_items":1}},"description_kind":"plain"}},"import_route_target_list":{"nesting_mode":"list","block":{"attributes":{"route_target":{"type":["list","string"],"description_kind":"plain","optional":true}},"description_kind":"plain"}},"perms2":{"nesting_mode":"list","block":{"attributes":{"global_access":{"type":"number","description_kind":"plain","optional":true},"owner":{"type":"string","description_kind":"plain","required":true},"owner_access":{"type":"number","description_kind":"plain","required":true}},"block_types":{"share":{"nesting_mode":"list","block":{"attributes":{"tenant":{"type":"string","description_kind":"plain","required":true},"tenant_access":{"type":"number","description_kind":"plain","required":true}},"description_kind":"plain"}}},"description_kind":"plain"}},"route_target_list":{"nesting_mode":"list","block":{"attributes":{"route_target":{"type":["list","string"],"description_kind":"plain","optional":true}},"description_kind":"plain"}}},"description_kind":"plain"}},"contrail_bgpvpn_refs":{"version":0,"block":{"attributes":{"id":{"type":"string","description_kind":"plain","optional":true,"computed":true},"uuid":{"type":"string","description_kind":"plain","required":true}},"block_types":{"tag_refs":{"nesting_mode":"list","block":{"attributes":{"to":{"type":"string","description_kind":"plain","required":true}},"description_kind":"plain"}}},"description_kind":"plain"}},"contrail_bridge_domain":{"version":0,"block":{"attributes":{"display_name":{"type":"string","description_kind":"plain","optional":true},"id":{"type":"string","description_kind":"plain","optional":true,"computed":true},"isid":{"type":"number","description_kind":"plain","optional":true},"mac_aging_time":{"type":"number","description_kind":"plain","optional":true},"mac_learning_enabled":{"type":"bool","description_kind":"plain","optional":true},"name":{"type":"string","description_kind":"plain","required":true},"parent_uuid":{"type":"string","description_kind":"plain","optional":true}},"block_types":{"annotations":{"nesting_mode":"list","block":{"block_types":{"key_value_pair":{"nesting_mode":"list","block":{"attributes":{"key":{"type":"string","description_kind":"plain","optional":true},"value":{"type":"string","description_kind":"plain","optional":true}},"description_kind":"plain"}}},"description_kind":"plain"}},"id_perms":{"nesting_mode":"list","block":{"attributes":{"created":{"type":"string","description_kind":"plain","optional":true},"creator":{"type":"string","description_kind":"plain","optional":true},"description":{"type":"string","description_kind":"plain","optional":true},"enable":{"type":"bool","description_kind":"plain","required":true},"last_modified":{"type":"string","description_kind":"plain","optional":true},"user_visible":{"type":"bool","description_kind":"plain","optional":true}},"block_types":{"permissions":{"nesting_mode":"list","block":{"attributes":{"group":{"type":"string","description_kind":"plain","optional":true},"group_access":{"type":"number","description_kind":"plain","optional":true},"other_access":{"type":"number","description_kind":"plain","optional":true},"owner":{"type":"string","description_kind":"plain","optional":true},"owner_access":{"type":"number","description_kind":"plain","optional":true}},"description_kind":"plain"}},"uuid":{"nesting_mode":"list","block":{"attributes":{"uuid_lslong":{"type":"number","description_kind":"plain","optional":true},"uuid_mslong":{"type":"number","description_kind":"plain","optional":true}},"description_kind":"plain"},"min_items":1}},"description_kind":"plain"}},"mac_limit_control":{"nesting_mode":"list","block":{"attributes":{"mac_limit":{"type":"number","description_kind":"plain","required":true},"mac_limit_action":{"type":"string","description_kind":"plain","optional":true}},"description_kind":"plain"}},"mac_move_control":{"nesting_mode":"list","block":{"attributes":{"mac_move_limit":{"type":"number","description_kind":"plain","required":true},"mac_move_limit_action":{"type":"string","description_kind":"plain","optional":true},"mac_move_time_window":{"type":"number","description_kind":"plain","required":true}},"description_kind":"plain"}},"perms2":{"nesting_mode":"list","block":{"attributes":{"global_access":{"type":"number","description_kind":"plain","optional":true},"owner":{"type":"string","description_kind":"plain","required":true},"owner_access":{"type":"number","description_kind":"plain","required":true}},"block_types":{"share":{"nesting_mode":"list","block":{"attributes":{"tenant":{"type":"string","description_kind":"plain","required":true},"tenant_access":{"type":"number","description_kind":"plain","required":true}},"description_kind":"plain"}}},"description_kind":"plain"}}},"description_kind":"plain"}},"contrail_bridge_domain_refs":{"version":0,"block":{"attributes":{"id":{"type":"string","description_kind":"plain","optional":true,"computed":true},"uuid":{"type":"string","description_kind":"plain","required":true}},"block_types":{"tag_refs":{"nesting_mode":"list","block":{"attributes":{"to":{"type":"string","description_kind":"plain","required":true}},"description_kind":"plain"}}},"description_kind":"plain"}},"contrail_config_node":{"version":0,"block":{"attributes":{"config_node_ip_address":{"type":"string","description_kind":"plain","optional":true},"display_name":{"type":"string","description_kind":"plain","optional":true},"id":{"type":"string","description_kind":"plain","optional":true,"computed":true},"name":{"type":"string","description_kind":"plain","required":true},"parent_uuid":{"type":"string","description_kind":"plain","optional":true}},"block_types":{"annotations":{"nesting_mode":"list","block":{"block_types":{"key_value_pair":{"nesting_mode":"list","block":{"attributes":{"key":{"type":"string","description_kind":"plain","optional":true},"value":{"type":"string","description_kind":"plain","optional":true}},"description_kind":"plain"}}},"description_kind":"plain"}},"id_perms":{"nesting_mode":"list","block":{"attributes":{"created":{"type":"string","description_kind":"plain","optional":true},"creator":{"type":"string","description_kind":"plain","optional":true},"description":{"type":"string","description_kind":"plain","optional":true},"enable":{"type":"bool","description_kind":"plain","required":true},"last_modified":{"type":"string","description_kind":"plain","optional":true},"user_visible":{"type":"bool","description_kind":"plain","optional":true}},"block_types":{"permissions":{"nesting_mode":"list","block":{"attributes":{"group":{"type":"string","description_kind":"plain","optional":true},"group_access":{"type":"number","description_kind":"plain","optional":true},"other_access":{"type":"number","description_kind":"plain","optional":true},"owner":{"type":"string","description_kind":"plain","optional":true},"owner_access":{"type":"number","description_kind":"plain","optional":true}},"description_kind":"plain"}},"uuid":{"nesting_mode":"list","block":{"attributes":{"uuid_lslong":{"type":"number","description_kind":"plain","optional":true},"uuid_mslong":{"type":"number","description_kind":"plain","optional":true}},"description_kind":"plain"},"min_items":1}},"description_kind":"plain"}},"perms2":{"nesting_mode":"list","block":{"attributes":{"global_access":{"type":"number","description_kind":"plain","optional":true},"owner":{"type":"string","description_kind":"plain","required":true},"owner_access":{"type":"number","description_kind":"plain","required":true}},"block_types":{"share":{"nesting_mode":"list","block":{"attributes":{"tenant":{"type":"string","description_kind":"plain","required":true},"tenant_access":{"type":"number","description_kind":"plain","required":true}},"description_kind":"plain"}}},"description_kind":"plain"}}},"description_kind":"plain"}},"contrail_config_node_refs":{"version":0,"block":{"attributes":{"id":{"type":"string","description_kind":"plain","optional":true,"computed":true},"uuid":{"type":"string","description_kind":"plain","required":true}},"block_types":{"tag_refs":{"nesting_mode":"list","block":{"attributes":{"to":{"type":"string","description_kind":"plain","required":true}},"description_kind":"plain"}}},"description_kind":"plain"}},"contrail_config_root":{"version":0,"block":{"attributes":{"display_name":{"type":"string","description_kind":"plain","optional":true},"id":{"type":"string","description_kind":"plain","optional":true,"computed":true},"name":{"type":"string","description_kind":"plain","required":true},"parent_uuid":{"type":"string","description_kind":"plain","optional":true}},"block_types":{"annotations":{"nesting_mode":"list","block":{"block_types":{"key_value_pair":{"nesting_mode":"list","block":{"attributes":{"key":{"type":"string","description_kind":"plain","optional":true},"value":{"type":"string","description_kind":"plain","optional":true}},"description_kind":"plain"}}},"description_kind":"plain"}},"id_perms":{"nesting_mode":"list","block":{"attributes":{"created":{"type":"string","description_kind":"plain","optional":true},"creator":{"type":"string","description_kind":"plain","optional":true},"description":{"type":"string","description_kind":"plain","optional":true},"enable":{"type":"bool","description_kind":"plain","required":true},"last_modified":{"type":"string","description_kind":"plain","optional":true},"user_visible":{"type":"bool","description_kind":"plain","optional":true}},"block_types":{"permissions":{"nesting_mode":"list","block":{"attributes":{"group":{"type":"string","description_kind":"plain","optional":true},"group_access":{"type":"number","description_kind":"plain","optional":true},"other_access":{"type":"number","description_kind":"plain","optional":true},"owner":{"type":"string","description_kind":"plain","optional":true},"owner_access":{"type":"number","description_kind":"plain","optional":true}},"description_kind":"plain"}},"uuid":{"nesting_mode":"list","block":{"attributes":{"uuid_lslong":{"type":"number","description_kind":"plain","optional":true},"uuid_mslong":{"type":"number","description_kind":"plain","optional":true}},"description_kind":"plain"},"min_items":1}},"description_kind":"plain"}},"perms2":{"nesting_mode":"list","block":{"attributes":{"global_access":{"type":"number","description_kind":"plain","optional":true},"owner":{"type":"string","description_kind":"plain","required":true},"owner_access":{"type":"number","description_kind":"plain","required":true}},"block_types":{"share":{"nesting_mode":"list","block":{"attributes":{"tenant":{"type":"string","description_kind":"plain","required":true},"tenant_access":{"type":"number","description_kind":"plain","required":true}},"description_kind":"plain"}}},"description_kind":"plain"}}},"description_kind":"plain"}},"contrail_config_root_refs":{"version":0,"block":{"attributes":{"id":{"type":"string","description_kind":"plain","optional":true,"computed":true},"uuid":{"type":"string","description_kind":"plain","required":true}},"block_types":{"tag_refs":{"nesting_mode":"list","block":{"attributes":{"to":{"type":"string","description_kind":"plain","required":true}},"description_kind":"plain"}}},"description_kind":"plain"}},"contrail_customer_attachment":{"version":0,"block":{"attributes":{"display_name":{"type":"string","description_kind":"plain","optional":true},"id":{"type":"string","description_kind":"plain","optional":true,"computed":true},"name":{"type":"string","description_kind":"plain","required":true},"parent_uuid":{"type":"string","description_kind":"plain","optional":true}},"block_types":{"annotations":{"nesting_mode":"list","block":{"block_types":{"key_value_pair":{"nesting_mode":"list","block":{"attributes":{"key":{"type":"string","description_kind":"plain","optional":true},"value":{"type":"string","description_kind":"plain","optional":true}},"description_kind":"plain"}}},"description_kind":"plain"}},"id_perms":{"nesting_mode":"list","block":{"attributes":{"created":{"type":"string","description_kind":"plain","optional":true},"creator":{"type":"string","description_kind":"plain","optional":true},"description":{"type":"string","description_kind":"plain","optional":true},"enable":{"type":"bool","description_kind":"plain","required":true},"last_modified":{"type":"string","description_kind":"plain","optional":true},"user_visible":{"type":"bool","description_kind":"plain","optional":true}},"block_types":{"permissions":{"nesting_mode":"list","block":{"attributes":{"group":{"type":"string","description_kind":"plain","optional":true},"group_access":{"type":"number","description_kind":"plain","optional":true},"other_access":{"type":"number","description_kind":"plain","optional":true},"owner":{"type":"string","description_kind":"plain","optional":true},"owner_access":{"type":"number","description_kind":"plain","optional":true}},"description_kind":"plain"}},"uuid":{"nesting_mode":"list","block":{"attributes":{"uuid_lslong":{"type":"number","description_kind":"plain","optional":true},"uuid_mslong":{"type":"number","description_kind":"plain","optional":true}},"description_kind":"plain"},"min_items":1}},"description_kind":"plain"}},"perms2":{"nesting_mode":"list","block":{"attributes":{"global_access":{"type":"number","description_kind":"plain","optional":true},"owner":{"type":"string","description_kind":"plain","required":true},"owner_access":{"type":"number","description_kind":"plain","required":true}},"block_types":{"share":{"nesting_mode":"list","block":{"attributes":{"tenant":{"type":"string","description_kind":"plain","required":true},"tenant_access":{"type":"number","description_kind":"plain","required":true}},"description_kind":"plain"}}},"description_kind":"plain"}}},"description_kind":"plain"}},"contrail_customer_attachment_refs":{"version":0,"block":{"attributes":{"id":{"type":"string","description_kind":"plain","optional":true,"computed":true},"uuid":{"type":"string","description_kind":"plain","required":true}},"block_types":{"floating_ip_refs":{"nesting_mode":"list","block":{"attributes":{"to":{"type":"string","description_kind":"plain","required":true}},"description_kind":"plain"}},"tag_refs":{"nesting_mode":"list","block":{"attributes":{"to":{"type":"string","description_kind":"plain","required":true}},"description_kind":"plain"}},"virtual_machine_interface_refs":{"nesting_mode":"list","block":{"attributes":{"to":{"type":"string","description_kind":"plain","required":true}},"description_kind":"plain"}}},"description_kind":"plain"}},"contrail_database_node":{"version":0,"block":{"attributes":{"database_node_ip_address":{"type":"string","description_kind":"plain","optional":true},"display_name":{"type":"string","description_kind":"plain","optional":true},"id":{"type":"string","description_kind":"plain","optional":true,"computed":true},"name":{"type":"string","description_kind":"plain","required":true},"parent_uuid":{"type":"string","description_kind":"plain","optional":true}},"block_types":{"annotations":{"nesting_mode":"list","block":{"block_types":{"key_value_pair":{"nesting_mode":"list","block":{"attributes":{"key":{"type":"string","description_kind":"plain","optional":true},"value":{"type":"string","description_kind":"plain","optional":true}},"description_kind":"plain"}}},"description_kind":"plain"}},"id_perms":{"nesting_mode":"list","block":{"attributes":{"created":{"type":"string","description_kind":"plain","optional":true},"creator":{"type":"string","description_kind":"plain","optional":true},"description":{"type":"string","description_kind":"plain","optional":true},"enable":{"type":"bool","description_kind":"plain","required":true},"last_modified":{"type":"string","description_kind":"plain","optional":true},"user_visible":{"type":"bool","description_kind":"plain","optional":true}},"block_types":{"permissions":{"nesting_mode":"list","block":{"attributes":{"group":{"type":"string","description_kind":"plain","optional":true},"group_access":{"type":"number","description_kind":"plain","optional":true},"other_access":{"type":"number","description_kind":"plain","optional":true},"owner":{"type":"string","description_kind":"plain","optional":true},"owner_access":{"type":"number","description_kind":"plain","optional":true}},"description_kind":"plain"}},"uuid":{"nesting_mode":"list","block":{"attributes":{"uuid_lslong":{"type":"number","description_kind":"plain","optional":true},"uuid_mslong":{"type":"number","description_kind":"plain","optional":true}},"description_kind":"plain"},"min_items":1}},"description_kind":"plain"}},"perms2":{"nesting_mode":"list","block":{"attributes":{"global_access":{"type":"number","description_kind":"plain","optional":true},"owner":{"type":"string","description_kind":"plain","required":true},"owner_access":{"type":"number","description_kind":"plain","required":true}},"block_types":{"share":{"nesting_mode":"list","block":{"attributes":{"tenant":{"type":"string","description_kind":"plain","required":true},"tenant_access":{"type":"number","description_kind":"plain","required":true}},"description_kind":"plain"}}},"description_kind":"plain"}}},"description_kind":"plain"}},"contrail_database_node_refs":{"version":0,"block":{"attributes":{"id":{"type":"string","description_kind":"plain","optional":true,"computed":true},"uuid":{"type":"string","description_kind":"plain","required":true}},"block_types":{"tag_refs":{"nesting_mode":"list","block":{"attributes":{"to":{"type":"string","description_kind":"plain","required":true}},"description_kind":"plain"}}},"description_kind":"plain"}},"contrail_discovery_service_assignment":{"version":0,"block":{"attributes":{"display_name":{"type":"string","description_kind":"plain","optional":true},"id":{"type":"string","description_kind":"plain","optional":true,"computed":true},"name":{"type":"string","description_kind":"plain","required":true},"parent_uuid":{"type":"string","description_kind":"plain","optional":true}},"block_types":{"annotations":{"nesting_mode":"list","block":{"block_types":{"key_value_pair":{"nesting_mode":"list","block":{"attributes":{"key":{"type":"string","description_kind":"plain","optional":true},"value":{"type":"string","description_kind":"plain","optional":true}},"description_kind":"plain"}}},"description_kind":"plain"}},"id_perms":{"nesting_mode":"list","block":{"attributes":{"created":{"type":"string","description_kind":"plain","optional":true},"creator":{"type":"string","description_kind":"plain","optional":true},"description":{"type":"string","description_kind":"plain","optional":true},"enable":{"type":"bool","description_kind":"plain","required":true},"last_modified":{"type":"string","description_kind":"plain","optional":true},"user_visible":{"type":"bool","description_kind":"plain","optional":true}},"block_types":{"permissions":{"nesting_mode":"list","block":{"attributes":{"group":{"type":"string","description_kind":"plain","optional":true},"group_access":{"type":"number","description_kind":"plain","optional":true},"other_access":{"type":"number","description_kind":"plain","optional":true},"owner":{"type":"string","description_kind":"plain","optional":true},"owner_access":{"type":"number","description_kind":"plain","optional":true}},"description_kind":"plain"}},"uuid":{"nesting_mode":"list","block":{"attributes":{"uuid_lslong":{"type":"number","description_kind":"plain","optional":true},"uuid_mslong":{"type":"number","description_kind":"plain","optional":true}},"description_kind":"plain"},"min_items":1}},"description_kind":"plain"}},"perms2":{"nesting_mode":"list","block":{"attributes":{"global_access":{"type":"number","description_kind":"plain","optional":true},"owner":{"type":"string","description_kind":"plain","required":true},"owner_access":{"type":"number","description_kind":"plain","required":true}},"block_types":{"share":{"nesting_mode":"list","block":{"attributes":{"tenant":{"type":"string","description_kind":"plain","required":true},"tenant_access":{"type":"number","description_kind":"plain","required":true}},"description_kind":"plain"}}},"description_kind":"plain"}}},"description_kind":"plain"}},"contrail_discovery_service_assignment_refs":{"version":0,"block":{"attributes":{"id":{"type":"string","description_kind":"plain","optional":true,"computed":true},"uuid":{"type":"string","description_kind":"plain","required":true}},"block_types":{"tag_refs":{"nesting_mode":"list","block":{"attributes":{"to":{"type":"string","description_kind":"plain","required":true}},"description_kind":"plain"}}},"description_kind":"plain"}},"contrail_domain":{"version":0,"block":{"attributes":{"display_name":{"type":"string","description_kind":"plain","optional":true},"id":{"type":"string","description_kind":"plain","optional":true,"computed":true},"name":{"type":"string","description_kind":"plain","required":true},"parent_uuid":{"type":"string","description_kind":"plain","optional":true}},"block_types":{"annotations":{"nesting_mode":"list","block":{"block_types":{"key_value_pair":{"nesting_mode":"list","block":{"attributes":{"key":{"type":"string","description_kind":"plain","optional":true},"value":{"type":"string","description_kind":"plain","optional":true}},"description_kind":"plain"}}},"description_kind":"plain"}},"domain_limits":{"nesting_mode":"list","block":{"attributes":{"project_limit":{"type":"number","description_kind":"plain","optional":true},"security_group_limit":{"type":"number","description_kind":"plain","optional":true},"virtual_network_limit":{"type":"number","description_kind":"plain","optional":true}},"description_kind":"plain"}},"id_perms":{"nesting_mode":"list","block":{"attributes":{"created":{"type":"string","description_kind":"plain","optional":true},"creator":{"type":"string","description_kind":"plain","optional":true},"description":{"type":"string","description_kind":"plain","optional":true},"enable":{"type":"bool","description_kind":"plain","required":true},"last_modified":{"type":"string","description_kind":"plain","optional":true},"user_visible":{"type":"bool","description_kind":"plain","optional":true}},"block_types":{"permissions":{"nesting_mode":"list","block":{"attributes":{"group":{"type":"string","description_kind":"plain","optional":true},"group_access":{"type":"number","description_kind":"plain","optional":true},"other_access":{"type":"number","description_kind":"plain","optional":true},"owner":{"type":"string","description_kind":"plain","optional":true},"owner_access":{"type":"number","description_kind":"plain","optional":true}},"description_kind":"plain"}},"uuid":{"nesting_mode":"list","block":{"attributes":{"uuid_lslong":{"type":"number","description_kind":"plain","optional":true},"uuid_mslong":{"type":"number","description_kind":"plain","optional":true}},"description_kind":"plain"},"min_items":1}},"description_kind":"plain"}},"perms2":{"nesting_mode":"list","block":{"attributes":{"global_access":{"type":"number","description_kind":"plain","optional":true},"owner":{"type":"string","description_kind":"plain","required":true},"owner_access":{"type":"number","description_kind":"plain","required":true}},"block_types":{"share":{"nesting_mode":"list","block":{"attributes":{"tenant":{"type":"string","description_kind":"plain","required":true},"tenant_access":{"type":"number","description_kind":"plain","required":true}},"description_kind":"plain"}}},"description_kind":"plain"}}},"description_kind":"plain"}},"contrail_domain_refs":{"version":0,"block":{"attributes":{"id":{"type":"string","description_kind":"plain","optional":true,"computed":true},"uuid":{"type":"string","description_kind":"plain","required":true}},"block_types":{"tag_refs":{"nesting_mode":"list","block":{"attributes":{"to":{"type":"string","description_kind":"plain","required":true}},"description_kind":"plain"}}},"description_kind":"plain"}},"contrail_dsa_rule":{"version":0,"block":{"attributes":{"display_name":{"type":"string","description_kind":"plain","optional":true},"id":{"type":"string","description_kind":"plain","optional":true,"computed":true},"name":{"type":"string","description_kind":"plain","required":true},"parent_uuid":{"type":"string","description_kind":"plain","optional":true}},"block_types":{"annotations":{"nesting_mode":"list","block":{"block_types":{"key_value_pair":{"nesting_mode":"list","block":{"attributes":{"key":{"type":"string","description_kind":"plain","optional":true},"value":{"type":"string","description_kind":"plain","optional":true}},"description_kind":"plain"}}},"description_kind":"plain"}},"dsa_rule_entry":{"nesting_mode":"list","block":{"block_types":{"publisher":{"nesting_mode":"list","block":{"attributes":{"ep_id":{"type":"string","description_kind":"plain","optional":true},"ep_type":{"type":"string","description_kind":"plain","required":true},"ep_version":{"type":"string","description_kind":"plain","optional":true}},"block_types":{"ep_prefix":{"nesting_mode":"list","block":{"attributes":{"ip_prefix":{"type":"string","description_kind":"plain","optional":true},"ip_prefix_len":{"type":"number","description_kind":"plain","optional":true}},"description_kind":"plain"}}},"description_kind":"plain"},"min_items":1},"subscriber":{"nesting_mode":"list","block":{"attributes":{"ep_id":{"type":"string","description_kind":"plain","optional":true},"ep_type":{"type":"string","description_kind":"plain","required":true},"ep_version":{"type":"string","description_kind":"plain","optional":true}},"block_types":{"ep_prefix":{"nesting_mode":"list","block":{"attributes":{"ip_prefix":{"type":"string","description_kind":"plain","optional":true},"ip_prefix_len":{"type":"number","description_kind":"plain","optional":true}},"description_kind":"plain"}}},"description_kind":"plain"},"min_items":1}},"description_kind":"plain"}},"id_perms":{"nesting_mode":"list","block":{"attributes":{"created":{"type":"string","description_kind":"plain","optional":true},"creator":{"type":"string","description_kind":"plain","optional":true},"description":{"type":"string","description_kind":"plain","optional":true},"enable":{"type":"bool","description_kind":"plain","required":true},"last_modified":{"type":"string","description_kind":"plain","optional":true},"user_visible":{"type":"bool","description_kind":"plain","optional":true}},"block_types":{"permissions":{"nesting_mode":"list","block":{"attributes":{"group":{"type":"string","description_kind":"plain","optional":true},"group_access":{"type":"number","description_kind":"plain","optional":true},"other_access":{"type":"number","description_kind":"plain","optional":true},"owner":{"type":"string","description_kind":"plain","optional":true},"owner_access":{"type":"number","description_kind":"plain","optional":true}},"description_kind":"plain"}},"uuid":{"nesting_mode":"list","block":{"attributes":{"uuid_lslong":{"type":"number","description_kind":"plain","optional":true},"uuid_mslong":{"type":"number","description_kind":"plain","optional":true}},"description_kind":"plain"},"min_items":1}},"description_kind":"plain"}},"perms2":{"nesting_mode":"list","block":{"attributes":{"global_access":{"type":"number","description_kind":"plain","optional":true},"owner":{"type":"string","description_kind":"plain","required":true},"owner_access":{"type":"number","description_kind":"plain","required":true}},"block_types":{"share":{"nesting_mode":"list","block":{"attributes":{"tenant":{"type":"string","description_kind":"plain","required":true},"tenant_access":{"type":"number","description_kind":"plain","required":true}},"description_kind":"plain"}}},"description_kind":"plain"}}},"description_kind":"plain"}},"contrail_dsa_rule_refs":{"version":0,"block":{"attributes":{"id":{"type":"string","description_kind":"plain","optional":true,"computed":true},"uuid":{"type":"string","description_kind":"plain","required":true}},"block_types":{"tag_refs":{"nesting_mode":"list","block":{"attributes":{"to":{"type":"string","description_kind":"plain","required":true}},"description_kind":"plain"}}},"description_kind":"plain"}},"contrail_e2_service_provider":{"version":0,"block":{"attributes":{"display_name":{"type":"string","description_kind":"plain","optional":true},"e2_service_provider_promiscuous":{"type":"bool","description_kind":"plain","optional":true},"id":{"type":"string","description_kind":"plain","optional":true,"computed":true},"name":{"type":"string","description_kind":"plain","required":true},"parent_uuid":{"type":"string","description_kind":"plain","optional":true}},"block_types":{"annotations":{"nesting_mode":"list","block":{"block_types":{"key_value_pair":{"nesting_mode":"list","block":{"attributes":{"key":{"type":"string","description_kind":"plain","optional":true},"value":{"type":"string","description_kind":"plain","optional":true}},"description_kind":"plain"}}},"description_kind":"plain"}},"id_perms":{"nesting_mode":"list","block":{"attributes":{"created":{"type":"string","description_kind":"plain","optional":true},"creator":{"type":"string","description_kind":"plain","optional":true},"description":{"type":"string","description_kind":"plain","optional":true},"enable":{"type":"bool","description_kind":"plain","required":true},"last_modified":{"type":"string","description_kind":"plain","optional":true},"user_visible":{"type":"bool","description_kind":"plain","optional":true}},"block_types":{"permissions":{"nesting_mode":"list","block":{"attributes":{"group":{"type":"string","description_kind":"plain","optional":true},"group_access":{"type":"number","description_kind":"plain","optional":true},"other_access":{"type":"number","description_kind":"plain","optional":true},"owner":{"type":"string","description_kind":"plain","optional":true},"owner_access":{"type":"number","description_kind":"plain","optional":true}},"description_kind":"plain"}},"uuid":{"nesting_mode":"list","block":{"attributes":{"uuid_lslong":{"type":"number","description_kind":"plain","optional":true},"uuid_mslong":{"type":"number","description_kind":"plain","optional":true}},"description_kind":"plain"},"min_items":1}},"description_kind":"plain"}},"perms2":{"nesting_mode":"list","block":{"attributes":{"global_access":{"type":"number","description_kind":"plain","optional":true},"owner":{"type":"string","description_kind":"plain","required":true},"owner_access":{"type":"number","description_kind":"plain","required":true}},"block_types":{"share":{"nesting_mode":"list","block":{"attributes":{"tenant":{"type":"string","description_kind":"plain","required":true},"tenant_access":{"type":"number","description_kind":"plain","required":true}},"description_kind":"plain"}}},"description_kind":"plain"}}},"description_kind":"plain"}},"contrail_e2_service_provider_refs":{"version":0,"block":{"attributes":{"id":{"type":"string","description_kind":"plain","optional":true,"computed":true},"uuid":{"type":"string","description_kind":"plain","required":true}},"block_types":{"peering_policy_refs":{"nesting_mode":"list","block":{"attributes":{"to":{"type":"string","description_kind":"plain","required":true}},"description_kind":"plain"}},"physical_router_refs":{"nesting_mode":"list","block":{"attributes":{"to":{"type":"string","description_kind":"plain","required":true}},"description_kind":"plain"}},"tag_refs":{"nesting_mode":"list","block":{"attributes":{"to":{"type":"string","description_kind":"plain","required":true}},"description_kind":"plain"}}},"description_kind":"plain"}},"contrail_firewall_policy":{"version":0,"block":{"attributes":{"display_name":{"type":"string","description_kind":"plain","optional":true},"id":{"type":"string","description_kind":"plain","optional":true,"computed":true},"name":{"type":"string","description_kind":"plain","required":true},"parent_uuid":{"type":"string","description_kind":"plain","optional":true}},"block_types":{"annotations":{"nesting_mode":"list","block":{"block_types":{"key_value_pair":{"nesting_mode":"list","block":{"attributes":{"key":{"type":"string","description_kind":"plain","optional":true},"value":{"type":"string","description_kind":"plain","optional":true}},"description_kind":"plain"}}},"description_kind":"plain"}},"id_perms":{"nesting_mode":"list","block":{"attributes":{"created":{"type":"string","description_kind":"plain","optional":true},"creator":{"type":"string","description_kind":"plain","optional":true},"description":{"type":"string","description_kind":"plain","optional":true},"enable":{"type":"bool","description_kind":"plain","required":true},"last_modified":{"type":"string","description_kind":"plain","optional":true},"user_visible":{"type":"bool","description_kind":"plain","optional":true}},"block_types":{"permissions":{"nesting_mode":"list","block":{"attributes":{"group":{"type":"string","description_kind":"plain","optional":true},"group_access":{"type":"number","description_kind":"plain","optional":true},"other_access":{"type":"number","description_kind":"plain","optional":true},"owner":{"type":"string","description_kind":"plain","optional":true},"owner_access":{"type":"number","description_kind":"plain","optional":true}},"description_kind":"plain"}},"uuid":{"nesting_mode":"list","block":{"attributes":{"uuid_lslong":{"type":"number","description_kind":"plain","optional":true},"uuid_mslong":{"type":"number","description_kind":"plain","optional":true}},"description_kind":"plain"},"min_items":1}},"description_kind":"plain"}},"perms2":{"nesting_mode":"list","block":{"attributes":{"global_access":{"type":"number","description_kind":"plain","optional":true},"owner":{"type":"string","description_kind":"plain","required":true},"owner_access":{"type":"number","description_kind":"plain","required":true}},"block_types":{"share":{"nesting_mode":"list","block":{"attributes":{"tenant":{"type":"string","description_kind":"plain","required":true},"tenant_access":{"type":"number","description_kind":"plain","required":true}},"description_kind":"plain"}}},"description_kind":"plain"}}},"description_kind":"plain"}},"contrail_firewall_policy_refs":{"version":0,"block":{"attributes":{"id":{"type":"string","description_kind":"plain","optional":true,"computed":true},"uuid":{"type":"string","description_kind":"plain","required":true}},"block_types":{"firewall_rule_refs":{"nesting_mode":"list","block":{"attributes":{"to":{"type":"string","description_kind":"plain","required":true}},"block_types":{"attr":{"nesting_mode":"list","block":{"attributes":{"sequence":{"type":"string","description_kind":"plain","required":true}},"description_kind":"plain"},"min_items":1}},"description_kind":"plain"}},"security_logging_object_refs":{"nesting_mode":"list","block":{"attributes":{"to":{"type":"string","description_kind":"plain","required":true}},"block_types":{"attr":{"nesting_mode":"list","block":{"attributes":{"rate":{"type":"number","description_kind":"plain","optional":true}},"description_kind":"plain"},"min_items":1}},"description_kind":"plain"}},"tag_refs":{"nesting_mode":"list","block":{"attributes":{"to":{"type":"string","description_kind":"plain","required":true}},"description_kind":"plain"}}},"description_kind":"plain"}},"contrail_firewall_rule":{"version":0,"block":{"attributes":{"direction":{"type":"string","description_kind":"plain","optional":true},"display_name":{"type":"string","description_kind":"plain","optional":true},"id":{"type":"string","description_kind":"plain","optional":true,"computed":true},"name":{"type":"string","description_kind":"plain","required":true},"parent_uuid":{"type":"string","description_kind":"plain","optional":true}},"block_types":{"action_list":{"nesting_mode":"list","block":{"attributes":{"alert":{"type":"bool","description_kind":"plain","optional":true},"apply_service":{"type":["list","string"],"description_kind":"plain","optional":true},"assign_routing_instance":{"type":"string","description_kind":"plain","optional":true},"gateway_name":{"type":"string","description_kind":"plain","optional":true},"log":{"type":"bool","description_kind":"plain","optional":true},"qos_action":{"type":"string","description_kind":"plain","optional":true},"simple_action":{"type":"string","description_kind":"plain","required":true}},"block_types":{"mirror_to":{"nesting_mode":"list","block":{"attributes":{"analyzer_ip_address":{"type":"string","description_kind":"plain","required":true},"analyzer_mac_address":{"type":"string","description_kind":"plain","optional":true},"analyzer_name":{"type":"string","description_kind":"plain","optional":true},"encapsulation":{"type":"string","description_kind":"plain","optional":true},"juniper_header":{"type":"bool","description_kind":"plain","optional":true},"nh_mode":{"type":"string","description_kind":"plain","optional":true},"nic_assisted_mirroring":{"type":"bool","description_kind":"plain","optional":true},"nic_assisted_mirroring_vlan":{"type":"number","description_kind":"plain","optional":true},"routing_instance":{"type":"string","description_kind":"plain","required":true},"udp_port":{"type":"number","description_kind":"plain","optional":true}},"block_types":{"static_nh_header":{"nesting_mode":"list","block":{"attributes":{"vni":{"type":"number","description_kind":"plain","required":true},"vtep_dst_ip_address":{"type":"string","description_kind":"plain","required":true},"vtep_dst_mac_address":{"type":"string","description_kind":"plain","optional":true}},"description_kind":"plain"}}},"description_kind":"plain"}}},"description_kind":"plain"}},"annotations":{"nesting_mode":"list","block":{"block_types":{"key_value_pair":{"nesting_mode":"list","block":{"attributes":{"key":{"type":"string","description_kind":"plain","optional":true},"value":{"type":"string","description_kind":"plain","optional":true}},"description_kind":"plain"}}},"description_kind":"plain"}},"endpoint_1":{"nesting_mode":"list","block":{"attributes":{"address_group":{"type":"string","description_kind":"plain","optional":true},"any":{"type":"bool","description_kind":"plain","optional":true},"tag_ids":{"type":["list","number"],"description_kind":"plain","optional":true},"tags":{"type":["list","string"],"description_kind":"plain","optional":true},"virtual_network":{"type":"string","description_kind":"plain","optional":true}},"block_types":{"subnet":{"nesting_mode":"list","block":{"attributes":{"ip_prefix":{"type":"string","description_kind":"plain","optional":true},"ip_prefix_len":{"type":"number","description_kind":"plain","optional":true}},"description_kind":"plain"}}},"description_kind":"plain"}},"endpoint_2":{"nesting_mode":"list","block":{"attributes":{"address_group":{"type":"string","description_kind":"plain","optional":true},"any":{"type":"bool","description_kind":"plain","optional":true},"tag_ids":{"type":["list","number"],"description_kind":"plain","optional":true},"tags":{"type":["list","string"],"description_kind":"plain","optional":true},"virtual_network":{"type":"string","description_kind":"plain","optional":true}},"block_types":{"subnet":{"nesting_mode":"list","block":{"attributes":{"ip_prefix":{"type":"string","description_kind":"plain","optional":true},"ip_prefix_len":{"type":"number","description_kind":"plain","optional":true}},"description_kind":"plain"}}},"description_kind":"plain"}},"id_perms":{"nesting_mode":"list","block":{"attributes":{"created":{"type":"string","description_kind":"plain","optional":true},"creator":{"type":"string","description_kind":"plain","optional":true},"description":{"type":"string","description_kind":"plain","optional":true},"enable":{"type":"bool","description_kind":"plain","required":true},"last_modified":{"type":"string","description_kind":"plain","optional":true},"user_visible":{"type":"bool","description_kind":"plain","optional":true}},"block_types":{"permissions":{"nesting_mode":"list","block":{"attributes":{"group":{"type":"string","description_kind":"plain","optional":true},"group_access":{"type":"number","description_kind":"plain","optional":true},"other_access":{"type":"number","description_kind":"plain","optional":true},"owner":{"type":"string","description_kind":"plain","optional":true},"owner_access":{"type":"number","description_kind":"plain","optional":true}},"description_kind":"plain"}},"uuid":{"nesting_mode":"list","block":{"attributes":{"uuid_lslong":{"type":"number","description_kind":"plain","optional":true},"uuid_mslong":{"type":"number","description_kind":"plain","optional":true}},"description_kind":"plain"},"min_items":1}},"description_kind":"plain"}},"match_tag_types":{"nesting_mode":"list","block":{"attributes":{"tag_type":{"type":["list","number"],"description_kind":"plain","required":true}},"description_kind":"plain"}},"match_tags":{"nesting_mode":"list","block":{"attributes":{"tag_list":{"type":["list","string"],"description_kind":"plain","required":true}},"description_kind":"plain"}},"perms2":{"nesting_mode":"list","block":{"attributes":{"global_access":{"type":"number","description_kind":"plain","optional":true},"owner":{"type":"string","description_kind":"plain","required":true},"owner_access":{"type":"number","description_kind":"plain","required":true}},"block_types":{"share":{"nesting_mode":"list","block":{"attributes":{"tenant":{"type":"string","description_kind":"plain","required":true},"tenant_access":{"type":"number","description_kind":"plain","required":true}},"description_kind":"plain"}}},"description_kind":"plain"}},"service":{"nesting_mode":"list","block":{"attributes":{"protocol":{"type":"string","description_kind":"plain","optional":true},"protocol_id":{"type":"number","description_kind":"plain","optional":true}},"block_types":{"dst_ports":{"nesting_mode":"list","block":{"attributes":{"end_port":{"type":"number","description_kind":"plain","required":true},"start_port":{"type":"number","description_kind":"plain","required":true}},"description_kind":"plain"}},"src_ports":{"nesting_mode":"list","block":{"attributes":{"end_port":{"type":"number","description_kind":"plain","required":true},"start_port":{"type":"number","description_kind":"plain","required":true}},"description_kind":"plain"}}},"description_kind":"plain"}}},"description_kind":"plain"}},"contrail_firewall_rule_refs":{"version":0,"block":{"attributes":{"id":{"type":"string","description_kind":"plain","optional":true,"computed":true},"uuid":{"type":"string","description_kind":"plain","required":true}},"block_types":{"address_group_refs":{"nesting_mode":"list","block":{"attributes":{"to":{"type":"string","description_kind":"plain","required":true}},"description_kind":"plain"}},"security_logging_object_refs":{"nesting_mode":"list","block":{"attributes":{"to":{"type":"string","description_kind":"plain","required":true}},"block_types":{"attr":{"nesting_mode":"list","block":{"attributes":{"rate":{"type":"number","description_kind":"plain","optional":true}},"description_kind":"plain"},"min_items":1}},"description_kind":"plain"}},"service_group_refs":{"nesting_mode":"list","block":{"attributes":{"to":{"type":"string","description_kind":"plain","required":true}},"description_kind":"plain"}},"tag_refs":{"nesting_mode":"list","block":{"attributes":{"to":{"type":"string","description_kind":"plain","required":true}},"description_kind":"plain"}},"virtual_network_refs":{"nesting_mode":"list","block":{"attributes":{"to":{"type":"string","description_kind":"plain","required":true}},"description_kind":"plain"}}},"description_kind":"plain"}},"contrail_floating_ip":{"version":0,"block":{"attributes":{"display_name":{"type":"string","description_kind":"plain","optional":true},"floating_ip_address":{"type":"string","description_kind":"plain","optional":true},"floating_ip_address_family":{"type":"string","description_kind":"plain","optional":true},"floating_ip_fixed_ip_address":{"type":"string","description_kind":"plain","optional":true},"floating_ip_is_virtual_ip":{"type":"bool","description_kind":"plain","optional":true},"floating_ip_port_mappings_enable":{"type":"bool","description_kind":"plain","optional":true},"floating_ip_traffic_direction":{"type":"string","description_kind":"plain","optional":true},"id":{"type":"string","description_kind":"plain","optional":true,"computed":true},"name":{"type":"string","description_kind":"plain","required":true},"parent_uuid":{"type":"string","description_kind":"plain","optional":true}},"block_types":{"annotations":{"nesting_mode":"list","block":{"block_types":{"key_value_pair":{"nesting_mode":"list","block":{"attributes":{"key":{"type":"string","description_kind":"plain","optional":true},"value":{"type":"string","description_kind":"plain","optional":true}},"description_kind":"plain"}}},"description_kind":"plain"}},"floating_ip_port_mappings":{"nesting_mode":"list","block":{"block_types":{"port_mappings":{"nesting_mode":"list","block":{"attributes":{"dst_port":{"type":"number","description_kind":"plain","optional":true},"protocol":{"type":"string","description_kind":"plain","optional":true},"src_port":{"type":"number","description_kind":"plain","optional":true}},"description_kind":"plain"}}},"description_kind":"plain"}},"id_perms":{"nesting_mode":"list","block":{"attributes":{"created":{"type":"string","description_kind":"plain","optional":true},"creator":{"type":"string","description_kind":"plain","optional":true},"description":{"type":"string","description_kind":"plain","optional":true},"enable":{"type":"bool","description_kind":"plain","required":true},"last_modified":{"type":"string","description_kind":"plain","optional":true},"user_visible":{"type":"bool","description_kind":"plain","optional":true}},"block_types":{"permissions":{"nesting_mode":"list","block":{"attributes":{"group":{"type":"string","description_kind":"plain","optional":true},"group_access":{"type":"number","description_kind":"plain","optional":true},"other_access":{"type":"number","description_kind":"plain","optional":true},"owner":{"type":"string","description_kind":"plain","optional":true},"owner_access":{"type":"number","description_kind":"plain","optional":true}},"description_kind":"plain"}},"uuid":{"nesting_mode":"list","block":{"attributes":{"uuid_lslong":{"type":"number","description_kind":"plain","optional":true},"uuid_mslong":{"type":"number","description_kind":"plain","optional":true}},"description_kind":"plain"},"min_items":1}},"description_kind":"plain"}},"perms2":{"nesting_mode":"list","block":{"attributes":{"global_access":{"type":"number","description_kind":"plain","optional":true},"owner":{"type":"string","description_kind":"plain","required":true},"owner_access":{"type":"number","description_kind":"plain","required":true}},"block_types":{"share":{"nesting_mode":"list","block":{"attributes":{"tenant":{"type":"string","description_kind":"plain","required":true},"tenant_access":{"type":"number","description_kind":"plain","required":true}},"description_kind":"plain"}}},"description_kind":"plain"}},"project_refs":{"nesting_mode":"list","block":{"attributes":{"to":{"type":"string","description_kind":"plain","required":true}},"description_kind":"plain"}}},"description_kind":"plain"}},"contrail_floating_ip_pool":{"version":0,"block":{"attributes":{"display_name":{"type":"string","description_kind":"plain","optional":true},"id":{"type":"string","description_kind":"plain","optional":true,"computed":true},"name":{"type":"string","description_kind":"plain","required":true},"parent_uuid":{"type":"string","description_kind":"plain","optional":true}},"block_types":{"annotations":{"nesting_mode":"list","block":{"block_types":{"key_value_pair":{"nesting_mode":"list","block":{"attributes":{"key":{"type":"string","description_kind":"plain","optional":true},"value":{"type":"string","description_kind":"plain","optional":true}},"description_kind":"plain"}}},"description_kind":"plain"}},"floating_ip_pool_subnets":{"nesting_mode":"list","block":{"attributes":{"subnet_uuid":{"type":["list","string"],"description_kind":"plain","optional":true}},"description_kind":"plain"}},"id_perms":{"nesting_mode":"list","block":{"attributes":{"created":{"type":"string","description_kind":"plain","optional":true},"creator":{"type":"string","description_kind":"plain","optional":true},"description":{"type":"string","description_kind":"plain","optional":true},"enable":{"type":"bool","description_kind":"plain","required":true},"last_modified":{"type":"string","description_kind":"plain","optional":true},"user_visible":{"type":"bool","description_kind":"plain","optional":true}},"block_types":{"permissions":{"nesting_mode":"list","block":{"attributes":{"group":{"type":"string","description_kind":"plain","optional":true},"group_access":{"type":"number","description_kind":"plain","optional":true},"other_access":{"type":"number","description_kind":"plain","optional":true},"owner":{"type":"string","description_kind":"plain","optional":true},"owner_access":{"type":"number","description_kind":"plain","optional":true}},"description_kind":"plain"}},"uuid":{"nesting_mode":"list","block":{"attributes":{"uuid_lslong":{"type":"number","description_kind":"plain","optional":true},"uuid_mslong":{"type":"number","description_kind":"plain","optional":true}},"description_kind":"plain"},"min_items":1}},"description_kind":"plain"}},"perms2":{"nesting_mode":"list","block":{"attributes":{"global_access":{"type":"number","description_kind":"plain","optional":true},"owner":{"type":"string","description_kind":"plain","required":true},"owner_access":{"type":"number","description_kind":"plain","required":true}},"block_types":{"share":{"nesting_mode":"list","block":{"attributes":{"tenant":{"type":"string","description_kind":"plain","required":true},"tenant_access":{"type":"number","description_kind":"plain","required":true}},"description_kind":"plain"}}},"description_kind":"plain"}}},"description_kind":"plain"}},"contrail_floating_ip_pool_refs":{"version":0,"block":{"attributes":{"id":{"type":"string","description_kind":"plain","optional":true,"computed":true},"uuid":{"type":"string","description_kind":"plain","required":true}},"block_types":{"tag_refs":{"nesting_mode":"list","block":{"attributes":{"to":{"type":"string","description_kind":"plain","required":true}},"description_kind":"plain"}}},"description_kind":"plain"}},"contrail_floating_ip_refs":{"version":0,"block":{"attributes":{"id":{"type":"string","description_kind":"plain","optional":true,"computed":true},"uuid":{"type":"string","description_kind":"plain","required":true}},"block_types":{"tag_refs":{"nesting_mode":"list","block":{"attributes":{"to":{"type":"string","description_kind":"plain","required":true}},"description_kind":"plain"}},"virtual_machine_interface_refs":{"nesting_mode":"list","block":{"attributes":{"to":{"type":"string","description_kind":"plain","required":true}},"description_kind":"plain"}}},"description_kind":"plain"}},"contrail_forwarding_class":{"version":0,"block":{"attributes":{"display_name":{"type":"string","description_kind":"plain","optional":true},"forwarding_class_dscp":{"type":"number","description_kind":"plain","optional":true},"forwarding_class_mpls_exp":{"type":"number","description_kind":"plain","optional":true},"forwarding_class_vlan_priority":{"type":"number","description_kind":"plain","optional":true},"id":{"type":"string","description_kind":"plain","optional":true,"computed":true},"name":{"type":"string","description_kind":"plain","required":true},"parent_uuid":{"type":"string","description_kind":"plain","optional":true}},"block_types":{"annotations":{"nesting_mode":"list","block":{"block_types":{"key_value_pair":{"nesting_mode":"list","block":{"attributes":{"key":{"type":"string","description_kind":"plain","optional":true},"value":{"type":"string","description_kind":"plain","optional":true}},"description_kind":"plain"}}},"description_kind":"plain"}},"id_perms":{"nesting_mode":"list","block":{"attributes":{"created":{"type":"string","description_kind":"plain","optional":true},"creator":{"type":"string","description_kind":"plain","optional":true},"description":{"type":"string","description_kind":"plain","optional":true},"enable":{"type":"bool","description_kind":"plain","required":true},"last_modified":{"type":"string","description_kind":"plain","optional":true},"user_visible":{"type":"bool","description_kind":"plain","optional":true}},"block_types":{"permissions":{"nesting_mode":"list","block":{"attributes":{"group":{"type":"string","description_kind":"plain","optional":true},"group_access":{"type":"number","description_kind":"plain","optional":true},"other_access":{"type":"number","description_kind":"plain","optional":true},"owner":{"type":"string","description_kind":"plain","optional":true},"owner_access":{"type":"number","description_kind":"plain","optional":true}},"description_kind":"plain"}},"uuid":{"nesting_mode":"list","block":{"attributes":{"uuid_lslong":{"type":"number","description_kind":"plain","optional":true},"uuid_mslong":{"type":"number","description_kind":"plain","optional":true}},"description_kind":"plain"},"min_items":1}},"description_kind":"plain"}},"perms2":{"nesting_mode":"list","block":{"attributes":{"global_access":{"type":"number","description_kind":"plain","optional":true},"owner":{"type":"string","description_kind":"plain","required":true},"owner_access":{"type":"number","description_kind":"plain","required":true}},"block_types":{"share":{"nesting_mode":"list","block":{"attributes":{"tenant":{"type":"string","description_kind":"plain","required":true},"tenant_access":{"type":"number","description_kind":"plain","required":true}},"description_kind":"plain"}}},"description_kind":"plain"}},"qos_queue_refs":{"nesting_mode":"list","block":{"attributes":{"to":{"type":"string","description_kind":"plain","required":true}},"description_kind":"plain"}}},"description_kind":"plain"}},"contrail_forwarding_class_refs":{"version":0,"block":{"attributes":{"id":{"type":"string","description_kind":"plain","optional":true,"computed":true},"uuid":{"type":"string","description_kind":"plain","required":true}},"block_types":{"tag_refs":{"nesting_mode":"list","block":{"attributes":{"to":{"type":"string","description_kind":"plain","required":true}},"description_kind":"plain"}}},"description_kind":"plain"}},"contrail_global_qos_config":{"version":0,"block":{"attributes":{"display_name":{"type":"string","description_kind":"plain","optional":true},"id":{"type":"string","description_kind":"plain","optional":true,"computed":true},"name":{"type":"string","description_kind":"plain","required":true},"parent_uuid":{"type":"string","description_kind":"plain","optional":true}},"block_types":{"annotations":{"nesting_mode":"list","block":{"block_types":{"key_value_pair":{"nesting_mode":"list","block":{"attributes":{"key":{"type":"string","description_kind":"plain","optional":true},"value":{"type":"string","description_kind":"plain","optional":true}},"description_kind":"plain"}}},"description_kind":"plain"}},"control_traffic_dscp":{"nesting_mode":"list","block":{"attributes":{"analytics":{"type":"number","description_kind":"plain","optional":true},"control":{"type":"number","description_kind":"plain","optional":true},"dns":{"type":"number","description_kind":"plain","optional":true}},"description_kind":"plain"}},"id_perms":{"nesting_mode":"list","block":{"attributes":{"created":{"type":"string","description_kind":"plain","optional":true},"creator":{"type":"string","description_kind":"plain","optional":true},"description":{"type":"string","description_kind":"plain","optional":true},"enable":{"type":"bool","description_kind":"plain","required":true},"last_modified":{"type":"string","description_kind":"plain","optional":true},"user_visible":{"type":"bool","description_kind":"plain","optional":true}},"block_types":{"permissions":{"nesting_mode":"list","block":{"attributes":{"group":{"type":"string","description_kind":"plain","optional":true},"group_access":{"type":"number","description_kind":"plain","optional":true},"other_access":{"type":"number","description_kind":"plain","optional":true},"owner":{"type":"string","description_kind":"plain","optional":true},"owner_access":{"type":"number","description_kind":"plain","optional":true}},"description_kind":"plain"}},"uuid":{"nesting_mode":"list","block":{"attributes":{"uuid_lslong":{"type":"number","description_kind":"plain","optional":true},"uuid_mslong":{"type":"number","description_kind":"plain","optional":true}},"description_kind":"plain"},"min_items":1}},"description_kind":"plain"}},"perms2":{"nesting_mode":"list","block":{"attributes":{"global_access":{"type":"number","description_kind":"plain","optional":true},"owner":{"type":"string","description_kind":"plain","required":true},"owner_access":{"type":"number","description_kind":"plain","required":true}},"block_types":{"share":{"nesting_mode":"list","block":{"attributes":{"tenant":{"type":"string","description_kind":"plain","required":true},"tenant_access":{"type":"number","description_kind":"plain","required":true}},"description_kind":"plain"}}},"description_kind":"plain"}}},"description_kind":"plain"}},"contrail_global_qos_config_refs":{"version":0,"block":{"attributes":{"id":{"type":"string","description_kind":"plain","optional":true,"computed":true},"uuid":{"type":"string","description_kind":"plain","required":true}},"block_types":{"tag_refs":{"nesting_mode":"list","block":{"attributes":{"to":{"type":"string","description_kind":"plain","required":true}},"description_kind":"plain"}}},"description_kind":"plain"}},"contrail_global_system_config":{"version":0,"block":{"attributes":{"alarm_enable":{"type":"bool","description_kind":"plain","optional":true},"autonomous_system":{"type":"number","description_kind":"plain","optional":true},"bgp_always_compare_med":{"type":"bool","description_kind":"plain","optional":true},"config_version":{"type":"string","description_kind":"plain","optional":true},"display_name":{"type":"string","description_kind":"plain","optional":true},"ibgp_auto_mesh":{"type":"bool","description_kind":"plain","optional":true},"id":{"type":"string","description_kind":"plain","optional":true,"computed":true},"mac_aging_time":{"type":"number","description_kind":"plain","optional":true},"name":{"type":"string","description_kind":"plain","required":true},"parent_uuid":{"type":"string","description_kind":"plain","optional":true}},"block_types":{"annotations":{"nesting_mode":"list","block":{"block_types":{"key_value_pair":{"nesting_mode":"list","block":{"attributes":{"key":{"type":"string","description_kind":"plain","optional":true},"value":{"type":"string","description_kind":"plain","optional":true}},"description_kind":"plain"}}},"description_kind":"plain"}},"bgp_router_refs":{"nesting_mode":"list","block":{"attributes":{"to":{"type":"string","description_kind":"plain","required":true}},"description_kind":"plain"}},"bgpaas_parameters":{"nesting_mode":"list","block":{"attributes":{"port_end":{"type":"number","description_kind":"plain","optional":true},"port_start":{"type":"number","description_kind":"plain","optional":true}},"description_kind":"plain"}},"graceful_restart_parameters":{"nesting_mode":"list","block":{"attributes":{"bgp_helper_enable":{"type":"bool","description_kind":"plain","optional":true},"enable":{"type":"bool","description_kind":"plain","optional":true},"end_of_rib_timeout":{"type":"number","description_kind":"plain","optional":true},"long_lived_restart_time":{"type":"number","description_kind":"plain","optional":true},"restart_time":{"type":"number","description_kind":"plain","optional":true},"xmpp_helper_enable":{"type":"bool","description_kind":"plain","optional":true}},"description_kind":"plain"}},"id_perms":{"nesting_mode":"list","block":{"attributes":{"created":{"type":"string","description_kind":"plain","optional":true},"creator":{"type":"string","description_kind":"plain","optional":true},"description":{"type":"string","description_kind":"plain","optional":true},"enable":{"type":"bool","description_kind":"plain","required":true},"last_modified":{"type":"string","description_kind":"plain","optional":true},"user_visible":{"type":"bool","description_kind":"plain","optional":true}},"block_types":{"permissions":{"nesting_mode":"list","block":{"attributes":{"group":{"type":"string","description_kind":"plain","optional":true},"group_access":{"type":"number","description_kind":"plain","optional":true},"other_access":{"type":"number","description_kind":"plain","optional":true},"owner":{"type":"string","description_kind":"plain","optional":true},"owner_access":{"type":"number","description_kind":"plain","optional":true}},"description_kind":"plain"}},"uuid":{"nesting_mode":"list","block":{"attributes":{"uuid_lslong":{"type":"number","description_kind":"plain","optional":true},"uuid_mslong":{"type":"number","description_kind":"plain","optional":true}},"description_kind":"plain"},"min_items":1}},"description_kind":"plain"}},"ip_fabric_subnets":{"nesting_mode":"list","block":{"block_types":{"subnet":{"nesting_mode":"list","block":{"attributes":{"ip_prefix":{"type":"string","description_kind":"plain","optional":true},"ip_prefix_len":{"type":"number","description_kind":"plain","optional":true}},"description_kind":"plain"}}},"description_kind":"plain"}},"mac_limit_control":{"nesting_mode":"list","block":{"attributes":{"mac_limit":{"type":"number","description_kind":"plain","required":true},"mac_limit_action":{"type":"string","description_kind":"plain","optional":true}},"description_kind":"plain"}},"mac_move_control":{"nesting_mode":"list","block":{"attributes":{"mac_move_limit":{"type":"number","description_kind":"plain","required":true},"mac_move_limit_action":{"type":"string","description_kind":"plain","optional":true},"mac_move_time_window":{"type":"number","description_kind":"plain","required":true}},"description_kind":"plain"}},"perms2":{"nesting_mode":"list","block":{"attributes":{"global_access":{"type":"number","description_kind":"plain","optional":true},"owner":{"type":"string","description_kind":"plain","required":true},"owner_access":{"type":"number","description_kind":"plain","required":true}},"block_types":{"share":{"nesting_mode":"list","block":{"attributes":{"tenant":{"type":"string","description_kind":"plain","required":true},"tenant_access":{"type":"number","description_kind":"plain","required":true}},"description_kind":"plain"}}},"description_kind":"plain"}},"plugin_tuning":{"nesting_mode":"list","block":{"block_types":{"plugin_property":{"nesting_mode":"list","block":{"attributes":{"property":{"type":"string","description_kind":"plain","optional":true},"value":{"type":"string","description_kind":"plain","optional":true}},"description_kind":"plain"}}},"description_kind":"plain"}},"user_defined_log_statistics":{"nesting_mode":"list","block":{"block_types":{"statlist":{"nesting_mode":"list","block":{"attributes":{"name":{"type":"string","description_kind":"plain","required":true},"pattern":{"type":"string","description_kind":"plain","required":true}},"description_kind":"plain"}}},"description_kind":"plain"}}},"description_kind":"plain"}},"contrail_global_system_config_refs":{"version":0,"block":{"attributes":{"id":{"type":"string","description_kind":"plain","optional":true,"computed":true},"uuid":{"type":"string","description_kind":"plain","required":true}},"block_types":{"tag_refs":{"nesting_mode":"list","block":{"attributes":{"to":{"type":"string","description_kind":"plain","required":true}},"description_kind":"plain"}}},"description_kind":"plain"}},"contrail_global_vrouter_config":{"version":0,"block":{"attributes":{"display_name":{"type":"string","description_kind":"plain","optional":true},"enable_security_logging":{"type":"bool","description_kind":"plain","optional":true},"flow_export_rate":{"type":"number","description_kind":"plain","optional":true},"forwarding_mode":{"type":"string","description_kind":"plain","optional":true},"id":{"type":"string","description_kind":"plain","optional":true,"computed":true},"name":{"type":"string","description_kind":"plain","required":true},"parent_uuid":{"type":"string","description_kind":"plain","optional":true},"vxlan_network_identifier_mode":{"type":"string","description_kind":"plain","optional":true}},"block_types":{"annotations":{"nesting_mode":"list","block":{"block_types":{"key_value_pair":{"nesting_mode":"list","block":{"attributes":{"key":{"type":"string","description_kind":"plain","optional":true},"value":{"type":"string","description_kind":"plain","optional":true}},"description_kind":"plain"}}},"description_kind":"plain"}},"ecmp_hashing_include_fields":{"nesting_mode":"list","block":{"attributes":{"destination_ip":{"type":"bool","description_kind":"plain","optional":true},"destination_port":{"type":"bool","description_kind":"plain","optional":true},"hashing_configured":{"type":"bool","description_kind":"plain","optional":true},"ip_protocol":{"type":"bool","description_kind":"plain","optional":true},"source_ip":{"type":"bool","description_kind":"plain","optional":true},"source_port":{"type":"bool","description_kind":"plain","optional":true}},"description_kind":"plain"}},"encapsulation_priorities":{"nesting_mode":"list","block":{"attributes":{"encapsulation":{"type":["list","string"],"description_kind":"plain","optional":true}},"description_kind":"plain"}},"flow_aging_timeout_list":{"nesting_mode":"list","block":{"block_types":{"flow_aging_timeout":{"nesting_mode":"list","block":{"attributes":{"port":{"type":"number","description_kind":"plain","optional":true},"protocol":{"type":"string","description_kind":"plain","optional":true},"timeout_in_seconds":{"type":"number","description_kind":"plain","optional":true}},"description_kind":"plain"}}},"description_kind":"plain"}},"id_perms":{"nesting_mode":"list","block":{"attributes":{"created":{"type":"string","description_kind":"plain","optional":true},"creator":{"type":"string","description_kind":"plain","optional":true},"description":{"type":"string","description_kind":"plain","optional":true},"enable":{"type":"bool","description_kind":"plain","required":true},"last_modified":{"type":"string","description_kind":"plain","optional":true},"user_visible":{"type":"bool","description_kind":"plain","optional":true}},"block_types":{"permissions":{"nesting_mode":"list","block":{"attributes":{"group":{"type":"string","description_kind":"plain","optional":true},"group_access":{"type":"number","description_kind":"plain","optional":true},"other_access":{"type":"number","description_kind":"plain","optional":true},"owner":{"type":"string","description_kind":"plain","optional":true},"owner_access":{"type":"number","description_kind":"plain","optional":true}},"description_kind":"plain"}},"uuid":{"nesting_mode":"list","block":{"attributes":{"uuid_lslong":{"type":"number","description_kind":"plain","optional":true},"uuid_mslong":{"type":"number","description_kind":"plain","optional":true}},"description_kind":"plain"},"min_items":1}},"description_kind":"plain"}},"linklocal_services":{"nesting_mode":"list","block":{"block_types":{"linklocal_service_entry":{"nesting_mode":"list","block":{"attributes":{"ip_fabric_dns_service_name":{"type":"string","description_kind":"plain","optional":true},"ip_fabric_service_ip":{"type":["list","string"],"description_kind":"plain","optional":true},"ip_fabric_service_port":{"type":"number","description_kind":"plain","required":true},"linklocal_service_ip":{"type":"string","description_kind":"plain","required":true},"linklocal_service_name":{"type":"string","description_kind":"plain","required":true},"linklocal_service_port":{"type":"number","description_kind":"plain","required":true}},"description_kind":"plain"}}},"description_kind":"plain"}},"perms2":{"nesting_mode":"list","block":{"attributes":{"global_access":{"type":"number","description_kind":"plain","optional":true},"owner":{"type":"string","description_kind":"plain","required":true},"owner_access":{"type":"number","description_kind":"plain","required":true}},"block_types":{"share":{"nesting_mode":"list","block":{"attributes":{"tenant":{"type":"string","description_kind":"plain","required":true},"tenant_access":{"type":"number","description_kind":"plain","required":true}},"description_kind":"plain"}}},"description_kind":"plain"}}},"description_kind":"plain"}},"contrail_global_vrouter_config_refs":{"version":0,"block":{"attributes":{"id":{"type":"string","description_kind":"plain","optional":true,"computed":true},"uuid":{"type":"string","description_kind":"plain","required":true}},"block_types":{"tag_refs":{"nesting_mode":"list","block":{"attributes":{"to":{"type":"string","description_kind":"plain","required":true}},"description_kind":"plain"}}},"description_kind":"plain"}},"contrail_instance_ip":{"version":0,"block":{"attributes":{"display_name":{"type":"string","description_kind":"plain","optional":true},"id":{"type":"string","description_kind":"plain","optional":true,"computed":true},"instance_ip_address":{"type":"string","description_kind":"plain","optional":true},"instance_ip_family":{"type":"string","description_kind":"plain","optional":true},"instance_ip_local_ip":{"type":"bool","description_kind":"plain","optional":true},"instance_ip_mode":{"type":"string","description_kind":"plain","optional":true},"instance_ip_secondary":{"type":"bool","description_kind":"plain","optional":true},"name":{"type":"string","description_kind":"plain","required":true},"parent_uuid":{"type":"string","description_kind":"plain","optional":true},"service_health_check_ip":{"type":"bool","description_kind":"plain","optional":true},"service_instance_ip":{"type":"bool","description_kind":"plain","optional":true},"subnet_uuid":{"type":"string","description_kind":"plain","optional":true}},"block_types":{"annotations":{"nesting_mode":"list","block":{"block_types":{"key_value_pair":{"nesting_mode":"list","block":{"attributes":{"key":{"type":"string","description_kind":"plain","optional":true},"value":{"type":"string","description_kind":"plain","optional":true}},"description_kind":"plain"}}},"description_kind":"plain"}},"id_perms":{"nesting_mode":"list","block":{"attributes":{"created":{"type":"string","description_kind":"plain","optional":true},"creator":{"type":"string","description_kind":"plain","optional":true},"description":{"type":"string","description_kind":"plain","optional":true},"enable":{"type":"bool","description_kind":"plain","required":true},"last_modified":{"type":"string","description_kind":"plain","optional":true},"user_visible":{"type":"bool","description_kind":"plain","optional":true}},"block_types":{"permissions":{"nesting_mode":"list","block":{"attributes":{"group":{"type":"string","description_kind":"plain","optional":true},"group_access":{"type":"number","description_kind":"plain","optional":true},"other_access":{"type":"number","description_kind":"plain","optional":true},"owner":{"type":"string","description_kind":"plain","optional":true},"owner_access":{"type":"number","description_kind":"plain","optional":true}},"description_kind":"plain"}},"uuid":{"nesting_mode":"list","block":{"attributes":{"uuid_lslong":{"type":"number","description_kind":"plain","optional":true},"uuid_mslong":{"type":"number","description_kind":"plain","optional":true}},"description_kind":"plain"},"min_items":1}},"description_kind":"plain"}},"network_ipam_refs":{"nesting_mode":"list","block":{"attributes":{"to":{"type":"string","description_kind":"plain","required":true}},"description_kind":"plain"}},"perms2":{"nesting_mode":"list","block":{"attributes":{"global_access":{"type":"number","description_kind":"plain","optional":true},"owner":{"type":"string","description_kind":"plain","required":true},"owner_access":{"type":"number","description_kind":"plain","required":true}},"block_types":{"share":{"nesting_mode":"list","block":{"attributes":{"tenant":{"type":"string","description_kind":"plain","required":true},"tenant_access":{"type":"number","description_kind":"plain","required":true}},"description_kind":"plain"}}},"description_kind":"plain"}},"secondary_ip_tracking_ip":{"nesting_mode":"list","block":{"attributes":{"ip_prefix":{"type":"string","description_kind":"plain","optional":true},"ip_prefix_len":{"type":"number","description_kind":"plain","optional":true}},"description_kind":"plain"}},"virtual_network_refs":{"nesting_mode":"list","block":{"attributes":{"to":{"type":"string","description_kind":"plain","required":true}},"description_kind":"plain"}}},"description_kind":"plain"}},"contrail_instance_ip_refs":{"version":0,"block":{"attributes":{"id":{"type":"string","description_kind":"plain","optional":true,"computed":true},"uuid":{"type":"string","description_kind":"plain","required":true}},"block_types":{"physical_router_refs":{"nesting_mode":"list","block":{"attributes":{"to":{"type":"string","description_kind":"plain","required":true}},"description_kind":"plain"}},"tag_refs":{"nesting_mode":"list","block":{"attributes":{"to":{"type":"string","description_kind":"plain","required":true}},"description_kind":"plain"}},"virtual_machine_interface_refs":{"nesting_mode":"list","block":{"attributes":{"to":{"type":"string","description_kind":"plain","required":true}},"description_kind":"plain"}},"virtual_router_refs":{"nesting_mode":"list","block":{"attributes":{"to":{"type":"string","description_kind":"plain","required":true}},"description_kind":"plain"}}},"description_kind":"plain"}},"contrail_interface_route_table":{"version":0,"block":{"attributes":{"display_name":{"type":"string","description_kind":"plain","optional":true},"id":{"type":"string","description_kind":"plain","optional":true,"computed":true},"name":{"type":"string","description_kind":"plain","required":true},"parent_uuid":{"type":"string","description_kind":"plain","optional":true}},"block_types":{"annotations":{"nesting_mode":"list","block":{"block_types":{"key_value_pair":{"nesting_mode":"list","block":{"attributes":{"key":{"type":"string","description_kind":"plain","optional":true},"value":{"type":"string","description_kind":"plain","optional":true}},"description_kind":"plain"}}},"description_kind":"plain"}},"id_perms":{"nesting_mode":"list","block":{"attributes":{"created":{"type":"string","description_kind":"plain","optional":true},"creator":{"type":"string","description_kind":"plain","optional":true},"description":{"type":"string","description_kind":"plain","optional":true},"enable":{"type":"bool","description_kind":"plain","required":true},"last_modified":{"type":"string","description_kind":"plain","optional":true},"user_visible":{"type":"bool","description_kind":"plain","optional":true}},"block_types":{"permissions":{"nesting_mode":"list","block":{"attributes":{"group":{"type":"string","description_kind":"plain","optional":true},"group_access":{"type":"number","description_kind":"plain","optional":true},"other_access":{"type":"number","description_kind":"plain","optional":true},"owner":{"type":"string","description_kind":"plain","optional":true},"owner_access":{"type":"number","description_kind":"plain","optional":true}},"description_kind":"plain"}},"uuid":{"nesting_mode":"list","block":{"attributes":{"uuid_lslong":{"type":"number","description_kind":"plain","optional":true},"uuid_mslong":{"type":"number","description_kind":"plain","optional":true}},"description_kind":"plain"},"min_items":1}},"description_kind":"plain"}},"interface_route_table_routes":{"nesting_mode":"list","block":{"block_types":{"route":{"nesting_mode":"list","block":{"attributes":{"next_hop":{"type":"string","description_kind":"plain","optional":true},"next_hop_type":{"type":"string","description_kind":"plain","optional":true},"prefix":{"type":"string","description_kind":"plain","optional":true}},"block_types":{"community_attributes":{"nesting_mode":"list","block":{"attributes":{"community_attribute":{"type":["list","string"],"description_kind":"plain","optional":true}},"description_kind":"plain"}}},"description_kind":"plain"}}},"description_kind":"plain"}},"perms2":{"nesting_mode":"list","block":{"attributes":{"global_access":{"type":"number","description_kind":"plain","optional":true},"owner":{"type":"string","description_kind":"plain","required":true},"owner_access":{"type":"number","description_kind":"plain","required":true}},"block_types":{"share":{"nesting_mode":"list","block":{"attributes":{"tenant":{"type":"string","description_kind":"plain","required":true},"tenant_access":{"type":"number","description_kind":"plain","required":true}},"description_kind":"plain"}}},"description_kind":"plain"}}},"description_kind":"plain"}},"contrail_interface_route_table_refs":{"version":0,"block":{"attributes":{"id":{"type":"string","description_kind":"plain","optional":true,"computed":true},"uuid":{"type":"string","description_kind":"plain","required":true}},"block_types":{"service_instance_refs":{"nesting_mode":"list","block":{"attributes":{"to":{"type":"string","description_kind":"plain","required":true}},"block_types":{"attr":{"nesting_mode":"list","block":{"attributes":{"interface_type":{"type":"string","description_kind":"plain","optional":true}},"description_kind":"plain"},"min_items":1}},"description_kind":"plain"}},"tag_refs":{"nesting_mode":"list","block":{"attributes":{"to":{"type":"string","description_kind":"plain","required":true}},"description_kind":"plain"}}},"description_kind":"plain"}},"contrail_loadbalancer":{"version":0,"block":{"attributes":{"display_name":{"type":"string","description_kind":"plain","optional":true},"id":{"type":"string","description_kind":"plain","optional":true,"computed":true},"loadbalancer_provider":{"type":"string","description_kind":"plain","optional":true},"name":{"type":"string","description_kind":"plain","required":true},"parent_uuid":{"type":"string","description_kind":"plain","optional":true}},"block_types":{"annotations":{"nesting_mode":"list","block":{"block_types":{"key_value_pair":{"nesting_mode":"list","block":{"attributes":{"key":{"type":"string","description_kind":"plain","optional":true},"value":{"type":"string","description_kind":"plain","optional":true}},"description_kind":"plain"}}},"description_kind":"plain"}},"id_perms":{"nesting_mode":"list","block":{"attributes":{"created":{"type":"string","description_kind":"plain","optional":true},"creator":{"type":"string","description_kind":"plain","optional":true},"description":{"type":"string","description_kind":"plain","optional":true},"enable":{"type":"bool","description_kind":"plain","required":true},"last_modified":{"type":"string","description_kind":"plain","optional":true},"user_visible":{"type":"bool","description_kind":"plain","optional":true}},"block_types":{"permissions":{"nesting_mode":"list","block":{"attributes":{"group":{"type":"string","description_kind":"plain","optional":true},"group_access":{"type":"number","description_kind":"plain","optional":true},"other_access":{"type":"number","description_kind":"plain","optional":true},"owner":{"type":"string","description_kind":"plain","optional":true},"owner_access":{"type":"number","description_kind":"plain","optional":true}},"description_kind":"plain"}},"uuid":{"nesting_mode":"list","block":{"attributes":{"uuid_lslong":{"type":"number","description_kind":"plain","optional":true},"uuid_mslong":{"type":"number","description_kind":"plain","optional":true}},"description_kind":"plain"},"min_items":1}},"description_kind":"plain"}},"loadbalancer_properties":{"nesting_mode":"list","block":{"attributes":{"admin_state":{"type":"bool","description_kind":"plain","optional":true},"operating_status":{"type":"string","description_kind":"plain","optional":true},"provisioning_status":{"type":"string","description_kind":"plain","optional":true},"status":{"type":"string","description_kind":"plain","optional":true},"vip_address":{"type":"string","description_kind":"plain","optional":true},"vip_subnet_id":{"type":"string","description_kind":"plain","required":true}},"description_kind":"plain"}},"perms2":{"nesting_mode":"list","block":{"attributes":{"global_access":{"type":"number","description_kind":"plain","optional":true},"owner":{"type":"string","description_kind":"plain","required":true},"owner_access":{"type":"number","description_kind":"plain","required":true}},"block_types":{"share":{"nesting_mode":"list","block":{"attributes":{"tenant":{"type":"string","description_kind":"plain","required":true},"tenant_access":{"type":"number","description_kind":"plain","required":true}},"description_kind":"plain"}}},"description_kind":"plain"}}},"description_kind":"plain"}},"contrail_loadbalancer_healthmonitor":{"version":0,"block":{"attributes":{"display_name":{"type":"string","description_kind":"plain","optional":true},"id":{"type":"string","description_kind":"plain","optional":true,"computed":true},"name":{"type":"string","description_kind":"plain","required":true},"parent_uuid":{"type":"string","description_kind":"plain","optional":true}},"block_types":{"annotations":{"nesting_mode":"list","block":{"block_types":{"key_value_pair":{"nesting_mode":"list","block":{"attributes":{"key":{"type":"string","description_kind":"plain","optional":true},"value":{"type":"string","description_kind":"plain","optional":true}},"description_kind":"plain"}}},"description_kind":"plain"}},"id_perms":{"nesting_mode":"list","block":{"attributes":{"created":{"type":"string","description_kind":"plain","optional":true},"creator":{"type":"string","description_kind":"plain","optional":true},"description":{"type":"string","description_kind":"plain","optional":true},"enable":{"type":"bool","description_kind":"plain","required":true},"last_modified":{"type":"string","description_kind":"plain","optional":true},"user_visible":{"type":"bool","description_kind":"plain","optional":true}},"block_types":{"permissions":{"nesting_mode":"list","block":{"attributes":{"group":{"type":"string","description_kind":"plain","optional":true},"group_access":{"type":"number","description_kind":"plain","optional":true},"other_access":{"type":"number","description_kind":"plain","optional":true},"owner":{"type":"string","description_kind":"plain","optional":true},"owner_access":{"type":"number","description_kind":"plain","optional":true}},"description_kind":"plain"}},"uuid":{"nesting_mode":"list","block":{"attributes":{"uuid_lslong":{"type":"number","description_kind":"plain","optional":true},"uuid_mslong":{"type":"number","description_kind":"plain","optional":true}},"description_kind":"plain"},"min_items":1}},"description_kind":"plain"}},"loadbalancer_healthmonitor_properties":{"nesting_mode":"list","block":{"attributes":{"admin_state":{"type":"bool","description_kind":"plain","optional":true},"delay":{"type":"number","description_kind":"plain","required":true},"expected_codes":{"type":"string","description_kind":"plain","optional":true},"http_method":{"type":"string","description_kind":"plain","optional":true},"max_retries":{"type":"number","description_kind":"plain","required":true},"monitor_type":{"type":"string","description_kind":"plain","required":true},"timeout":{"type":"number","description_kind":"plain","required":true},"url_path":{"type":"string","description_kind":"plain","optional":true}},"description_kind":"plain"}},"perms2":{"nesting_mode":"list","block":{"attributes":{"global_access":{"type":"number","description_kind":"plain","optional":true},"owner":{"type":"string","description_kind":"plain","required":true},"owner_access":{"type":"number","description_kind":"plain","required":true}},"block_types":{"share":{"nesting_mode":"list","block":{"attributes":{"tenant":{"type":"string","description_kind":"plain","required":true},"tenant_access":{"type":"number","description_kind":"plain","required":true}},"description_kind":"plain"}}},"description_kind":"plain"}}},"description_kind":"plain"}},"contrail_loadbalancer_healthmonitor_refs":{"version":0,"block":{"attributes":{"id":{"type":"string","description_kind":"plain","optional":true,"computed":true},"uuid":{"type":"string","description_kind":"plain","required":true}},"block_types":{"tag_refs":{"nesting_mode":"list","block":{"attributes":{"to":{"type":"string","description_kind":"plain","required":true}},"description_kind":"plain"}}},"description_kind":"plain"}},"contrail_loadbalancer_listener":{"version":0,"block":{"attributes":{"display_name":{"type":"string","description_kind":"plain","optional":true},"id":{"type":"string","description_kind":"plain","optional":true,"computed":true},"name":{"type":"string","description_kind":"plain","required":true},"parent_uuid":{"type":"string","description_kind":"plain","optional":true}},"block_types":{"annotations":{"nesting_mode":"list","block":{"block_types":{"key_value_pair":{"nesting_mode":"list","block":{"attributes":{"key":{"type":"string","description_kind":"plain","optional":true},"value":{"type":"string","description_kind":"plain","optional":true}},"description_kind":"plain"}}},"description_kind":"plain"}},"id_perms":{"nesting_mode":"list","block":{"attributes":{"created":{"type":"string","description_kind":"plain","optional":true},"creator":{"type":"string","description_kind":"plain","optional":true},"description":{"type":"string","description_kind":"plain","optional":true},"enable":{"type":"bool","description_kind":"plain","required":true},"last_modified":{"type":"string","description_kind":"plain","optional":true},"user_visible":{"type":"bool","description_kind":"plain","optional":true}},"block_types":{"permissions":{"nesting_mode":"list","block":{"attributes":{"group":{"type":"string","description_kind":"plain","optional":true},"group_access":{"type":"number","description_kind":"plain","optional":true},"other_access":{"type":"number","description_kind":"plain","optional":true},"owner":{"type":"string","description_kind":"plain","optional":true},"owner_access":{"type":"number","description_kind":"plain","optional":true}},"description_kind":"plain"}},"uuid":{"nesting_mode":"list","block":{"attributes":{"uuid_lslong":{"type":"number","description_kind":"plain","optional":true},"uuid_mslong":{"type":"number","description_kind":"plain","optional":true}},"description_kind":"plain"},"min_items":1}},"description_kind":"plain"}},"loadbalancer_listener_properties":{"nesting_mode":"list","block":{"attributes":{"admin_state":{"type":"bool","description_kind":"plain","optional":true},"connection_limit":{"type":"number","description_kind":"plain","optional":true},"default_tls_container":{"type":"string","description_kind":"plain","optional":true},"protocol":{"type":"string","description_kind":"plain","optional":true},"protocol_port":{"type":"number","description_kind":"plain","optional":true},"sni_containers":{"type":["list","string"],"description_kind":"plain","optional":true}},"description_kind":"plain"}},"perms2":{"nesting_mode":"list","block":{"attributes":{"global_access":{"type":"number","description_kind":"plain","optional":true},"owner":{"type":"string","description_kind":"plain","required":true},"owner_access":{"type":"number","description_kind":"plain","required":true}},"block_types":{"share":{"nesting_mode":"list","block":{"attributes":{"tenant":{"type":"string","description_kind":"plain","required":true},"tenant_access":{"type":"number","description_kind":"plain","required":true}},"description_kind":"plain"}}},"description_kind":"plain"}}},"description_kind":"plain"}},"contrail_loadbalancer_listener_refs":{"version":0,"block":{"attributes":{"id":{"type":"string","description_kind":"plain","optional":true,"computed":true},"uuid":{"type":"string","description_kind":"plain","required":true}},"block_types":{"loadbalancer_refs":{"nesting_mode":"list","block":{"attributes":{"to":{"type":"string","description_kind":"plain","required":true}},"description_kind":"plain"}},"tag_refs":{"nesting_mode":"list","block":{"attributes":{"to":{"type":"string","description_kind":"plain","required":true}},"description_kind":"plain"}}},"description_kind":"plain"}},"contrail_loadbalancer_member":{"version":0,"block":{"attributes":{"display_name":{"type":"string","description_kind":"plain","optional":true},"id":{"type":"string","description_kind":"plain","optional":true,"computed":true},"name":{"type":"string","description_kind":"plain","required":true},"parent_uuid":{"type":"string","description_kind":"plain","optional":true}},"block_types":{"annotations":{"nesting_mode":"list","block":{"block_types":{"key_value_pair":{"nesting_mode":"list","block":{"attributes":{"key":{"type":"string","description_kind":"plain","optional":true},"value":{"type":"string","description_kind":"plain","optional":true}},"description_kind":"plain"}}},"description_kind":"plain"}},"id_perms":{"nesting_mode":"list","block":{"attributes":{"created":{"type":"string","description_kind":"plain","optional":true},"creator":{"type":"string","description_kind":"plain","optional":true},"description":{"type":"string","description_kind":"plain","optional":true},"enable":{"type":"bool","description_kind":"plain","required":true},"last_modified":{"type":"string","description_kind":"plain","optional":true},"user_visible":{"type":"bool","description_kind":"plain","optional":true}},"block_types":{"permissions":{"nesting_mode":"list","block":{"attributes":{"group":{"type":"string","description_kind":"plain","optional":true},"group_access":{"type":"number","description_kind":"plain","optional":true},"other_access":{"type":"number","description_kind":"plain","optional":true},"owner":{"type":"string","description_kind":"plain","optional":true},"owner_access":{"type":"number","description_kind":"plain","optional":true}},"description_kind":"plain"}},"uuid":{"nesting_mode":"list","block":{"attributes":{"uuid_lslong":{"type":"number","description_kind":"plain","optional":true},"uuid_mslong":{"type":"number","description_kind":"plain","optional":true}},"description_kind":"plain"},"min_items":1}},"description_kind":"plain"}},"loadbalancer_member_properties":{"nesting_mode":"list","block":{"attributes":{"address":{"type":"string","description_kind":"plain","required":true},"admin_state":{"type":"bool","description_kind":"plain","optional":true},"protocol_port":{"type":"number","description_kind":"plain","optional":true},"status":{"type":"string","description_kind":"plain","optional":true},"status_description":{"type":"string","description_kind":"plain","optional":true},"subnet_id":{"type":"string","description_kind":"plain","optional":true},"weight":{"type":"number","description_kind":"plain","optional":true}},"description_kind":"plain"}},"perms2":{"nesting_mode":"list","block":{"attributes":{"global_access":{"type":"number","description_kind":"plain","optional":true},"owner":{"type":"string","description_kind":"plain","required":true},"owner_access":{"type":"number","description_kind":"plain","required":true}},"block_types":{"share":{"nesting_mode":"list","block":{"attributes":{"tenant":{"type":"string","description_kind":"plain","required":true},"tenant_access":{"type":"number","description_kind":"plain","required":true}},"description_kind":"plain"}}},"description_kind":"plain"}}},"description_kind":"plain"}},"contrail_loadbalancer_member_refs":{"version":0,"block":{"attributes":{"id":{"type":"string","description_kind":"plain","optional":true,"computed":true},"uuid":{"type":"string","description_kind":"plain","required":true}},"block_types":{"tag_refs":{"nesting_mode":"list","block":{"attributes":{"to":{"type":"string","description_kind":"plain","required":true}},"description_kind":"plain"}}},"description_kind":"plain"}},"contrail_loadbalancer_pool":{"version":0,"block":{"attributes":{"display_name":{"type":"string","description_kind":"plain","optional":true},"id":{"type":"string","description_kind":"plain","optional":true,"computed":true},"loadbalancer_pool_provider":{"type":"string","description_kind":"plain","optional":true},"name":{"type":"string","description_kind":"plain","required":true},"parent_uuid":{"type":"string","description_kind":"plain","optional":true}},"block_types":{"annotations":{"nesting_mode":"list","block":{"block_types":{"key_value_pair":{"nesting_mode":"list","block":{"attributes":{"key":{"type":"string","description_kind":"plain","optional":true},"value":{"type":"string","description_kind":"plain","optional":true}},"description_kind":"plain"}}},"description_kind":"plain"}},"id_perms":{"nesting_mode":"list","block":{"attributes":{"created":{"type":"string","description_kind":"plain","optional":true},"creator":{"type":"string","description_kind":"plain","optional":true},"description":{"type":"string","description_kind":"plain","optional":true},"enable":{"type":"bool","description_kind":"plain","required":true},"last_modified":{"type":"string","description_kind":"plain","optional":true},"user_visible":{"type":"bool","description_kind":"plain","optional":true}},"block_types":{"permissions":{"nesting_mode":"list","block":{"attributes":{"group":{"type":"string","description_kind":"plain","optional":true},"group_access":{"type":"number","description_kind":"plain","optional":true},"other_access":{"type":"number","description_kind":"plain","optional":true},"owner":{"type":"string","description_kind":"plain","optional":true},"owner_access":{"type":"number","description_kind":"plain","optional":true}},"description_kind":"plain"}},"uuid":{"nesting_mode":"list","block":{"attributes":{"uuid_lslong":{"type":"number","description_kind":"plain","optional":true},"uuid_mslong":{"type":"number","description_kind":"plain","optional":true}},"description_kind":"plain"},"min_items":1}},"description_kind":"plain"}},"loadbalancer_pool_custom_attributes":{"nesting_mode":"list","block":{"block_types":{"key_value_pair":{"nesting_mode":"list","block":{"attributes":{"key":{"type":"string","description_kind":"plain","optional":true},"value":{"type":"string","description_kind":"plain","optional":true}},"description_kind":"plain"}}},"description_kind":"plain"}},"loadbalancer_pool_properties":{"nesting_mode":"list","block":{"attributes":{"admin_state":{"type":"bool","description_kind":"plain","optional":true},"loadbalancer_method":{"type":"string","description_kind":"plain","optional":true},"persistence_cookie_name":{"type":"string","description_kind":"plain","optional":true},"protocol":{"type":"string","description_kind":"plain","required":true},"session_persistence":{"type":"string","description_kind":"plain","optional":true},"status":{"type":"string","description_kind":"plain","optional":true},"status_description":{"type":"string","description_kind":"plain","optional":true},"subnet_id":{"type":"string","description_kind":"plain","required":true}},"description_kind":"plain"}},"perms2":{"nesting_mode":"list","block":{"attributes":{"global_access":{"type":"number","description_kind":"plain","optional":true},"owner":{"type":"string","description_kind":"plain","required":true},"owner_access":{"type":"number","description_kind":"plain","required":true}},"block_types":{"share":{"nesting_mode":"list","block":{"attributes":{"tenant":{"type":"string","description_kind":"plain","required":true},"tenant_access":{"type":"number","description_kind":"plain","required":true}},"description_kind":"plain"}}},"description_kind":"plain"}}},"description_kind":"plain"}},"contrail_loadbalancer_pool_refs":{"version":0,"block":{"attributes":{"id":{"type":"string","description_kind":"plain","optional":true,"computed":true},"uuid":{"type":"string","description_kind":"plain","required":true}},"block_types":{"loadbalancer_healthmonitor_refs":{"nesting_mode":"list","block":{"attributes":{"to":{"type":"string","description_kind":"plain","required":true}},"description_kind":"plain"}},"loadbalancer_listener_refs":{"nesting_mode":"list","block":{"attributes":{"to":{"type":"string","description_kind":"plain","required":true}},"description_kind":"plain"}},"service_appliance_set_refs":{"nesting_mode":"list","block":{"attributes":{"to":{"type":"string","description_kind":"plain","required":true}},"description_kind":"plain"}},"service_instance_refs":{"nesting_mode":"list","block":{"attributes":{"to":{"type":"string","description_kind":"plain","required":true}},"description_kind":"plain"}},"tag_refs":{"nesting_mode":"list","block":{"attributes":{"to":{"type":"string","description_kind":"plain","required":true}},"description_kind":"plain"}},"virtual_machine_interface_refs":{"nesting_mode":"list","block":{"attributes":{"to":{"type":"string","description_kind":"plain","required":true}},"description_kind":"plain"}}},"description_kind":"plain"}},"contrail_loadbalancer_refs":{"version":0,"block":{"attributes":{"id":{"type":"string","description_kind":"plain","optional":true,"computed":true},"uuid":{"type":"string","description_kind":"plain","required":true}},"block_types":{"service_appliance_set_refs":{"nesting_mode":"list","block":{"attributes":{"to":{"type":"string","description_kind":"plain","required":true}},"description_kind":"plain"}},"service_instance_refs":{"nesting_mode":"list","block":{"attributes":{"to":{"type":"string","description_kind":"plain","required":true}},"description_kind":"plain"}},"tag_refs":{"nesting_mode":"list","block":{"attributes":{"to":{"type":"string","description_kind":"plain","required":true}},"description_kind":"plain"}},"virtual_machine_interface_refs":{"nesting_mode":"list","block":{"attributes":{"to":{"type":"string","description_kind":"plain","required":true}},"description_kind":"plain"}}},"description_kind":"plain"}},"contrail_logical_interface":{"version":0,"block":{"attributes":{"display_name":{"type":"string","description_kind":"plain","optional":true},"id":{"type":"string","description_kind":"plain","optional":true,"computed":true},"logical_interface_type":{"type":"string","description_kind":"plain","optional":true},"logical_interface_vlan_tag":{"type":"number","description_kind":"plain","optional":true},"name":{"type":"string","description_kind":"plain","required":true},"parent_uuid":{"type":"string","description_kind":"plain","optional":true}},"block_types":{"annotations":{"nesting_mode":"list","block":{"block_types":{"key_value_pair":{"nesting_mode":"list","block":{"attributes":{"key":{"type":"string","description_kind":"plain","optional":true},"value":{"type":"string","description_kind":"plain","optional":true}},"description_kind":"plain"}}},"description_kind":"plain"}},"id_perms":{"nesting_mode":"list","block":{"attributes":{"created":{"type":"string","description_kind":"plain","optional":true},"creator":{"type":"string","description_kind":"plain","optional":true},"description":{"type":"string","description_kind":"plain","optional":true},"enable":{"type":"bool","description_kind":"plain","required":true},"last_modified":{"type":"string","description_kind":"plain","optional":true},"user_visible":{"type":"bool","description_kind":"plain","optional":true}},"block_types":{"permissions":{"nesting_mode":"list","block":{"attributes":{"group":{"type":"string","description_kind":"plain","optional":true},"group_access":{"type":"number","description_kind":"plain","optional":true},"other_access":{"type":"number","description_kind":"plain","optional":true},"owner":{"type":"string","description_kind":"plain","optional":true},"owner_access":{"type":"number","description_kind":"plain","optional":true}},"description_kind":"plain"}},"uuid":{"nesting_mode":"list","block":{"attributes":{"uuid_lslong":{"type":"number","description_kind":"plain","optional":true},"uuid_mslong":{"type":"number","description_kind":"plain","optional":true}},"description_kind":"plain"},"min_items":1}},"description_kind":"plain"}},"perms2":{"nesting_mode":"list","block":{"attributes":{"global_access":{"type":"number","description_kind":"plain","optional":true},"owner":{"type":"string","description_kind":"plain","required":true},"owner_access":{"type":"number","description_kind":"plain","required":true}},"block_types":{"share":{"nesting_mode":"list","block":{"attributes":{"tenant":{"type":"string","description_kind":"plain","required":true},"tenant_access":{"type":"number","description_kind":"plain","required":true}},"description_kind":"plain"}}},"description_kind":"plain"}}},"description_kind":"plain"}},"contrail_logical_interface_refs":{"version":0,"block":{"attributes":{"id":{"type":"string","description_kind":"plain","optional":true,"computed":true},"uuid":{"type":"string","description_kind":"plain","required":true}},"block_types":{"tag_refs":{"nesting_mode":"list","block":{"attributes":{"to":{"type":"string","description_kind":"plain","required":true}},"description_kind":"plain"}},"virtual_machine_interface_refs":{"nesting_mode":"list","block":{"attributes":{"to":{"type":"string","description_kind":"plain","required":true}},"description_kind":"plain"}}},"description_kind":"plain"}},"contrail_logical_router":{"version":0,"block":{"attributes":{"display_name":{"type":"string","description_kind":"plain","optional":true},"id":{"type":"string","description_kind":"plain","optional":true,"computed":true},"name":{"type":"string","description_kind":"plain","required":true},"parent_uuid":{"type":"string","description_kind":"plain","optional":true},"vxlan_network_identifier":{"type":"string","description_kind":"plain","optional":true}},"block_types":{"annotations":{"nesting_mode":"list","block":{"block_types":{"key_value_pair":{"nesting_mode":"list","block":{"attributes":{"key":{"type":"string","description_kind":"plain","optional":true},"value":{"type":"string","description_kind":"plain","optional":true}},"description_kind":"plain"}}},"description_kind":"plain"}},"configured_route_target_list":{"nesting_mode":"list","block":{"attributes":{"route_target":{"type":["list","string"],"description_kind":"plain","optional":true}},"description_kind":"plain"}},"id_perms":{"nesting_mode":"list","block":{"attributes":{"created":{"type":"string","description_kind":"plain","optional":true},"creator":{"type":"string","description_kind":"plain","optional":true},"description":{"type":"string","description_kind":"plain","optional":true},"enable":{"type":"bool","description_kind":"plain","required":true},"last_modified":{"type":"string","description_kind":"plain","optional":true},"user_visible":{"type":"bool","description_kind":"plain","optional":true}},"block_types":{"permissions":{"nesting_mode":"list","block":{"attributes":{"group":{"type":"string","description_kind":"plain","optional":true},"group_access":{"type":"number","description_kind":"plain","optional":true},"other_access":{"type":"number","description_kind":"plain","optional":true},"owner":{"type":"string","description_kind":"plain","optional":true},"owner_access":{"type":"number","description_kind":"plain","optional":true}},"description_kind":"plain"}},"uuid":{"nesting_mode":"list","block":{"attributes":{"uuid_lslong":{"type":"number","description_kind":"plain","optional":true},"uuid_mslong":{"type":"number","description_kind":"plain","optional":true}},"description_kind":"plain"},"min_items":1}},"description_kind":"plain"}},"perms2":{"nesting_mode":"list","block":{"attributes":{"global_access":{"type":"number","description_kind":"plain","optional":true},"owner":{"type":"string","description_kind":"plain","required":true},"owner_access":{"type":"number","description_kind":"plain","required":true}},"block_types":{"share":{"nesting_mode":"list","block":{"attributes":{"tenant":{"type":"string","description_kind":"plain","required":true},"tenant_access":{"type":"number","description_kind":"plain","required":true}},"description_kind":"plain"}}},"description_kind":"plain"}}},"description_kind":"plain"}},"contrail_logical_router_refs":{"version":0,"block":{"attributes":{"id":{"type":"string","description_kind":"plain","optional":true,"computed":true},"uuid":{"type":"string","description_kind":"plain","required":true}},"block_types":{"bgpvpn_refs":{"nesting_mode":"list","block":{"attributes":{"to":{"type":"string","description_kind":"plain","required":true}},"description_kind":"plain"}},"physical_router_refs":{"nesting_mode":"list","block":{"attributes":{"to":{"type":"string","description_kind":"plain","required":true}},"description_kind":"plain"}},"route_table_refs":{"nesting_mode":"list","block":{"attributes":{"to":{"type":"string","description_kind":"plain","required":true}},"description_kind":"plain"}},"route_target_refs":{"nesting_mode":"list","block":{"attributes":{"to":{"type":"string","description_kind":"plain","required":true}},"description_kind":"plain"}},"service_instance_refs":{"nesting_mode":"list","block":{"attributes":{"to":{"type":"string","description_kind":"plain","required":true}},"description_kind":"plain"}},"tag_refs":{"nesting_mode":"list","block":{"attributes":{"to":{"type":"string","description_kind":"plain","required":true}},"description_kind":"plain"}},"virtual_machine_interface_refs":{"nesting_mode":"list","block":{"attributes":{"to":{"type":"string","description_kind":"plain","required":true}},"description_kind":"plain"}},"virtual_network_refs":{"nesting_mode":"list","block":{"attributes":{"to":{"type":"string","description_kind":"plain","required":true}},"description_kind":"plain"}}},"description_kind":"plain"}},"contrail_namespace":{"version":0,"block":{"attributes":{"display_name":{"type":"string","description_kind":"plain","optional":true},"id":{"type":"string","description_kind":"plain","optional":true,"computed":true},"name":{"type":"string","description_kind":"plain","required":true},"parent_uuid":{"type":"string","description_kind":"plain","optional":true}},"block_types":{"annotations":{"nesting_mode":"list","block":{"block_types":{"key_value_pair":{"nesting_mode":"list","block":{"attributes":{"key":{"type":"string","description_kind":"plain","optional":true},"value":{"type":"string","description_kind":"plain","optional":true}},"description_kind":"plain"}}},"description_kind":"plain"}},"id_perms":{"nesting_mode":"list","block":{"attributes":{"created":{"type":"string","description_kind":"plain","optional":true},"creator":{"type":"string","description_kind":"plain","optional":true},"description":{"type":"string","description_kind":"plain","optional":true},"enable":{"type":"bool","description_kind":"plain","required":true},"last_modified":{"type":"string","description_kind":"plain","optional":true},"user_visible":{"type":"bool","description_kind":"plain","optional":true}},"block_types":{"permissions":{"nesting_mode":"list","block":{"attributes":{"group":{"type":"string","description_kind":"plain","optional":true},"group_access":{"type":"number","description_kind":"plain","optional":true},"other_access":{"type":"number","description_kind":"plain","optional":true},"owner":{"type":"string","description_kind":"plain","optional":true},"owner_access":{"type":"number","description_kind":"plain","optional":true}},"description_kind":"plain"}},"uuid":{"nesting_mode":"list","block":{"attributes":{"uuid_lslong":{"type":"number","description_kind":"plain","optional":true},"uuid_mslong":{"type":"number","description_kind":"plain","optional":true}},"description_kind":"plain"},"min_items":1}},"description_kind":"plain"}},"namespace_cidr":{"nesting_mode":"list","block":{"attributes":{"ip_prefix":{"type":"string","description_kind":"plain","optional":true},"ip_prefix_len":{"type":"number","description_kind":"plain","optional":true}},"description_kind":"plain"}},"perms2":{"nesting_mode":"list","block":{"attributes":{"global_access":{"type":"number","description_kind":"plain","optional":true},"owner":{"type":"string","description_kind":"plain","required":true},"owner_access":{"type":"number","description_kind":"plain","required":true}},"block_types":{"share":{"nesting_mode":"list","block":{"attributes":{"tenant":{"type":"string","description_kind":"plain","required":true},"tenant_access":{"type":"number","description_kind":"plain","required":true}},"description_kind":"plain"}}},"description_kind":"plain"}}},"description_kind":"plain"}},"contrail_namespace_refs":{"version":0,"block":{"attributes":{"id":{"type":"string","description_kind":"plain","optional":true,"computed":true},"uuid":{"type":"string","description_kind":"plain","required":true}},"block_types":{"tag_refs":{"nesting_mode":"list","block":{"attributes":{"to":{"type":"string","description_kind":"plain","required":true}},"description_kind":"plain"}}},"description_kind":"plain"}},"contrail_network_device_config":{"version":0,"block":{"attributes":{"display_name":{"type":"string","description_kind":"plain","optional":true},"id":{"type":"string","description_kind":"plain","optional":true,"computed":true},"name":{"type":"string","description_kind":"plain","required":true},"parent_uuid":{"type":"string","description_kind":"plain","optional":true}},"block_types":{"annotations":{"nesting_mode":"list","block":{"block_types":{"key_value_pair":{"nesting_mode":"list","block":{"attributes":{"key":{"type":"string","description_kind":"plain","optional":true},"value":{"type":"string","description_kind":"plain","optional":true}},"description_kind":"plain"}}},"description_kind":"plain"}},"id_perms":{"nesting_mode":"list","block":{"attributes":{"created":{"type":"string","description_kind":"plain","optional":true},"creator":{"type":"string","description_kind":"plain","optional":true},"description":{"type":"string","description_kind":"plain","optional":true},"enable":{"type":"bool","description_kind":"plain","required":true},"last_modified":{"type":"string","description_kind":"plain","optional":true},"user_visible":{"type":"bool","description_kind":"plain","optional":true}},"block_types":{"permissions":{"nesting_mode":"list","block":{"attributes":{"group":{"type":"string","description_kind":"plain","optional":true},"group_access":{"type":"number","description_kind":"plain","optional":true},"other_access":{"type":"number","description_kind":"plain","optional":true},"owner":{"type":"string","description_kind":"plain","optional":true},"owner_access":{"type":"number","description_kind":"plain","optional":true}},"description_kind":"plain"}},"uuid":{"nesting_mode":"list","block":{"attributes":{"uuid_lslong":{"type":"number","description_kind":"plain","optional":true},"uuid_mslong":{"type":"number","description_kind":"plain","optional":true}},"description_kind":"plain"},"min_items":1}},"description_kind":"plain"}},"perms2":{"nesting_mode":"list","block":{"attributes":{"global_access":{"type":"number","description_kind":"plain","optional":true},"owner":{"type":"string","description_kind":"plain","required":true},"owner_access":{"type":"number","description_kind":"plain","required":true}},"block_types":{"share":{"nesting_mode":"list","block":{"attributes":{"tenant":{"type":"string","description_kind":"plain","required":true},"tenant_access":{"type":"number","description_kind":"plain","required":true}},"description_kind":"plain"}}},"description_kind":"plain"}}},"description_kind":"plain"}},"contrail_network_device_config_refs":{"version":0,"block":{"attributes":{"id":{"type":"string","description_kind":"plain","optional":true,"computed":true},"uuid":{"type":"string","description_kind":"plain","required":true}},"block_types":{"physical_router_refs":{"nesting_mode":"list","block":{"attributes":{"to":{"type":"string","description_kind":"plain","required":true}},"description_kind":"plain"}},"tag_refs":{"nesting_mode":"list","block":{"attributes":{"to":{"type":"string","description_kind":"plain","required":true}},"description_kind":"plain"}}},"description_kind":"plain"}},"contrail_network_ipam":{"version":0,"block":{"attributes":{"display_name":{"type":"string","description_kind":"plain","optional":true},"id":{"type":"string","description_kind":"plain","optional":true,"computed":true},"ipam_subnet_method":{"type":"string","description_kind":"plain","optional":true},"name":{"type":"string","description_kind":"plain","required":true},"parent_uuid":{"type":"string","description_kind":"plain","optional":true}},"block_types":{"annotations":{"nesting_mode":"list","block":{"block_types":{"key_value_pair":{"nesting_mode":"list","block":{"attributes":{"key":{"type":"string","description_kind":"plain","optional":true},"value":{"type":"string","description_kind":"plain","optional":true}},"description_kind":"plain"}}},"description_kind":"plain"}},"id_perms":{"nesting_mode":"list","block":{"attributes":{"created":{"type":"string","description_kind":"plain","optional":true},"creator":{"type":"string","description_kind":"plain","optional":true},"description":{"type":"string","description_kind":"plain","optional":true},"enable":{"type":"bool","description_kind":"plain","required":true},"last_modified":{"type":"string","description_kind":"plain","optional":true},"user_visible":{"type":"bool","description_kind":"plain","optional":true}},"block_types":{"permissions":{"nesting_mode":"list","block":{"attributes":{"group":{"type":"string","description_kind":"plain","optional":true},"group_access":{"type":"number","description_kind":"plain","optional":true},"other_access":{"type":"number","description_kind":"plain","optional":true},"owner":{"type":"string","description_kind":"plain","optional":true},"owner_access":{"type":"number","description_kind":"plain","optional":true}},"description_kind":"plain"}},"uuid":{"nesting_mode":"list","block":{"attributes":{"uuid_lslong":{"type":"number","description_kind":"plain","optional":true},"uuid_mslong":{"type":"number","description_kind":"plain","optional":true}},"description_kind":"plain"},"min_items":1}},"description_kind":"plain"}},"ipam_subnets":{"nesting_mode":"list","block":{"block_types":{"subnets":{"nesting_mode":"list","block":{"attributes":{"addr_from_start":{"type":"bool","description_kind":"plain","optional":true},"alloc_unit":{"type":"number","description_kind":"plain","optional":true},"created":{"type":"string","description_kind":"plain","optional":true},"default_gateway":{"type":"string","description_kind":"plain","optional":true},"dns_nameservers":{"type":["list","string"],"description_kind":"plain","optional":true},"dns_server_address":{"type":"string","description_kind":"plain","optional":true},"enable_dhcp":{"type":"bool","description_kind":"plain","optional":true},"last_modified":{"type":"string","description_kind":"plain","optional":true},"subnet_name":{"type":"string","description_kind":"plain","optional":true},"subnet_uuid":{"type":"string","description_kind":"plain","optional":true}},"block_types":{"allocation_pools":{"nesting_mode":"list","block":{"attributes":{"end":{"type":"string","description_kind":"plain","optional":true},"start":{"type":"string","description_kind":"plain","optional":true},"vrouter_specific_pool":{"type":"bool","description_kind":"plain","optional":true}},"description_kind":"plain"}},"dhcp_option_list":{"nesting_mode":"list","block":{"block_types":{"dhcp_option":{"nesting_mode":"list","block":{"attributes":{"dhcp_option_name":{"type":"string","description_kind":"plain","required":true},"dhcp_option_value":{"type":"string","description_kind":"plain","required":true},"dhcp_option_value_bytes":{"type":"string","description_kind":"plain","required":true}},"description_kind":"plain"}}},"description_kind":"plain"}},"host_routes":{"nesting_mode":"list","block":{"block_types":{"route":{"nesting_mode":"list","block":{"attributes":{"next_hop":{"type":"string","description_kind":"plain","optional":true},"next_hop_type":{"type":"string","description_kind":"plain","optional":true},"prefix":{"type":"string","description_kind":"plain","optional":true}},"block_types":{"community_attributes":{"nesting_mode":"list","block":{"attributes":{"community_attribute":{"type":["list","string"],"description_kind":"plain","optional":true}},"description_kind":"plain"}}},"description_kind":"plain"}}},"description_kind":"plain"}},"subnet":{"nesting_mode":"list","block":{"attributes":{"ip_prefix":{"type":"string","description_kind":"plain","optional":true},"ip_prefix_len":{"type":"number","description_kind":"plain","optional":true}},"description_kind":"plain"},"min_items":1}},"description_kind":"plain"}}},"description_kind":"plain"}},"network_ipam_mgmt":{"nesting_mode":"list","block":{"attributes":{"ipam_dns_method":{"type":"string","description_kind":"plain","optional":true},"ipam_method":{"type":"string","description_kind":"plain","optional":true}},"block_types":{"cidr_block":{"nesting_mode":"list","block":{"attributes":{"ip_prefix":{"type":"string","description_kind":"plain","optional":true},"ip_prefix_len":{"type":"number","description_kind":"plain","optional":true}},"description_kind":"plain"}},"dhcp_option_list":{"nesting_mode":"list","block":{"block_types":{"dhcp_option":{"nesting_mode":"list","block":{"attributes":{"dhcp_option_name":{"type":"string","description_kind":"plain","required":true},"dhcp_option_value":{"type":"string","description_kind":"plain","required":true},"dhcp_option_value_bytes":{"type":"string","description_kind":"plain","required":true}},"description_kind":"plain"}}},"description_kind":"plain"}},"host_routes":{"nesting_mode":"list","block":{"block_types":{"route":{"nesting_mode":"list","block":{"attributes":{"next_hop":{"type":"string","description_kind":"plain","optional":true},"next_hop_type":{"type":"string","description_kind":"plain","optional":true},"prefix":{"type":"string","description_kind":"plain","optional":true}},"block_types":{"community_attributes":{"nesting_mode":"list","block":{"attributes":{"community_attribute":{"type":["list","string"],"description_kind":"plain","optional":true}},"description_kind":"plain"}}},"description_kind":"plain"}}},"description_kind":"plain"}},"ipam_dns_server":{"nesting_mode":"list","block":{"attributes":{"virtual_dns_server_name":{"type":"string","description_kind":"plain","optional":true}},"block_types":{"tenant_dns_server_address":{"nesting_mode":"list","block":{"attributes":{"ip_address":{"type":["list","string"],"description_kind":"plain","optional":true}},"description_kind":"plain"}}},"description_kind":"plain"}}},"description_kind":"plain"}},"perms2":{"nesting_mode":"list","block":{"attributes":{"global_access":{"type":"number","description_kind":"plain","optional":true},"owner":{"type":"string","description_kind":"plain","required":true},"owner_access":{"type":"number","description_kind":"plain","required":true}},"block_types":{"share":{"nesting_mode":"list","block":{"attributes":{"tenant":{"type":"string","description_kind":"plain","required":true},"tenant_access":{"type":"number","description_kind":"plain","required":true}},"description_kind":"plain"}}},"description_kind":"plain"}}},"description_kind":"plain"}},"contrail_network_ipam_refs":{"version":0,"block":{"attributes":{"id":{"type":"string","description_kind":"plain","optional":true,"computed":true},"uuid":{"type":"string","description_kind":"plain","required":true}},"block_types":{"tag_refs":{"nesting_mode":"list","block":{"attributes":{"to":{"type":"string","description_kind":"plain","required":true}},"description_kind":"plain"}},"virtual_dns_refs":{"nesting_mode":"list","block":{"attributes":{"to":{"type":"string","description_kind":"plain","required":true}},"description_kind":"plain"}}},"description_kind":"plain"}},"contrail_network_policy":{"version":0,"block":{"attributes":{"display_name":{"type":"string","description_kind":"plain","optional":true},"id":{"type":"string","description_kind":"plain","optional":true,"computed":true},"name":{"type":"string","description_kind":"plain","required":true},"parent_uuid":{"type":"string","description_kind":"plain","optional":true}},"block_types":{"annotations":{"nesting_mode":"list","block":{"block_types":{"key_value_pair":{"nesting_mode":"list","block":{"attributes":{"key":{"type":"string","description_kind":"plain","optional":true},"value":{"type":"string","description_kind":"plain","optional":true}},"description_kind":"plain"}}},"description_kind":"plain"}},"id_perms":{"nesting_mode":"list","block":{"attributes":{"created":{"type":"string","description_kind":"plain","optional":true},"creator":{"type":"string","description_kind":"plain","optional":true},"description":{"type":"string","description_kind":"plain","optional":true},"enable":{"type":"bool","description_kind":"plain","required":true},"last_modified":{"type":"string","description_kind":"plain","optional":true},"user_visible":{"type":"bool","description_kind":"plain","optional":true}},"block_types":{"permissions":{"nesting_mode":"list","block":{"attributes":{"group":{"type":"string","description_kind":"plain","optional":true},"group_access":{"type":"number","description_kind":"plain","optional":true},"other_access":{"type":"number","description_kind":"plain","optional":true},"owner":{"type":"string","description_kind":"plain","optional":true},"owner_access":{"type":"number","description_kind":"plain","optional":true}},"description_kind":"plain"}},"uuid":{"nesting_mode":"list","block":{"attributes":{"uuid_lslong":{"type":"number","description_kind":"plain","optional":true},"uuid_mslong":{"type":"number","description_kind":"plain","optional":true}},"description_kind":"plain"},"min_items":1}},"description_kind":"plain"}},"network_policy_entries":{"nesting_mode":"list","block":{"block_types":{"policy_rule":{"nesting_mode":"list","block":{"attributes":{"application":{"type":["list","string"],"description_kind":"plain","optional":true},"created":{"type":"string","description_kind":"plain","optional":true},"direction":{"type":"string","description_kind":"plain","required":true},"ethertype":{"type":"string","description_kind":"plain","required":true},"last_modified":{"type":"string","description_kind":"plain","optional":true},"protocol":{"type":"string","description_kind":"plain","required":true},"rule_uuid":{"type":"string","description_kind":"plain","optional":true}},"block_types":{"action_list":{"nesting_mode":"list","block":{"attributes":{"alert":{"type":"bool","description_kind":"plain","optional":true},"apply_service":{"type":["list","string"],"description_kind":"plain","optional":true},"assign_routing_instance":{"type":"string","description_kind":"plain","optional":true},"gateway_name":{"type":"string","description_kind":"plain","optional":true},"log":{"type":"bool","description_kind":"plain","optional":true},"qos_action":{"type":"string","description_kind":"plain","optional":true},"simple_action":{"type":"string","description_kind":"plain","required":true}},"block_types":{"mirror_to":{"nesting_mode":"list","block":{"attributes":{"analyzer_ip_address":{"type":"string","description_kind":"plain","required":true},"analyzer_mac_address":{"type":"string","description_kind":"plain","optional":true},"analyzer_name":{"type":"string","description_kind":"plain","optional":true},"encapsulation":{"type":"string","description_kind":"plain","optional":true},"juniper_header":{"type":"bool","description_kind":"plain","optional":true},"nh_mode":{"type":"string","description_kind":"plain","optional":true},"nic_assisted_mirroring":{"type":"bool","description_kind":"plain","optional":true},"nic_assisted_mirroring_vlan":{"type":"number","description_kind":"plain","optional":true},"routing_instance":{"type":"string","description_kind":"plain","required":true},"udp_port":{"type":"number","description_kind":"plain","optional":true}},"block_types":{"static_nh_header":{"nesting_mode":"list","block":{"attributes":{"vni":{"type":"number","description_kind":"plain","required":true},"vtep_dst_ip_address":{"type":"string","description_kind":"plain","required":true},"vtep_dst_mac_address":{"type":"string","description_kind":"plain","optional":true}},"description_kind":"plain"}}},"description_kind":"plain"}}},"description_kind":"plain"},"min_items":1},"dst_addresses":{"nesting_mode":"list","block":{"attributes":{"network_policy":{"type":"string","description_kind":"plain","optional":true},"security_group":{"type":"string","description_kind":"plain","optional":true},"virtual_network":{"type":"string","description_kind":"plain","optional":true}},"block_types":{"subnet":{"nesting_mode":"list","block":{"attributes":{"ip_prefix":{"type":"string","description_kind":"plain","optional":true},"ip_prefix_len":{"type":"number","description_kind":"plain","optional":true}},"description_kind":"plain"}},"subnet_list":{"nesting_mode":"list","block":{"attributes":{"ip_prefix":{"type":"string","description_kind":"plain","optional":true},"ip_prefix_len":{"type":"number","description_kind":"plain","optional":true}},"description_kind":"plain"}}},"description_kind":"plain"},"min_items":1},"dst_ports":{"nesting_mode":"list","block":{"attributes":{"end_port":{"type":"number","description_kind":"plain","required":true},"start_port":{"type":"number","description_kind":"plain","required":true}},"description_kind":"plain"},"min_items":1},"rule_sequence":{"nesting_mode":"list","block":{"attributes":{"major":{"type":"number","description_kind":"plain","required":true},"minor":{"type":"number","description_kind":"plain","required":true}},"description_kind":"plain"}},"src_addresses":{"nesting_mode":"list","block":{"attributes":{"network_policy":{"type":"string","description_kind":"plain","optional":true},"security_group":{"type":"string","description_kind":"plain","optional":true},"virtual_network":{"type":"string","description_kind":"plain","optional":true}},"block_types":{"subnet":{"nesting_mode":"list","block":{"attributes":{"ip_prefix":{"type":"string","description_kind":"plain","optional":true},"ip_prefix_len":{"type":"number","description_kind":"plain","optional":true}},"description_kind":"plain"}},"subnet_list":{"nesting_mode":"list","block":{"attributes":{"ip_prefix":{"type":"string","description_kind":"plain","optional":true},"ip_prefix_len":{"type":"number","description_kind":"plain","optional":true}},"description_kind":"plain"}}},"description_kind":"plain"},"min_items":1},"src_ports":{"nesting_mode":"list","block":{"attributes":{"end_port":{"type":"number","description_kind":"plain","required":true},"start_port":{"type":"number","description_kind":"plain","required":true}},"description_kind":"plain"},"min_items":1}},"description_kind":"plain"},"min_items":1}},"description_kind":"plain"}},"perms2":{"nesting_mode":"list","block":{"attributes":{"global_access":{"type":"number","description_kind":"plain","optional":true},"owner":{"type":"string","description_kind":"plain","required":true},"owner_access":{"type":"number","description_kind":"plain","required":true}},"block_types":{"share":{"nesting_mode":"list","block":{"attributes":{"tenant":{"type":"string","description_kind":"plain","required":true},"tenant_access":{"type":"number","description_kind":"plain","required":true}},"description_kind":"plain"}}},"description_kind":"plain"}}},"description_kind":"plain"}},"contrail_network_policy_refs":{"version":0,"block":{"attributes":{"id":{"type":"string","description_kind":"plain","optional":true,"computed":true},"uuid":{"type":"string","description_kind":"plain","required":true}},"block_types":{"tag_refs":{"nesting_mode":"list","block":{"attributes":{"to":{"type":"string","description_kind":"plain","required":true}},"description_kind":"plain"}}},"description_kind":"plain"}},"contrail_peering_policy":{"version":0,"block":{"attributes":{"display_name":{"type":"string","description_kind":"plain","optional":true},"id":{"type":"string","description_kind":"plain","optional":true,"computed":true},"name":{"type":"string","description_kind":"plain","required":true},"parent_uuid":{"type":"string","description_kind":"plain","optional":true},"peering_service":{"type":"string","description_kind":"plain","optional":true}},"block_types":{"annotations":{"nesting_mode":"list","block":{"block_types":{"key_value_pair":{"nesting_mode":"list","block":{"attributes":{"key":{"type":"string","description_kind":"plain","optional":true},"value":{"type":"string","description_kind":"plain","optional":true}},"description_kind":"plain"}}},"description_kind":"plain"}},"id_perms":{"nesting_mode":"list","block":{"attributes":{"created":{"type":"string","description_kind":"plain","optional":true},"creator":{"type":"string","description_kind":"plain","optional":true},"description":{"type":"string","description_kind":"plain","optional":true},"enable":{"type":"bool","description_kind":"plain","required":true},"last_modified":{"type":"string","description_kind":"plain","optional":true},"user_visible":{"type":"bool","description_kind":"plain","optional":true}},"block_types":{"permissions":{"nesting_mode":"list","block":{"attributes":{"group":{"type":"string","description_kind":"plain","optional":true},"group_access":{"type":"number","description_kind":"plain","optional":true},"other_access":{"type":"number","description_kind":"plain","optional":true},"owner":{"type":"string","description_kind":"plain","optional":true},"owner_access":{"type":"number","description_kind":"plain","optional":true}},"description_kind":"plain"}},"uuid":{"nesting_mode":"list","block":{"attributes":{"uuid_lslong":{"type":"number","description_kind":"plain","optional":true},"uuid_mslong":{"type":"number","description_kind":"plain","optional":true}},"description_kind":"plain"},"min_items":1}},"description_kind":"plain"}},"perms2":{"nesting_mode":"list","block":{"attributes":{"global_access":{"type":"number","description_kind":"plain","optional":true},"owner":{"type":"string","description_kind":"plain","required":true},"owner_access":{"type":"number","description_kind":"plain","required":true}},"block_types":{"share":{"nesting_mode":"list","block":{"attributes":{"tenant":{"type":"string","description_kind":"plain","required":true},"tenant_access":{"type":"number","description_kind":"plain","required":true}},"description_kind":"plain"}}},"description_kind":"plain"}}},"description_kind":"plain"}},"contrail_peering_policy_refs":{"version":0,"block":{"attributes":{"id":{"type":"string","description_kind":"plain","optional":true,"computed":true},"uuid":{"type":"string","description_kind":"plain","required":true}},"block_types":{"tag_refs":{"nesting_mode":"list","block":{"attributes":{"to":{"type":"string","description_kind":"plain","required":true}},"description_kind":"plain"}}},"description_kind":"plain"}},"contrail_physical_interface":{"version":0,"block":{"attributes":{"display_name":{"type":"string","description_kind":"plain","optional":true},"ethernet_segment_identifier":{"type":"string","description_kind":"plain","optional":true},"id":{"type":"string","description_kind":"plain","optional":true,"computed":true},"name":{"type":"string","description_kind":"plain","required":true},"parent_uuid":{"type":"string","description_kind":"plain","optional":true}},"block_types":{"annotations":{"nesting_mode":"list","block":{"block_types":{"key_value_pair":{"nesting_mode":"list","block":{"attributes":{"key":{"type":"string","description_kind":"plain","optional":true},"value":{"type":"string","description_kind":"plain","optional":true}},"description_kind":"plain"}}},"description_kind":"plain"}},"id_perms":{"nesting_mode":"list","block":{"attributes":{"created":{"type":"string","description_kind":"plain","optional":true},"creator":{"type":"string","description_kind":"plain","optional":true},"description":{"type":"string","description_kind":"plain","optional":true},"enable":{"type":"bool","description_kind":"plain","required":true},"last_modified":{"type":"string","description_kind":"plain","optional":true},"user_visible":{"type":"bool","description_kind":"plain","optional":true}},"block_types":{"permissions":{"nesting_mode":"list","block":{"attributes":{"group":{"type":"string","description_kind":"plain","optional":true},"group_access":{"type":"number","description_kind":"plain","optional":true},"other_access":{"type":"number","description_kind":"plain","optional":true},"owner":{"type":"string","description_kind":"plain","optional":true},"owner_access":{"type":"number","description_kind":"plain","optional":true}},"description_kind":"plain"}},"uuid":{"nesting_mode":"list","block":{"attributes":{"uuid_lslong":{"type":"number","description_kind":"plain","optional":true},"uuid_mslong":{"type":"number","description_kind":"plain","optional":true}},"description_kind":"plain"},"min_items":1}},"description_kind":"plain"}},"perms2":{"nesting_mode":"list","block":{"attributes":{"global_access":{"type":"number","description_kind":"plain","optional":true},"owner":{"type":"string","description_kind":"plain","required":true},"owner_access":{"type":"number","description_kind":"plain","required":true}},"block_types":{"share":{"nesting_mode":"list","block":{"attributes":{"tenant":{"type":"string","description_kind":"plain","required":true},"tenant_access":{"type":"number","description_kind":"plain","required":true}},"description_kind":"plain"}}},"description_kind":"plain"}}},"description_kind":"plain"}},"contrail_physical_interface_refs":{"version":0,"block":{"attributes":{"id":{"type":"string","description_kind":"plain","optional":true,"computed":true},"uuid":{"type":"string","description_kind":"plain","required":true}},"block_types":{"physical_interface_refs":{"nesting_mode":"list","block":{"attributes":{"to":{"type":"string","description_kind":"plain","required":true}},"description_kind":"plain"}},"tag_refs":{"nesting_mode":"list","block":{"attributes":{"to":{"type":"string","description_kind":"plain","required":true}},"description_kind":"plain"}}},"description_kind":"plain"}},"contrail_physical_router":{"version":0,"block":{"attributes":{"display_name":{"type":"string","description_kind":"plain","optional":true},"id":{"type":"string","description_kind":"plain","optional":true,"computed":true},"name":{"type":"string","description_kind":"plain","required":true},"parent_uuid":{"type":"string","description_kind":"plain","optional":true},"physical_router_dataplane_ip":{"type":"string","description_kind":"plain","optional":true},"physical_router_lldp":{"type":"bool","description_kind":"plain","optional":true},"physical_router_loopback_ip":{"type":"string","description_kind":"plain","optional":true},"physical_router_management_ip":{"type":"string","description_kind":"plain","optional":true},"physical_router_product_name":{"type":"string","description_kind":"plain","optional":true},"physical_router_role":{"type":"string","description_kind":"plain","optional":true},"physical_router_snmp":{"type":"bool","description_kind":"plain","optional":true},"physical_router_vendor_name":{"type":"string","description_kind":"plain","optional":true},"physical_router_vnc_managed":{"type":"bool","description_kind":"plain","optional":true}},"block_types":{"annotations":{"nesting_mode":"list","block":{"block_types":{"key_value_pair":{"nesting_mode":"list","block":{"attributes":{"key":{"type":"string","description_kind":"plain","optional":true},"value":{"type":"string","description_kind":"plain","optional":true}},"description_kind":"plain"}}},"description_kind":"plain"}},"id_perms":{"nesting_mode":"list","block":{"attributes":{"created":{"type":"string","description_kind":"plain","optional":true},"creator":{"type":"string","description_kind":"plain","optional":true},"description":{"type":"string","description_kind":"plain","optional":true},"enable":{"type":"bool","description_kind":"plain","required":true},"last_modified":{"type":"string","description_kind":"plain","optional":true},"user_visible":{"type":"bool","description_kind":"plain","optional":true}},"block_types":{"permissions":{"nesting_mode":"list","block":{"attributes":{"group":{"type":"string","description_kind":"plain","optional":true},"group_access":{"type":"number","description_kind":"plain","optional":true},"other_access":{"type":"number","description_kind":"plain","optional":true},"owner":{"type":"string","description_kind":"plain","optional":true},"owner_access":{"type":"number","description_kind":"plain","optional":true}},"description_kind":"plain"}},"uuid":{"nesting_mode":"list","block":{"attributes":{"uuid_lslong":{"type":"number","description_kind":"plain","optional":true},"uuid_mslong":{"type":"number","description_kind":"plain","optional":true}},"description_kind":"plain"},"min_items":1}},"description_kind":"plain"}},"perms2":{"nesting_mode":"list","block":{"attributes":{"global_access":{"type":"number","description_kind":"plain","optional":true},"owner":{"type":"string","description_kind":"plain","required":true},"owner_access":{"type":"number","description_kind":"plain","required":true}},"block_types":{"share":{"nesting_mode":"list","block":{"attributes":{"tenant":{"type":"string","description_kind":"plain","required":true},"tenant_access":{"type":"number","description_kind":"plain","required":true}},"description_kind":"plain"}}},"description_kind":"plain"}},"physical_router_junos_service_ports":{"nesting_mode":"list","block":{"attributes":{"service_port":{"type":["list","string"],"description_kind":"plain","optional":true}},"description_kind":"plain"}},"physical_router_snmp_credentials":{"nesting_mode":"list","block":{"attributes":{"local_port":{"type":"number","description_kind":"plain","optional":true},"retries":{"type":"number","description_kind":"plain","optional":true},"timeout":{"type":"number","description_kind":"plain","optional":true},"v2_community":{"type":"string","description_kind":"plain","optional":true},"v3_authentication_password":{"type":"string","description_kind":"plain","optional":true},"v3_authentication_protocol":{"type":"string","description_kind":"plain","optional":true},"v3_context":{"type":"string","description_kind":"plain","optional":true},"v3_context_engine_id":{"type":"string","description_kind":"plain","optional":true},"v3_engine_boots":{"type":"number","description_kind":"plain","optional":true},"v3_engine_id":{"type":"string","description_kind":"plain","optional":true},"v3_engine_time":{"type":"number","description_kind":"plain","optional":true},"v3_privacy_password":{"type":"string","description_kind":"plain","optional":true},"v3_privacy_protocol":{"type":"string","description_kind":"plain","optional":true},"v3_security_engine_id":{"type":"string","description_kind":"plain","optional":true},"v3_security_level":{"type":"string","description_kind":"plain","optional":true},"v3_security_name":{"type":"string","description_kind":"plain","optional":true},"version":{"type":"number","description_kind":"plain","optional":true}},"description_kind":"plain"}},"physical_router_user_credentials":{"nesting_mode":"list","block":{"attributes":{"password":{"type":"string","description_kind":"plain","optional":true},"username":{"type":"string","description_kind":"plain","optional":true}},"description_kind":"plain"}},"telemetry_info":{"nesting_mode":"list","block":{"attributes":{"server_ip":{"type":"string","description_kind":"plain","optional":true},"server_port":{"type":"number","description_kind":"plain","optional":true}},"block_types":{"resource":{"nesting_mode":"list","block":{"attributes":{"name":{"type":"string","description_kind":"plain","optional":true},"path":{"type":"string","description_kind":"plain","optional":true},"rate":{"type":"string","description_kind":"plain","optional":true}},"description_kind":"plain"}}},"description_kind":"plain"}}},"description_kind":"plain"}},"contrail_physical_router_refs":{"version":0,"block":{"attributes":{"id":{"type":"string","description_kind":"plain","optional":true,"computed":true},"uuid":{"type":"string","description_kind":"plain","required":true}},"block_types":{"bgp_router_refs":{"nesting_mode":"list","block":{"attributes":{"to":{"type":"string","description_kind":"plain","required":true}},"description_kind":"plain"}},"tag_refs":{"nesting_mode":"list","block":{"attributes":{"to":{"type":"string","description_kind":"plain","required":true}},"description_kind":"plain"}},"virtual_network_refs":{"nesting_mode":"list","block":{"attributes":{"to":{"type":"string","description_kind":"plain","required":true}},"description_kind":"plain"}},"virtual_router_refs":{"nesting_mode":"list","block":{"attributes":{"to":{"type":"string","description_kind":"plain","required":true}},"description_kind":"plain"}}},"description_kind":"plain"}},"contrail_policy_management":{"version":0,"block":{"attributes":{"display_name":{"type":"string","description_kind":"plain","optional":true},"id":{"type":"string","description_kind":"plain","optional":true,"computed":true},"name":{"type":"string","description_kind":"plain","required":true},"parent_uuid":{"type":"string","description_kind":"plain","optional":true}},"block_types":{"annotations":{"nesting_mode":"list","block":{"block_types":{"key_value_pair":{"nesting_mode":"list","block":{"attributes":{"key":{"type":"string","description_kind":"plain","optional":true},"value":{"type":"string","description_kind":"plain","optional":true}},"description_kind":"plain"}}},"description_kind":"plain"}},"id_perms":{"nesting_mode":"list","block":{"attributes":{"created":{"type":"string","description_kind":"plain","optional":true},"creator":{"type":"string","description_kind":"plain","optional":true},"description":{"type":"string","description_kind":"plain","optional":true},"enable":{"type":"bool","description_kind":"plain","required":true},"last_modified":{"type":"string","description_kind":"plain","optional":true},"user_visible":{"type":"bool","description_kind":"plain","optional":true}},"block_types":{"permissions":{"nesting_mode":"list","block":{"attributes":{"group":{"type":"string","description_kind":"plain","optional":true},"group_access":{"type":"number","description_kind":"plain","optional":true},"other_access":{"type":"number","description_kind":"plain","optional":true},"owner":{"type":"string","description_kind":"plain","optional":true},"owner_access":{"type":"number","description_kind":"plain","optional":true}},"description_kind":"plain"}},"uuid":{"nesting_mode":"list","block":{"attributes":{"uuid_lslong":{"type":"number","description_kind":"plain","optional":true},"uuid_mslong":{"type":"number","description_kind":"plain","optional":true}},"description_kind":"plain"},"min_items":1}},"description_kind":"plain"}},"perms2":{"nesting_mode":"list","block":{"attributes":{"global_access":{"type":"number","description_kind":"plain","optional":true},"owner":{"type":"string","description_kind":"plain","required":true},"owner_access":{"type":"number","description_kind":"plain","required":true}},"block_types":{"share":{"nesting_mode":"list","block":{"attributes":{"tenant":{"type":"string","description_kind":"plain","required":true},"tenant_access":{"type":"number","description_kind":"plain","required":true}},"description_kind":"plain"}}},"description_kind":"plain"}}},"description_kind":"plain"}},"contrail_policy_management_refs":{"version":0,"block":{"attributes":{"id":{"type":"string","description_kind":"plain","optional":true,"computed":true},"uuid":{"type":"string","description_kind":"plain","required":true}},"block_types":{"tag_refs":{"nesting_mode":"list","block":{"attributes":{"to":{"type":"string","description_kind":"plain","required":true}},"description_kind":"plain"}}},"description_kind":"plain"}},"contrail_port_tuple":{"version":0,"block":{"attributes":{"display_name":{"type":"string","description_kind":"plain","optional":true},"id":{"type":"string","description_kind":"plain","optional":true,"computed":true},"name":{"type":"string","description_kind":"plain","required":true},"parent_uuid":{"type":"string","description_kind":"plain","optional":true}},"block_types":{"annotations":{"nesting_mode":"list","block":{"block_types":{"key_value_pair":{"nesting_mode":"list","block":{"attributes":{"key":{"type":"string","description_kind":"plain","optional":true},"value":{"type":"string","description_kind":"plain","optional":true}},"description_kind":"plain"}}},"description_kind":"plain"}},"id_perms":{"nesting_mode":"list","block":{"attributes":{"created":{"type":"string","description_kind":"plain","optional":true},"creator":{"type":"string","description_kind":"plain","optional":true},"description":{"type":"string","description_kind":"plain","optional":true},"enable":{"type":"bool","description_kind":"plain","required":true},"last_modified":{"type":"string","description_kind":"plain","optional":true},"user_visible":{"type":"bool","description_kind":"plain","optional":true}},"block_types":{"permissions":{"nesting_mode":"list","block":{"attributes":{"group":{"type":"string","description_kind":"plain","optional":true},"group_access":{"type":"number","description_kind":"plain","optional":true},"other_access":{"type":"number","description_kind":"plain","optional":true},"owner":{"type":"string","description_kind":"plain","optional":true},"owner_access":{"type":"number","description_kind":"plain","optional":true}},"description_kind":"plain"}},"uuid":{"nesting_mode":"list","block":{"attributes":{"uuid_lslong":{"type":"number","description_kind":"plain","optional":true},"uuid_mslong":{"type":"number","description_kind":"plain","optional":true}},"description_kind":"plain"},"min_items":1}},"description_kind":"plain"}},"perms2":{"nesting_mode":"list","block":{"attributes":{"global_access":{"type":"number","description_kind":"plain","optional":true},"owner":{"type":"string","description_kind":"plain","required":true},"owner_access":{"type":"number","description_kind":"plain","required":true}},"block_types":{"share":{"nesting_mode":"list","block":{"attributes":{"tenant":{"type":"string","description_kind":"plain","required":true},"tenant_access":{"type":"number","description_kind":"plain","required":true}},"description_kind":"plain"}}},"description_kind":"plain"}}},"description_kind":"plain"}},"contrail_port_tuple_refs":{"version":0,"block":{"attributes":{"id":{"type":"string","description_kind":"plain","optional":true,"computed":true},"uuid":{"type":"string","description_kind":"plain","required":true}},"block_types":{"tag_refs":{"nesting_mode":"list","block":{"attributes":{"to":{"type":"string","description_kind":"plain","required":true}},"description_kind":"plain"}}},"description_kind":"plain"}},"contrail_project":{"version":0,"block":{"attributes":{"alarm_enable":{"type":"bool","description_kind":"plain","optional":true},"display_name":{"type":"string","description_kind":"plain","optional":true},"id":{"type":"string","description_kind":"plain","optional":true,"computed":true},"name":{"type":"string","description_kind":"plain","required":true},"parent_uuid":{"type":"string","description_kind":"plain","optional":true},"vxlan_routing":{"type":"bool","description_kind":"plain","optional":true}},"block_types":{"annotations":{"nesting_mode":"list","block":{"block_types":{"key_value_pair":{"nesting_mode":"list","block":{"attributes":{"key":{"type":"string","description_kind":"plain","optional":true},"value":{"type":"string","description_kind":"plain","optional":true}},"description_kind":"plain"}}},"description_kind":"plain"}},"id_perms":{"nesting_mode":"list","block":{"attributes":{"created":{"type":"string","description_kind":"plain","optional":true},"creator":{"type":"string","description_kind":"plain","optional":true},"description":{"type":"string","description_kind":"plain","optional":true},"enable":{"type":"bool","description_kind":"plain","required":true},"last_modified":{"type":"string","description_kind":"plain","optional":true},"user_visible":{"type":"bool","description_kind":"plain","optional":true}},"block_types":{"permissions":{"nesting_mode":"list","block":{"attributes":{"group":{"type":"string","description_kind":"plain","optional":true},"group_access":{"type":"number","description_kind":"plain","optional":true},"other_access":{"type":"number","description_kind":"plain","optional":true},"owner":{"type":"string","description_kind":"plain","optional":true},"owner_access":{"type":"number","description_kind":"plain","optional":true}},"description_kind":"plain"}},"uuid":{"nesting_mode":"list","block":{"attributes":{"uuid_lslong":{"type":"number","description_kind":"plain","optional":true},"uuid_mslong":{"type":"number","description_kind":"plain","optional":true}},"description_kind":"plain"},"min_items":1}},"description_kind":"plain"}},"perms2":{"nesting_mode":"list","block":{"attributes":{"global_access":{"type":"number","description_kind":"plain","optional":true},"owner":{"type":"string","description_kind":"plain","required":true},"owner_access":{"type":"number","description_kind":"plain","required":true}},"block_types":{"share":{"nesting_mode":"list","block":{"attributes":{"tenant":{"type":"string","description_kind":"plain","required":true},"tenant_access":{"type":"number","description_kind":"plain","required":true}},"description_kind":"plain"}}},"description_kind":"plain"}},"quota":{"nesting_mode":"list","block":{"attributes":{"access_control_list":{"type":"number","description_kind":"plain","optional":true},"bgp_router":{"type":"number","description_kind":"plain","optional":true},"defaults":{"type":"number","description_kind":"plain","optional":true},"floating_ip":{"type":"number","description_kind":"plain","optional":true},"floating_ip_pool":{"type":"number","description_kind":"plain","optional":true},"global_vrouter_config":{"type":"number","description_kind":"plain","optional":true},"instance_ip":{"type":"number","description_kind":"plain","optional":true},"loadbalancer_healthmonitor":{"type":"number","description_kind":"plain","optional":true},"loadbalancer_member":{"type":"number","description_kind":"plain","optional":true},"loadbalancer_pool":{"type":"number","description_kind":"plain","optional":true},"logical_router":{"type":"number","description_kind":"plain","optional":true},"network_ipam":{"type":"number","description_kind":"plain","optional":true},"network_policy":{"type":"number","description_kind":"plain","optional":true},"route_table":{"type":"number","description_kind":"plain","optional":true},"security_group":{"type":"number","description_kind":"plain","optional":true},"security_group_rule":{"type":"number","description_kind":"plain","optional":true},"security_logging_object":{"type":"number","description_kind":"plain","optional":true},"service_instance":{"type":"number","description_kind":"plain","optional":true},"service_template":{"type":"number","description_kind":"plain","optional":true},"subnet":{"type":"number","description_kind":"plain","optional":true},"virtual_dns":{"type":"number","description_kind":"plain","optional":true},"virtual_dns_record":{"type":"number","description_kind":"plain","optional":true},"virtual_ip":{"type":"number","description_kind":"plain","optional":true},"virtual_machine_interface":{"type":"number","description_kind":"plain","optional":true},"virtual_network":{"type":"number","description_kind":"plain","optional":true},"virtual_router":{"type":"number","description_kind":"plain","optional":true}},"description_kind":"plain"}}},"description_kind":"plain"}},"contrail_project_refs":{"version":0,"block":{"attributes":{"id":{"type":"string","description_kind":"plain","optional":true,"computed":true},"uuid":{"type":"string","description_kind":"plain","required":true}},"block_types":{"alias_ip_pool_refs":{"nesting_mode":"list","block":{"attributes":{"to":{"type":"string","description_kind":"plain","required":true}},"description_kind":"plain"}},"application_policy_set_refs":{"nesting_mode":"list","block":{"attributes":{"to":{"type":"string","description_kind":"plain","required":true}},"description_kind":"plain"}},"floating_ip_pool_refs":{"nesting_mode":"list","block":{"attributes":{"to":{"type":"string","description_kind":"plain","required":true}},"description_kind":"plain"}},"namespace_refs":{"nesting_mode":"list","block":{"attributes":{"to":{"type":"string","description_kind":"plain","required":true}},"block_types":{"attr":{"nesting_mode":"list","block":{"attributes":{"ip_prefix":{"type":"string","description_kind":"plain","optional":true},"ip_prefix_len":{"type":"number","description_kind":"plain","optional":true}},"description_kind":"plain"},"min_items":1}},"description_kind":"plain"}},"tag_refs":{"nesting_mode":"list","block":{"attributes":{"to":{"type":"string","description_kind":"plain","required":true}},"description_kind":"plain"}}},"description_kind":"plain"}},"contrail_provider_attachment":{"version":0,"block":{"attributes":{"display_name":{"type":"string","description_kind":"plain","optional":true},"id":{"type":"string","description_kind":"plain","optional":true,"computed":true},"name":{"type":"string","description_kind":"plain","required":true},"parent_uuid":{"type":"string","description_kind":"plain","optional":true}},"block_types":{"annotations":{"nesting_mode":"list","block":{"block_types":{"key_value_pair":{"nesting_mode":"list","block":{"attributes":{"key":{"type":"string","description_kind":"plain","optional":true},"value":{"type":"string","description_kind":"plain","optional":true}},"description_kind":"plain"}}},"description_kind":"plain"}},"id_perms":{"nesting_mode":"list","block":{"attributes":{"created":{"type":"string","description_kind":"plain","optional":true},"creator":{"type":"string","description_kind":"plain","optional":true},"description":{"type":"string","description_kind":"plain","optional":true},"enable":{"type":"bool","description_kind":"plain","required":true},"last_modified":{"type":"string","description_kind":"plain","optional":true},"user_visible":{"type":"bool","description_kind":"plain","optional":true}},"block_types":{"permissions":{"nesting_mode":"list","block":{"attributes":{"group":{"type":"string","description_kind":"plain","optional":true},"group_access":{"type":"number","description_kind":"plain","optional":true},"other_access":{"type":"number","description_kind":"plain","optional":true},"owner":{"type":"string","description_kind":"plain","optional":true},"owner_access":{"type":"number","description_kind":"plain","optional":true}},"description_kind":"plain"}},"uuid":{"nesting_mode":"list","block":{"attributes":{"uuid_lslong":{"type":"number","description_kind":"plain","optional":true},"uuid_mslong":{"type":"number","description_kind":"plain","optional":true}},"description_kind":"plain"},"min_items":1}},"description_kind":"plain"}},"perms2":{"nesting_mode":"list","block":{"attributes":{"global_access":{"type":"number","description_kind":"plain","optional":true},"owner":{"type":"string","description_kind":"plain","required":true},"owner_access":{"type":"number","description_kind":"plain","required":true}},"block_types":{"share":{"nesting_mode":"list","block":{"attributes":{"tenant":{"type":"string","description_kind":"plain","required":true},"tenant_access":{"type":"number","description_kind":"plain","required":true}},"description_kind":"plain"}}},"description_kind":"plain"}}},"description_kind":"plain"}},"contrail_provider_attachment_refs":{"version":0,"block":{"attributes":{"id":{"type":"string","description_kind":"plain","optional":true,"computed":true},"uuid":{"type":"string","description_kind":"plain","required":true}},"block_types":{"tag_refs":{"nesting_mode":"list","block":{"attributes":{"to":{"type":"string","description_kind":"plain","required":true}},"description_kind":"plain"}},"virtual_router_refs":{"nesting_mode":"list","block":{"attributes":{"to":{"type":"string","description_kind":"plain","required":true}},"description_kind":"plain"}}},"description_kind":"plain"}},"contrail_qos_config":{"version":0,"block":{"attributes":{"default_forwarding_class_id":{"type":"number","description_kind":"plain","optional":true},"display_name":{"type":"string","description_kind":"plain","optional":true},"id":{"type":"string","description_kind":"plain","optional":true,"computed":true},"name":{"type":"string","description_kind":"plain","required":true},"parent_uuid":{"type":"string","description_kind":"plain","optional":true},"qos_config_type":{"type":"string","description_kind":"plain","optional":true}},"block_types":{"annotations":{"nesting_mode":"list","block":{"block_types":{"key_value_pair":{"nesting_mode":"list","block":{"attributes":{"key":{"type":"string","description_kind":"plain","optional":true},"value":{"type":"string","description_kind":"plain","optional":true}},"description_kind":"plain"}}},"description_kind":"plain"}},"dscp_entries":{"nesting_mode":"list","block":{"block_types":{"qos_id_forwarding_class_pair":{"nesting_mode":"list","block":{"attributes":{"forwarding_class_id":{"type":"number","description_kind":"plain","optional":true},"key":{"type":"number","description_kind":"plain","optional":true}},"description_kind":"plain"}}},"description_kind":"plain"}},"id_perms":{"nesting_mode":"list","block":{"attributes":{"created":{"type":"string","description_kind":"plain","optional":true},"creator":{"type":"string","description_kind":"plain","optional":true},"description":{"type":"string","description_kind":"plain","optional":true},"enable":{"type":"bool","description_kind":"plain","required":true},"last_modified":{"type":"string","description_kind":"plain","optional":true},"user_visible":{"type":"bool","description_kind":"plain","optional":true}},"block_types":{"permissions":{"nesting_mode":"list","block":{"attributes":{"group":{"type":"string","description_kind":"plain","optional":true},"group_access":{"type":"number","description_kind":"plain","optional":true},"other_access":{"type":"number","description_kind":"plain","optional":true},"owner":{"type":"string","description_kind":"plain","optional":true},"owner_access":{"type":"number","description_kind":"plain","optional":true}},"description_kind":"plain"}},"uuid":{"nesting_mode":"list","block":{"attributes":{"uuid_lslong":{"type":"number","description_kind":"plain","optional":true},"uuid_mslong":{"type":"number","description_kind":"plain","optional":true}},"description_kind":"plain"},"min_items":1}},"description_kind":"plain"}},"mpls_exp_entries":{"nesting_mode":"list","block":{"block_types":{"qos_id_forwarding_class_pair":{"nesting_mode":"list","block":{"attributes":{"forwarding_class_id":{"type":"number","description_kind":"plain","optional":true},"key":{"type":"number","description_kind":"plain","optional":true}},"description_kind":"plain"}}},"description_kind":"plain"}},"perms2":{"nesting_mode":"list","block":{"attributes":{"global_access":{"type":"number","description_kind":"plain","optional":true},"owner":{"type":"string","description_kind":"plain","required":true},"owner_access":{"type":"number","description_kind":"plain","required":true}},"block_types":{"share":{"nesting_mode":"list","block":{"attributes":{"tenant":{"type":"string","description_kind":"plain","required":true},"tenant_access":{"type":"number","description_kind":"plain","required":true}},"description_kind":"plain"}}},"description_kind":"plain"}},"vlan_priority_entries":{"nesting_mode":"list","block":{"block_types":{"qos_id_forwarding_class_pair":{"nesting_mode":"list","block":{"attributes":{"forwarding_class_id":{"type":"number","description_kind":"plain","optional":true},"key":{"type":"number","description_kind":"plain","optional":true}},"description_kind":"plain"}}},"description_kind":"plain"}}},"description_kind":"plain"}},"contrail_qos_config_refs":{"version":0,"block":{"attributes":{"id":{"type":"string","description_kind":"plain","optional":true,"computed":true},"uuid":{"type":"string","description_kind":"plain","required":true}},"block_types":{"global_system_config_refs":{"nesting_mode":"list","block":{"attributes":{"to":{"type":"string","description_kind":"plain","required":true}},"description_kind":"plain"}},"tag_refs":{"nesting_mode":"list","block":{"attributes":{"to":{"type":"string","description_kind":"plain","required":true}},"description_kind":"plain"}}},"description_kind":"plain"}},"contrail_qos_queue":{"version":0,"block":{"attributes":{"display_name":{"type":"string","description_kind":"plain","optional":true},"id":{"type":"string","description_kind":"plain","optional":true,"computed":true},"max_bandwidth":{"type":"number","description_kind":"plain","optional":true},"min_bandwidth":{"type":"number","description_kind":"plain","optional":true},"name":{"type":"string","description_kind":"plain","required":true},"parent_uuid":{"type":"string","description_kind":"plain","optional":true},"qos_queue_identifier":{"type":"number","description_kind":"plain","optional":true}},"block_types":{"annotations":{"nesting_mode":"list","block":{"block_types":{"key_value_pair":{"nesting_mode":"list","block":{"attributes":{"key":{"type":"string","description_kind":"plain","optional":true},"value":{"type":"string","description_kind":"plain","optional":true}},"description_kind":"plain"}}},"description_kind":"plain"}},"id_perms":{"nesting_mode":"list","block":{"attributes":{"created":{"type":"string","description_kind":"plain","optional":true},"creator":{"type":"string","description_kind":"plain","optional":true},"description":{"type":"string","description_kind":"plain","optional":true},"enable":{"type":"bool","description_kind":"plain","required":true},"last_modified":{"type":"string","description_kind":"plain","optional":true},"user_visible":{"type":"bool","description_kind":"plain","optional":true}},"block_types":{"permissions":{"nesting_mode":"list","block":{"attributes":{"group":{"type":"string","description_kind":"plain","optional":true},"group_access":{"type":"number","description_kind":"plain","optional":true},"other_access":{"type":"number","description_kind":"plain","optional":true},"owner":{"type":"string","description_kind":"plain","optional":true},"owner_access":{"type":"number","description_kind":"plain","optional":true}},"description_kind":"plain"}},"uuid":{"nesting_mode":"list","block":{"attributes":{"uuid_lslong":{"type":"number","description_kind":"plain","optional":true},"uuid_mslong":{"type":"number","description_kind":"plain","optional":true}},"description_kind":"plain"},"min_items":1}},"description_kind":"plain"}},"perms2":{"nesting_mode":"list","block":{"attributes":{"global_access":{"type":"number","description_kind":"plain","optional":true},"owner":{"type":"string","description_kind":"plain","required":true},"owner_access":{"type":"number","description_kind":"plain","required":true}},"block_types":{"share":{"nesting_mode":"list","block":{"attributes":{"tenant":{"type":"string","description_kind":"plain","required":true},"tenant_access":{"type":"number","description_kind":"plain","required":true}},"description_kind":"plain"}}},"description_kind":"plain"}}},"description_kind":"plain"}},"contrail_qos_queue_refs":{"version":0,"block":{"attributes":{"id":{"type":"string","description_kind":"plain","optional":true,"computed":true},"uuid":{"type":"string","description_kind":"plain","required":true}},"block_types":{"tag_refs":{"nesting_mode":"list","block":{"attributes":{"to":{"type":"string","description_kind":"plain","required":true}},"description_kind":"plain"}}},"description_kind":"plain"}},"contrail_route_aggregate":{"version":0,"block":{"attributes":{"display_name":{"type":"string","description_kind":"plain","optional":true},"id":{"type":"string","description_kind":"plain","optional":true,"computed":true},"name":{"type":"string","description_kind":"plain","required":true},"parent_uuid":{"type":"string","description_kind":"plain","optional":true}},"block_types":{"annotations":{"nesting_mode":"list","block":{"block_types":{"key_value_pair":{"nesting_mode":"list","block":{"attributes":{"key":{"type":"string","description_kind":"plain","optional":true},"value":{"type":"string","description_kind":"plain","optional":true}},"description_kind":"plain"}}},"description_kind":"plain"}},"id_perms":{"nesting_mode":"list","block":{"attributes":{"created":{"type":"string","description_kind":"plain","optional":true},"creator":{"type":"string","description_kind":"plain","optional":true},"description":{"type":"string","description_kind":"plain","optional":true},"enable":{"type":"bool","description_kind":"plain","required":true},"last_modified":{"type":"string","description_kind":"plain","optional":true},"user_visible":{"type":"bool","description_kind":"plain","optional":true}},"block_types":{"permissions":{"nesting_mode":"list","block":{"attributes":{"group":{"type":"string","description_kind":"plain","optional":true},"group_access":{"type":"number","description_kind":"plain","optional":true},"other_access":{"type":"number","description_kind":"plain","optional":true},"owner":{"type":"string","description_kind":"plain","optional":true},"owner_access":{"type":"number","description_kind":"plain","optional":true}},"description_kind":"plain"}},"uuid":{"nesting_mode":"list","block":{"attributes":{"uuid_lslong":{"type":"number","description_kind":"plain","optional":true},"uuid_mslong":{"type":"number","description_kind":"plain","optional":true}},"description_kind":"plain"},"min_items":1}},"description_kind":"plain"}},"perms2":{"nesting_mode":"list","block":{"attributes":{"global_access":{"type":"number","description_kind":"plain","optional":true},"owner":{"type":"string","description_kind":"plain","required":true},"owner_access":{"type":"number","description_kind":"plain","required":true}},"block_types":{"share":{"nesting_mode":"list","block":{"attributes":{"tenant":{"type":"string","description_kind":"plain","required":true},"tenant_access":{"type":"number","description_kind":"plain","required":true}},"description_kind":"plain"}}},"description_kind":"plain"}}},"description_kind":"plain"}},"contrail_route_aggregate_refs":{"version":0,"block":{"attributes":{"id":{"type":"string","description_kind":"plain","optional":true,"computed":true},"uuid":{"type":"string","description_kind":"plain","required":true}},"block_types":{"service_instance_refs":{"nesting_mode":"list","block":{"attributes":{"to":{"type":"string","description_kind":"plain","required":true}},"block_types":{"attr":{"nesting_mode":"list","block":{"attributes":{"interface_type":{"type":"string","description_kind":"plain","optional":true}},"description_kind":"plain"},"min_items":1}},"description_kind":"plain"}},"tag_refs":{"nesting_mode":"list","block":{"attributes":{"to":{"type":"string","description_kind":"plain","required":true}},"description_kind":"plain"}}},"description_kind":"plain"}},"contrail_route_table":{"version":0,"block":{"attributes":{"display_name":{"type":"string","description_kind":"plain","optional":true},"id":{"type":"string","description_kind":"plain","optional":true,"computed":true},"name":{"type":"string","description_kind":"plain","required":true},"parent_uuid":{"type":"string","description_kind":"plain","optional":true}},"block_types":{"annotations":{"nesting_mode":"list","block":{"block_types":{"key_value_pair":{"nesting_mode":"list","block":{"attributes":{"key":{"type":"string","description_kind":"plain","optional":true},"value":{"type":"string","description_kind":"plain","optional":true}},"description_kind":"plain"}}},"description_kind":"plain"}},"id_perms":{"nesting_mode":"list","block":{"attributes":{"created":{"type":"string","description_kind":"plain","optional":true},"creator":{"type":"string","description_kind":"plain","optional":true},"description":{"type":"string","description_kind":"plain","optional":true},"enable":{"type":"bool","description_kind":"plain","required":true},"last_modified":{"type":"string","description_kind":"plain","optional":true},"user_visible":{"type":"bool","description_kind":"plain","optional":true}},"block_types":{"permissions":{"nesting_mode":"list","block":{"attributes":{"group":{"type":"string","description_kind":"plain","optional":true},"group_access":{"type":"number","description_kind":"plain","optional":true},"other_access":{"type":"number","description_kind":"plain","optional":true},"owner":{"type":"string","description_kind":"plain","optional":true},"owner_access":{"type":"number","description_kind":"plain","optional":true}},"description_kind":"plain"}},"uuid":{"nesting_mode":"list","block":{"attributes":{"uuid_lslong":{"type":"number","description_kind":"plain","optional":true},"uuid_mslong":{"type":"number","description_kind":"plain","optional":true}},"description_kind":"plain"},"min_items":1}},"description_kind":"plain"}},"perms2":{"nesting_mode":"list","block":{"attributes":{"global_access":{"type":"number","description_kind":"plain","optional":true},"owner":{"type":"string","description_kind":"plain","required":true},"owner_access":{"type":"number","description_kind":"plain","required":true}},"block_types":{"share":{"nesting_mode":"list","block":{"attributes":{"tenant":{"type":"string","description_kind":"plain","required":true},"tenant_access":{"type":"number","description_kind":"plain","required":true}},"description_kind":"plain"}}},"description_kind":"plain"}},"routes":{"nesting_mode":"list","block":{"block_types":{"route":{"nesting_mode":"list","block":{"attributes":{"next_hop":{"type":"string","description_kind":"plain","optional":true},"next_hop_type":{"type":"string","description_kind":"plain","optional":true},"prefix":{"type":"string","description_kind":"plain","optional":true}},"block_types":{"community_attributes":{"nesting_mode":"list","block":{"attributes":{"community_attribute":{"type":["list","string"],"description_kind":"plain","optional":true}},"description_kind":"plain"}}},"description_kind":"plain"}}},"description_kind":"plain"}}},"description_kind":"plain"}},"contrail_route_table_refs":{"version":0,"block":{"attributes":{"id":{"type":"string","description_kind":"plain","optional":true,"computed":true},"uuid":{"type":"string","description_kind":"plain","required":true}},"block_types":{"tag_refs":{"nesting_mode":"list","block":{"attributes":{"to":{"type":"string","description_kind":"plain","required":true}},"description_kind":"plain"}}},"description_kind":"plain"}},"contrail_route_target":{"version":0,"block":{"attributes":{"display_name":{"type":"string","description_kind":"plain","optional":true},"id":{"type":"string","description_kind":"plain","optional":true,"computed":true},"name":{"type":"string","description_kind":"plain","required":true},"parent_uuid":{"type":"string","description_kind":"plain","optional":true}},"block_types":{"annotations":{"nesting_mode":"list","block":{"block_types":{"key_value_pair":{"nesting_mode":"list","block":{"attributes":{"key":{"type":"string","description_kind":"plain","optional":true},"value":{"type":"string","description_kind":"plain","optional":true}},"description_kind":"plain"}}},"description_kind":"plain"}},"id_perms":{"nesting_mode":"list","block":{"attributes":{"created":{"type":"string","description_kind":"plain","optional":true},"creator":{"type":"string","description_kind":"plain","optional":true},"description":{"type":"string","description_kind":"plain","optional":true},"enable":{"type":"bool","description_kind":"plain","required":true},"last_modified":{"type":"string","description_kind":"plain","optional":true},"user_visible":{"type":"bool","description_kind":"plain","optional":true}},"block_types":{"permissions":{"nesting_mode":"list","block":{"attributes":{"group":{"type":"string","description_kind":"plain","optional":true},"group_access":{"type":"number","description_kind":"plain","optional":true},"other_access":{"type":"number","description_kind":"plain","optional":true},"owner":{"type":"string","description_kind":"plain","optional":true},"owner_access":{"type":"number","description_kind":"plain","optional":true}},"description_kind":"plain"}},"uuid":{"nesting_mode":"list","block":{"attributes":{"uuid_lslong":{"type":"number","description_kind":"plain","optional":true},"uuid_mslong":{"type":"number","description_kind":"plain","optional":true}},"description_kind":"plain"},"min_items":1}},"description_kind":"plain"}},"perms2":{"nesting_mode":"list","block":{"attributes":{"global_access":{"type":"number","description_kind":"plain","optional":true},"owner":{"type":"string","description_kind":"plain","required":true},"owner_access":{"type":"number","description_kind":"plain","required":true}},"block_types":{"share":{"nesting_mode":"list","block":{"attributes":{"tenant":{"type":"string","description_kind":"plain","required":true},"tenant_access":{"type":"number","description_kind":"plain","required":true}},"description_kind":"plain"}}},"description_kind":"plain"}}},"description_kind":"plain"}},"contrail_route_target_refs":{"version":0,"block":{"attributes":{"id":{"type":"string","description_kind":"plain","optional":true,"computed":true},"uuid":{"type":"string","description_kind":"plain","required":true}},"block_types":{"tag_refs":{"nesting_mode":"list","block":{"attributes":{"to":{"type":"string","description_kind":"plain","required":true}},"description_kind":"plain"}}},"description_kind":"plain"}},"contrail_routing_instance":{"version":0,"block":{"attributes":{"display_name":{"type":"string","description_kind":"plain","optional":true},"id":{"type":"string","description_kind":"plain","optional":true,"computed":true},"name":{"type":"string","description_kind":"plain","required":true},"parent_uuid":{"type":"string","description_kind":"plain","optional":true}},"block_types":{"annotations":{"nesting_mode":"list","block":{"block_types":{"key_value_pair":{"nesting_mode":"list","block":{"attributes":{"key":{"type":"string","description_kind":"plain","optional":true},"value":{"type":"string","description_kind":"plain","optional":true}},"description_kind":"plain"}}},"description_kind":"plain"}},"id_perms":{"nesting_mode":"list","block":{"attributes":{"created":{"type":"string","description_kind":"plain","optional":true},"creator":{"type":"string","description_kind":"plain","optional":true},"description":{"type":"string","description_kind":"plain","optional":true},"enable":{"type":"bool","description_kind":"plain","required":true},"last_modified":{"type":"string","description_kind":"plain","optional":true},"user_visible":{"type":"bool","description_kind":"plain","optional":true}},"block_types":{"permissions":{"nesting_mode":"list","block":{"attributes":{"group":{"type":"string","description_kind":"plain","optional":true},"group_access":{"type":"number","description_kind":"plain","optional":true},"other_access":{"type":"number","description_kind":"plain","optional":true},"owner":{"type":"string","description_kind":"plain","optional":true},"owner_access":{"type":"number","description_kind":"plain","optional":true}},"description_kind":"plain"}},"uuid":{"nesting_mode":"list","block":{"attributes":{"uuid_lslong":{"type":"number","description_kind":"plain","optional":true},"uuid_mslong":{"type":"number","description_kind":"plain","optional":true}},"description_kind":"plain"},"min_items":1}},"description_kind":"plain"}},"perms2":{"nesting_mode":"list","block":{"attributes":{"global_access":{"type":"number","description_kind":"plain","optional":true},"owner":{"type":"string","description_kind":"plain","required":true},"owner_access":{"type":"number","description_kind":"plain","required":true}},"block_types":{"share":{"nesting_mode":"list","block":{"attributes":{"tenant":{"type":"string","description_kind":"plain","required":true},"tenant_access":{"type":"number","description_kind":"plain","required":true}},"description_kind":"plain"}}},"description_kind":"plain"}}},"description_kind":"plain"}},"contrail_routing_instance_refs":{"version":0,"block":{"attributes":{"id":{"type":"string","description_kind":"plain","optional":true,"computed":true},"uuid":{"type":"string","description_kind":"plain","required":true}},"block_types":{"tag_refs":{"nesting_mode":"list","block":{"attributes":{"to":{"type":"string","description_kind":"plain","required":true}},"description_kind":"plain"}}},"description_kind":"plain"}},"contrail_routing_policy":{"version":0,"block":{"attributes":{"display_name":{"type":"string","description_kind":"plain","optional":true},"id":{"type":"string","description_kind":"plain","optional":true,"computed":true},"name":{"type":"string","description_kind":"plain","required":true},"parent_uuid":{"type":"string","description_kind":"plain","optional":true}},"block_types":{"annotations":{"nesting_mode":"list","block":{"block_types":{"key_value_pair":{"nesting_mode":"list","block":{"attributes":{"key":{"type":"string","description_kind":"plain","optional":true},"value":{"type":"string","description_kind":"plain","optional":true}},"description_kind":"plain"}}},"description_kind":"plain"}},"id_perms":{"nesting_mode":"list","block":{"attributes":{"created":{"type":"string","description_kind":"plain","optional":true},"creator":{"type":"string","description_kind":"plain","optional":true},"description":{"type":"string","description_kind":"plain","optional":true},"enable":{"type":"bool","description_kind":"plain","required":true},"last_modified":{"type":"string","description_kind":"plain","optional":true},"user_visible":{"type":"bool","description_kind":"plain","optional":true}},"block_types":{"permissions":{"nesting_mode":"list","block":{"attributes":{"group":{"type":"string","description_kind":"plain","optional":true},"group_access":{"type":"number","description_kind":"plain","optional":true},"other_access":{"type":"number","description_kind":"plain","optional":true},"owner":{"type":"string","description_kind":"plain","optional":true},"owner_access":{"type":"number","description_kind":"plain","optional":true}},"description_kind":"plain"}},"uuid":{"nesting_mode":"list","block":{"attributes":{"uuid_lslong":{"type":"number","description_kind":"plain","optional":true},"uuid_mslong":{"type":"number","description_kind":"plain","optional":true}},"description_kind":"plain"},"min_items":1}},"description_kind":"plain"}},"perms2":{"nesting_mode":"list","block":{"attributes":{"global_access":{"type":"number","description_kind":"plain","optional":true},"owner":{"type":"string","description_kind":"plain","required":true},"owner_access":{"type":"number","description_kind":"plain","required":true}},"block_types":{"share":{"nesting_mode":"list","block":{"attributes":{"tenant":{"type":"string","description_kind":"plain","required":true},"tenant_access":{"type":"number","description_kind":"plain","required":true}},"description_kind":"plain"}}},"description_kind":"plain"}}},"description_kind":"plain"}},"contrail_routing_policy_refs":{"version":0,"block":{"attributes":{"id":{"type":"string","description_kind":"plain","optional":true,"computed":true},"uuid":{"type":"string","description_kind":"plain","required":true}},"block_types":{"service_instance_refs":{"nesting_mode":"list","block":{"attributes":{"to":{"type":"string","description_kind":"plain","required":true}},"block_types":{"attr":{"nesting_mode":"list","block":{"attributes":{"left_sequence":{"type":"string","description_kind":"plain","optional":true},"right_sequence":{"type":"string","description_kind":"plain","optional":true}},"description_kind":"plain"},"min_items":1}},"description_kind":"plain"}},"tag_refs":{"nesting_mode":"list","block":{"attributes":{"to":{"type":"string","description_kind":"plain","required":true}},"description_kind":"plain"}}},"description_kind":"plain"}},"contrail_security_group":{"version":0,"block":{"attributes":{"configured_security_group_id":{"type":"number","description_kind":"plain","optional":true},"display_name":{"type":"string","description_kind":"plain","optional":true},"id":{"type":"string","description_kind":"plain","optional":true,"computed":true},"name":{"type":"string","description_kind":"plain","required":true},"parent_uuid":{"type":"string","description_kind":"plain","optional":true}},"block_types":{"annotations":{"nesting_mode":"list","block":{"block_types":{"key_value_pair":{"nesting_mode":"list","block":{"attributes":{"key":{"type":"string","description_kind":"plain","optional":true},"value":{"type":"string","description_kind":"plain","optional":true}},"description_kind":"plain"}}},"description_kind":"plain"}},"id_perms":{"nesting_mode":"list","block":{"attributes":{"created":{"type":"string","description_kind":"plain","optional":true},"creator":{"type":"string","description_kind":"plain","optional":true},"description":{"type":"string","description_kind":"plain","optional":true},"enable":{"type":"bool","description_kind":"plain","required":true},"last_modified":{"type":"string","description_kind":"plain","optional":true},"user_visible":{"type":"bool","description_kind":"plain","optional":true}},"block_types":{"permissions":{"nesting_mode":"list","block":{"attributes":{"group":{"type":"string","description_kind":"plain","optional":true},"group_access":{"type":"number","description_kind":"plain","optional":true},"other_access":{"type":"number","description_kind":"plain","optional":true},"owner":{"type":"string","description_kind":"plain","optional":true},"owner_access":{"type":"number","description_kind":"plain","optional":true}},"description_kind":"plain"}},"uuid":{"nesting_mode":"list","block":{"attributes":{"uuid_lslong":{"type":"number","description_kind":"plain","optional":true},"uuid_mslong":{"type":"number","description_kind":"plain","optional":true}},"description_kind":"plain"},"min_items":1}},"description_kind":"plain"}},"perms2":{"nesting_mode":"list","block":{"attributes":{"global_access":{"type":"number","description_kind":"plain","optional":true},"owner":{"type":"string","description_kind":"plain","required":true},"owner_access":{"type":"number","description_kind":"plain","required":true}},"block_types":{"share":{"nesting_mode":"list","block":{"attributes":{"tenant":{"type":"string","description_kind":"plain","required":true},"tenant_access":{"type":"number","description_kind":"plain","required":true}},"description_kind":"plain"}}},"description_kind":"plain"}},"security_group_entries":{"nesting_mode":"list","block":{"block_types":{"policy_rule":{"nesting_mode":"list","block":{"attributes":{"application":{"type":["list","string"],"description_kind":"plain","optional":true},"created":{"type":"string","description_kind":"plain","optional":true},"direction":{"type":"string","description_kind":"plain","required":true},"ethertype":{"type":"string","description_kind":"plain","required":true},"last_modified":{"type":"string","description_kind":"plain","optional":true},"protocol":{"type":"string","description_kind":"plain","required":true},"rule_uuid":{"type":"string","description_kind":"plain","optional":true}},"block_types":{"action_list":{"nesting_mode":"list","block":{"attributes":{"alert":{"type":"bool","description_kind":"plain","optional":true},"apply_service":{"type":["list","string"],"description_kind":"plain","optional":true},"assign_routing_instance":{"type":"string","description_kind":"plain","optional":true},"gateway_name":{"type":"string","description_kind":"plain","optional":true},"log":{"type":"bool","description_kind":"plain","optional":true},"qos_action":{"type":"string","description_kind":"plain","optional":true},"simple_action":{"type":"string","description_kind":"plain","required":true}},"block_types":{"mirror_to":{"nesting_mode":"list","block":{"attributes":{"analyzer_ip_address":{"type":"string","description_kind":"plain","required":true},"analyzer_mac_address":{"type":"string","description_kind":"plain","optional":true},"analyzer_name":{"type":"string","description_kind":"plain","optional":true},"encapsulation":{"type":"string","description_kind":"plain","optional":true},"juniper_header":{"type":"bool","description_kind":"plain","optional":true},"nh_mode":{"type":"string","description_kind":"plain","optional":true},"nic_assisted_mirroring":{"type":"bool","description_kind":"plain","optional":true},"nic_assisted_mirroring_vlan":{"type":"number","description_kind":"plain","optional":true},"routing_instance":{"type":"string","description_kind":"plain","required":true},"udp_port":{"type":"number","description_kind":"plain","optional":true}},"block_types":{"static_nh_header":{"nesting_mode":"list","block":{"attributes":{"vni":{"type":"number","description_kind":"plain","required":true},"vtep_dst_ip_address":{"type":"string","description_kind":"plain","required":true},"vtep_dst_mac_address":{"type":"string","description_kind":"plain","optional":true}},"description_kind":"plain"}}},"description_kind":"plain"}}},"description_kind":"plain"},"min_items":1},"dst_addresses":{"nesting_mode":"list","block":{"attributes":{"network_policy":{"type":"string","description_kind":"plain","optional":true},"security_group":{"type":"string","description_kind":"plain","optional":true},"virtual_network":{"type":"string","description_kind":"plain","optional":true}},"block_types":{"subnet":{"nesting_mode":"list","block":{"attributes":{"ip_prefix":{"type":"string","description_kind":"plain","optional":true},"ip_prefix_len":{"type":"number","description_kind":"plain","optional":true}},"description_kind":"plain"}},"subnet_list":{"nesting_mode":"list","block":{"attributes":{"ip_prefix":{"type":"string","description_kind":"plain","optional":true},"ip_prefix_len":{"type":"number","description_kind":"plain","optional":true}},"description_kind":"plain"}}},"description_kind":"plain"},"min_items":1},"dst_ports":{"nesting_mode":"list","block":{"attributes":{"end_port":{"type":"number","description_kind":"plain","required":true},"start_port":{"type":"number","description_kind":"plain","required":true}},"description_kind":"plain"},"min_items":1},"rule_sequence":{"nesting_mode":"list","block":{"attributes":{"major":{"type":"number","description_kind":"plain","required":true},"minor":{"type":"number","description_kind":"plain","required":true}},"description_kind":"plain"}},"src_addresses":{"nesting_mode":"list","block":{"attributes":{"network_policy":{"type":"string","description_kind":"plain","optional":true},"security_group":{"type":"string","description_kind":"plain","optional":true},"virtual_network":{"type":"string","description_kind":"plain","optional":true}},"block_types":{"subnet":{"nesting_mode":"list","block":{"attributes":{"ip_prefix":{"type":"string","description_kind":"plain","optional":true},"ip_prefix_len":{"type":"number","description_kind":"plain","optional":true}},"description_kind":"plain"}},"subnet_list":{"nesting_mode":"list","block":{"attributes":{"ip_prefix":{"type":"string","description_kind":"plain","optional":true},"ip_prefix_len":{"type":"number","description_kind":"plain","optional":true}},"description_kind":"plain"}}},"description_kind":"plain"},"min_items":1},"src_ports":{"nesting_mode":"list","block":{"attributes":{"end_port":{"type":"number","description_kind":"plain","required":true},"start_port":{"type":"number","description_kind":"plain","required":true}},"description_kind":"plain"},"min_items":1}},"description_kind":"plain"},"min_items":1}},"description_kind":"plain"}}},"description_kind":"plain"}},"contrail_security_group_refs":{"version":0,"block":{"attributes":{"id":{"type":"string","description_kind":"plain","optional":true,"computed":true},"uuid":{"type":"string","description_kind":"plain","required":true}},"block_types":{"tag_refs":{"nesting_mode":"list","block":{"attributes":{"to":{"type":"string","description_kind":"plain","required":true}},"description_kind":"plain"}}},"description_kind":"plain"}},"contrail_security_logging_object":{"version":0,"block":{"attributes":{"display_name":{"type":"string","description_kind":"plain","optional":true},"id":{"type":"string","description_kind":"plain","optional":true,"computed":true},"name":{"type":"string","description_kind":"plain","required":true},"parent_uuid":{"type":"string","description_kind":"plain","optional":true},"security_logging_object_rate":{"type":"number","description_kind":"plain","optional":true}},"block_types":{"annotations":{"nesting_mode":"list","block":{"block_types":{"key_value_pair":{"nesting_mode":"list","block":{"attributes":{"key":{"type":"string","description_kind":"plain","optional":true},"value":{"type":"string","description_kind":"plain","optional":true}},"description_kind":"plain"}}},"description_kind":"plain"}},"id_perms":{"nesting_mode":"list","block":{"attributes":{"created":{"type":"string","description_kind":"plain","optional":true},"creator":{"type":"string","description_kind":"plain","optional":true},"description":{"type":"string","description_kind":"plain","optional":true},"enable":{"type":"bool","description_kind":"plain","required":true},"last_modified":{"type":"string","description_kind":"plain","optional":true},"user_visible":{"type":"bool","description_kind":"plain","optional":true}},"block_types":{"permissions":{"nesting_mode":"list","block":{"attributes":{"group":{"type":"string","description_kind":"plain","optional":true},"group_access":{"type":"number","description_kind":"plain","optional":true},"other_access":{"type":"number","description_kind":"plain","optional":true},"owner":{"type":"string","description_kind":"plain","optional":true},"owner_access":{"type":"number","description_kind":"plain","optional":true}},"description_kind":"plain"}},"uuid":{"nesting_mode":"list","block":{"attributes":{"uuid_lslong":{"type":"number","description_kind":"plain","optional":true},"uuid_mslong":{"type":"number","description_kind":"plain","optional":true}},"description_kind":"plain"},"min_items":1}},"description_kind":"plain"}},"perms2":{"nesting_mode":"list","block":{"attributes":{"global_access":{"type":"number","description_kind":"plain","optional":true},"owner":{"type":"string","description_kind":"plain","required":true},"owner_access":{"type":"number","description_kind":"plain","required":true}},"block_types":{"share":{"nesting_mode":"list","block":{"attributes":{"tenant":{"type":"string","description_kind":"plain","required":true},"tenant_access":{"type":"number","description_kind":"plain","required":true}},"description_kind":"plain"}}},"description_kind":"plain"}},"security_logging_object_rules":{"nesting_mode":"list","block":{"block_types":{"rule":{"nesting_mode":"list","block":{"attributes":{"rate":{"type":"number","description_kind":"plain","optional":true},"rule_uuid":{"type":"string","description_kind":"plain","optional":true}},"description_kind":"plain"}}},"description_kind":"plain"}}},"description_kind":"plain"}},"contrail_security_logging_object_refs":{"version":0,"block":{"attributes":{"id":{"type":"string","description_kind":"plain","optional":true,"computed":true},"uuid":{"type":"string","description_kind":"plain","required":true}},"block_types":{"network_policy_refs":{"nesting_mode":"list","block":{"attributes":{"to":{"type":"string","description_kind":"plain","required":true}},"block_types":{"attr":{"nesting_mode":"list","block":{"block_types":{"rule":{"nesting_mode":"list","block":{"attributes":{"rate":{"type":"number","description_kind":"plain","optional":true},"rule_uuid":{"type":"string","description_kind":"plain","optional":true}},"description_kind":"plain"}}},"description_kind":"plain"},"min_items":1}},"description_kind":"plain"}},"security_group_refs":{"nesting_mode":"list","block":{"attributes":{"to":{"type":"string","description_kind":"plain","required":true}},"block_types":{"attr":{"nesting_mode":"list","block":{"block_types":{"rule":{"nesting_mode":"list","block":{"attributes":{"rate":{"type":"number","description_kind":"plain","optional":true},"rule_uuid":{"type":"string","description_kind":"plain","optional":true}},"description_kind":"plain"}}},"description_kind":"plain"},"min_items":1}},"description_kind":"plain"}},"tag_refs":{"nesting_mode":"list","block":{"attributes":{"to":{"type":"string","description_kind":"plain","required":true}},"description_kind":"plain"}}},"description_kind":"plain"}},"contrail_service_appliance":{"version":0,"block":{"attributes":{"display_name":{"type":"string","description_kind":"plain","optional":true},"id":{"type":"string","description_kind":"plain","optional":true,"computed":true},"name":{"type":"string","description_kind":"plain","required":true},"parent_uuid":{"type":"string","description_kind":"plain","optional":true},"service_appliance_ip_address":{"type":"string","description_kind":"plain","optional":true}},"block_types":{"annotations":{"nesting_mode":"list","block":{"block_types":{"key_value_pair":{"nesting_mode":"list","block":{"attributes":{"key":{"type":"string","description_kind":"plain","optional":true},"value":{"type":"string","description_kind":"plain","optional":true}},"description_kind":"plain"}}},"description_kind":"plain"}},"id_perms":{"nesting_mode":"list","block":{"attributes":{"created":{"type":"string","description_kind":"plain","optional":true},"creator":{"type":"string","description_kind":"plain","optional":true},"description":{"type":"string","description_kind":"plain","optional":true},"enable":{"type":"bool","description_kind":"plain","required":true},"last_modified":{"type":"string","description_kind":"plain","optional":true},"user_visible":{"type":"bool","description_kind":"plain","optional":true}},"block_types":{"permissions":{"nesting_mode":"list","block":{"attributes":{"group":{"type":"string","description_kind":"plain","optional":true},"group_access":{"type":"number","description_kind":"plain","optional":true},"other_access":{"type":"number","description_kind":"plain","optional":true},"owner":{"type":"string","description_kind":"plain","optional":true},"owner_access":{"type":"number","description_kind":"plain","optional":true}},"description_kind":"plain"}},"uuid":{"nesting_mode":"list","block":{"attributes":{"uuid_lslong":{"type":"number","description_kind":"plain","optional":true},"uuid_mslong":{"type":"number","description_kind":"plain","optional":true}},"description_kind":"plain"},"min_items":1}},"description_kind":"plain"}},"perms2":{"nesting_mode":"list","block":{"attributes":{"global_access":{"type":"number","description_kind":"plain","optional":true},"owner":{"type":"string","description_kind":"plain","required":true},"owner_access":{"type":"number","description_kind":"plain","required":true}},"block_types":{"share":{"nesting_mode":"list","block":{"attributes":{"tenant":{"type":"string","description_kind":"plain","required":true},"tenant_access":{"type":"number","description_kind":"plain","required":true}},"description_kind":"plain"}}},"description_kind":"plain"}},"service_appliance_properties":{"nesting_mode":"list","block":{"block_types":{"key_value_pair":{"nesting_mode":"list","block":{"attributes":{"key":{"type":"string","description_kind":"plain","optional":true},"value":{"type":"string","description_kind":"plain","optional":true}},"description_kind":"plain"}}},"description_kind":"plain"}},"service_appliance_user_credentials":{"nesting_mode":"list","block":{"attributes":{"password":{"type":"string","description_kind":"plain","optional":true},"username":{"type":"string","description_kind":"plain","optional":true}},"description_kind":"plain"}}},"description_kind":"plain"}},"contrail_service_appliance_refs":{"version":0,"block":{"attributes":{"id":{"type":"string","description_kind":"plain","optional":true,"computed":true},"uuid":{"type":"string","description_kind":"plain","required":true}},"block_types":{"physical_interface_refs":{"nesting_mode":"list","block":{"attributes":{"to":{"type":"string","description_kind":"plain","required":true}},"block_types":{"attr":{"nesting_mode":"list","block":{"attributes":{"interface_type":{"type":"string","description_kind":"plain","optional":true}},"description_kind":"plain"},"min_items":1}},"description_kind":"plain"}},"tag_refs":{"nesting_mode":"list","block":{"attributes":{"to":{"type":"string","description_kind":"plain","required":true}},"description_kind":"plain"}}},"description_kind":"plain"}},"contrail_service_appliance_set":{"version":0,"block":{"attributes":{"display_name":{"type":"string","description_kind":"plain","optional":true},"id":{"type":"string","description_kind":"plain","optional":true,"computed":true},"name":{"type":"string","description_kind":"plain","required":true},"parent_uuid":{"type":"string","description_kind":"plain","optional":true},"service_appliance_driver":{"type":"string","description_kind":"plain","optional":true},"service_appliance_ha_mode":{"type":"string","description_kind":"plain","optional":true}},"block_types":{"annotations":{"nesting_mode":"list","block":{"block_types":{"key_value_pair":{"nesting_mode":"list","block":{"attributes":{"key":{"type":"string","description_kind":"plain","optional":true},"value":{"type":"string","description_kind":"plain","optional":true}},"description_kind":"plain"}}},"description_kind":"plain"}},"id_perms":{"nesting_mode":"list","block":{"attributes":{"created":{"type":"string","description_kind":"plain","optional":true},"creator":{"type":"string","description_kind":"plain","optional":true},"description":{"type":"string","description_kind":"plain","optional":true},"enable":{"type":"bool","description_kind":"plain","required":true},"last_modified":{"type":"string","description_kind":"plain","optional":true},"user_visible":{"type":"bool","description_kind":"plain","optional":true}},"block_types":{"permissions":{"nesting_mode":"list","block":{"attributes":{"group":{"type":"string","description_kind":"plain","optional":true},"group_access":{"type":"number","description_kind":"plain","optional":true},"other_access":{"type":"number","description_kind":"plain","optional":true},"owner":{"type":"string","description_kind":"plain","optional":true},"owner_access":{"type":"number","description_kind":"plain","optional":true}},"description_kind":"plain"}},"uuid":{"nesting_mode":"list","block":{"attributes":{"uuid_lslong":{"type":"number","description_kind":"plain","optional":true},"uuid_mslong":{"type":"number","description_kind":"plain","optional":true}},"description_kind":"plain"},"min_items":1}},"description_kind":"plain"}},"perms2":{"nesting_mode":"list","block":{"attributes":{"global_access":{"type":"number","description_kind":"plain","optional":true},"owner":{"type":"string","description_kind":"plain","required":true},"owner_access":{"type":"number","description_kind":"plain","required":true}},"block_types":{"share":{"nesting_mode":"list","block":{"attributes":{"tenant":{"type":"string","description_kind":"plain","required":true},"tenant_access":{"type":"number","description_kind":"plain","required":true}},"description_kind":"plain"}}},"description_kind":"plain"}},"service_appliance_set_properties":{"nesting_mode":"list","block":{"block_types":{"key_value_pair":{"nesting_mode":"list","block":{"attributes":{"key":{"type":"string","description_kind":"plain","optional":true},"value":{"type":"string","description_kind":"plain","optional":true}},"description_kind":"plain"}}},"description_kind":"plain"}}},"description_kind":"plain"}},"contrail_service_appliance_set_refs":{"version":0,"block":{"attributes":{"id":{"type":"string","description_kind":"plain","optional":true,"computed":true},"uuid":{"type":"string","description_kind":"plain","required":true}},"block_types":{"tag_refs":{"nesting_mode":"list","block":{"attributes":{"to":{"type":"string","description_kind":"plain","required":true}},"description_kind":"plain"}}},"description_kind":"plain"}},"contrail_service_connection_module":{"version":0,"block":{"attributes":{"display_name":{"type":"string","description_kind":"plain","optional":true},"e2_service":{"type":"string","description_kind":"plain","optional":true},"id":{"type":"string","description_kind":"plain","optional":true,"computed":true},"name":{"type":"string","description_kind":"plain","required":true},"parent_uuid":{"type":"string","description_kind":"plain","optional":true},"service_type":{"type":"string","description_kind":"plain","optional":true}},"block_types":{"annotations":{"nesting_mode":"list","block":{"block_types":{"key_value_pair":{"nesting_mode":"list","block":{"attributes":{"key":{"type":"string","description_kind":"plain","optional":true},"value":{"type":"string","description_kind":"plain","optional":true}},"description_kind":"plain"}}},"description_kind":"plain"}},"id_perms":{"nesting_mode":"list","block":{"attributes":{"created":{"type":"string","description_kind":"plain","optional":true},"creator":{"type":"string","description_kind":"plain","optional":true},"description":{"type":"string","description_kind":"plain","optional":true},"enable":{"type":"bool","description_kind":"plain","required":true},"last_modified":{"type":"string","description_kind":"plain","optional":true},"user_visible":{"type":"bool","description_kind":"plain","optional":true}},"block_types":{"permissions":{"nesting_mode":"list","block":{"attributes":{"group":{"type":"string","description_kind":"plain","optional":true},"group_access":{"type":"number","description_kind":"plain","optional":true},"other_access":{"type":"number","description_kind":"plain","optional":true},"owner":{"type":"string","description_kind":"plain","optional":true},"owner_access":{"type":"number","description_kind":"plain","optional":true}},"description_kind":"plain"}},"uuid":{"nesting_mode":"list","block":{"attributes":{"uuid_lslong":{"type":"number","description_kind":"plain","optional":true},"uuid_mslong":{"type":"number","description_kind":"plain","optional":true}},"description_kind":"plain"},"min_items":1}},"description_kind":"plain"}},"perms2":{"nesting_mode":"list","block":{"attributes":{"global_access":{"type":"number","description_kind":"plain","optional":true},"owner":{"type":"string","description_kind":"plain","required":true},"owner_access":{"type":"number","description_kind":"plain","required":true}},"block_types":{"share":{"nesting_mode":"list","block":{"attributes":{"tenant":{"type":"string","description_kind":"plain","required":true},"tenant_access":{"type":"number","description_kind":"plain","required":true}},"description_kind":"plain"}}},"description_kind":"plain"}}},"description_kind":"plain"}},"contrail_service_connection_module_refs":{"version":0,"block":{"attributes":{"id":{"type":"string","description_kind":"plain","optional":true,"computed":true},"uuid":{"type":"string","description_kind":"plain","required":true}},"block_types":{"service_object_refs":{"nesting_mode":"list","block":{"attributes":{"to":{"type":"string","description_kind":"plain","required":true}},"description_kind":"plain"}},"tag_refs":{"nesting_mode":"list","block":{"attributes":{"to":{"type":"string","description_kind":"plain","required":true}},"description_kind":"plain"}}},"description_kind":"plain"}},"contrail_service_endpoint":{"version":0,"block":{"attributes":{"display_name":{"type":"string","description_kind":"plain","optional":true},"id":{"type":"string","description_kind":"plain","optional":true,"computed":true},"name":{"type":"string","description_kind":"plain","required":true},"parent_uuid":{"type":"string","description_kind":"plain","optional":true}},"block_types":{"annotations":{"nesting_mode":"list","block":{"block_types":{"key_value_pair":{"nesting_mode":"list","block":{"attributes":{"key":{"type":"string","description_kind":"plain","optional":true},"value":{"type":"string","description_kind":"plain","optional":true}},"description_kind":"plain"}}},"description_kind":"plain"}},"id_perms":{"nesting_mode":"list","block":{"attributes":{"created":{"type":"string","description_kind":"plain","optional":true},"creator":{"type":"string","description_kind":"plain","optional":true},"description":{"type":"string","description_kind":"plain","optional":true},"enable":{"type":"bool","description_kind":"plain","required":true},"last_modified":{"type":"string","description_kind":"plain","optional":true},"user_visible":{"type":"bool","description_kind":"plain","optional":true}},"block_types":{"permissions":{"nesting_mode":"list","block":{"attributes":{"group":{"type":"string","description_kind":"plain","optional":true},"group_access":{"type":"number","description_kind":"plain","optional":true},"other_access":{"type":"number","description_kind":"plain","optional":true},"owner":{"type":"string","description_kind":"plain","optional":true},"owner_access":{"type":"number","description_kind":"plain","optional":true}},"description_kind":"plain"}},"uuid":{"nesting_mode":"list","block":{"attributes":{"uuid_lslong":{"type":"number","description_kind":"plain","optional":true},"uuid_mslong":{"type":"number","description_kind":"plain","optional":true}},"description_kind":"plain"},"min_items":1}},"description_kind":"plain"}},"perms2":{"nesting_mode":"list","block":{"attributes":{"global_access":{"type":"number","description_kind":"plain","optional":true},"owner":{"type":"string","description_kind":"plain","required":true},"owner_access":{"type":"number","description_kind":"plain","required":true}},"block_types":{"share":{"nesting_mode":"list","block":{"attributes":{"tenant":{"type":"string","description_kind":"plain","required":true},"tenant_access":{"type":"number","description_kind":"plain","required":true}},"description_kind":"plain"}}},"description_kind":"plain"}}},"description_kind":"plain"}},"contrail_service_endpoint_refs":{"version":0,"block":{"attributes":{"id":{"type":"string","description_kind":"plain","optional":true,"computed":true},"uuid":{"type":"string","description_kind":"plain","required":true}},"block_types":{"physical_router_refs":{"nesting_mode":"list","block":{"attributes":{"to":{"type":"string","description_kind":"plain","required":true}},"description_kind":"plain"}},"service_connection_module_refs":{"nesting_mode":"list","block":{"attributes":{"to":{"type":"string","description_kind":"plain","required":true}},"description_kind":"plain"}},"service_object_refs":{"nesting_mode":"list","block":{"attributes":{"to":{"type":"string","description_kind":"plain","required":true}},"description_kind":"plain"}},"tag_refs":{"nesting_mode":"list","block":{"attributes":{"to":{"type":"string","description_kind":"plain","required":true}},"description_kind":"plain"}}},"description_kind":"plain"}},"contrail_service_group":{"version":0,"block":{"attributes":{"display_name":{"type":"string","description_kind":"plain","optional":true},"id":{"type":"string","description_kind":"plain","optional":true,"computed":true},"name":{"type":"string","description_kind":"plain","required":true},"parent_uuid":{"type":"string","description_kind":"plain","optional":true}},"block_types":{"annotations":{"nesting_mode":"list","block":{"block_types":{"key_value_pair":{"nesting_mode":"list","block":{"attributes":{"key":{"type":"string","description_kind":"plain","optional":true},"value":{"type":"string","description_kind":"plain","optional":true}},"description_kind":"plain"}}},"description_kind":"plain"}},"id_perms":{"nesting_mode":"list","block":{"attributes":{"created":{"type":"string","description_kind":"plain","optional":true},"creator":{"type":"string","description_kind":"plain","optional":true},"description":{"type":"string","description_kind":"plain","optional":true},"enable":{"type":"bool","description_kind":"plain","required":true},"last_modified":{"type":"string","description_kind":"plain","optional":true},"user_visible":{"type":"bool","description_kind":"plain","optional":true}},"block_types":{"permissions":{"nesting_mode":"list","block":{"attributes":{"group":{"type":"string","description_kind":"plain","optional":true},"group_access":{"type":"number","description_kind":"plain","optional":true},"other_access":{"type":"number","description_kind":"plain","optional":true},"owner":{"type":"string","description_kind":"plain","optional":true},"owner_access":{"type":"number","description_kind":"plain","optional":true}},"description_kind":"plain"}},"uuid":{"nesting_mode":"list","block":{"attributes":{"uuid_lslong":{"type":"number","description_kind":"plain","optional":true},"uuid_mslong":{"type":"number","description_kind":"plain","optional":true}},"description_kind":"plain"},"min_items":1}},"description_kind":"plain"}},"perms2":{"nesting_mode":"list","block":{"attributes":{"global_access":{"type":"number","description_kind":"plain","optional":true},"owner":{"type":"string","description_kind":"plain","required":true},"owner_access":{"type":"number","description_kind":"plain","required":true}},"block_types":{"share":{"nesting_mode":"list","block":{"attributes":{"tenant":{"type":"string","description_kind":"plain","required":true},"tenant_access":{"type":"number","description_kind":"plain","required":true}},"description_kind":"plain"}}},"description_kind":"plain"}},"service_group_firewall_service_list":{"nesting_mode":"list","block":{"block_types":{"firewall_service":{"nesting_mode":"list","block":{"attributes":{"protocol":{"type":"string","description_kind":"plain","optional":true},"protocol_id":{"type":"number","description_kind":"plain","optional":true}},"block_types":{"dst_ports":{"nesting_mode":"list","block":{"attributes":{"end_port":{"type":"number","description_kind":"plain","required":true},"start_port":{"type":"number","description_kind":"plain","required":true}},"description_kind":"plain"}},"src_ports":{"nesting_mode":"list","block":{"attributes":{"end_port":{"type":"number","description_kind":"plain","required":true},"start_port":{"type":"number","description_kind":"plain","required":true}},"description_kind":"plain"}}},"description_kind":"plain"},"min_items":1}},"description_kind":"plain"}}},"description_kind":"plain"}},"contrail_service_group_refs":{"version":0,"block":{"attributes":{"id":{"type":"string","description_kind":"plain","optional":true,"computed":true},"uuid":{"type":"string","description_kind":"plain","required":true}},"block_types":{"tag_refs":{"nesting_mode":"list","block":{"attributes":{"to":{"type":"string","description_kind":"plain","required":true}},"description_kind":"plain"}}},"description_kind":"plain"}},"contrail_service_health_check":{"version":0,"block":{"attributes":{"display_name":{"type":"string","description_kind":"plain","optional":true},"id":{"type":"string","description_kind":"plain","optional":true,"computed":true},"name":{"type":"string","description_kind":"plain","required":true},"parent_uuid":{"type":"string","description_kind":"plain","optional":true}},"block_types":{"annotations":{"nesting_mode":"list","block":{"block_types":{"key_value_pair":{"nesting_mode":"list","block":{"attributes":{"key":{"type":"string","description_kind":"plain","optional":true},"value":{"type":"string","description_kind":"plain","optional":true}},"description_kind":"plain"}}},"description_kind":"plain"}},"id_perms":{"nesting_mode":"list","block":{"attributes":{"created":{"type":"string","description_kind":"plain","optional":true},"creator":{"type":"string","description_kind":"plain","optional":true},"description":{"type":"string","description_kind":"plain","optional":true},"enable":{"type":"bool","description_kind":"plain","required":true},"last_modified":{"type":"string","description_kind":"plain","optional":true},"user_visible":{"type":"bool","description_kind":"plain","optional":true}},"block_types":{"permissions":{"nesting_mode":"list","block":{"attributes":{"group":{"type":"string","description_kind":"plain","optional":true},"group_access":{"type":"number","description_kind":"plain","optional":true},"other_access":{"type":"number","description_kind":"plain","optional":true},"owner":{"type":"string","description_kind":"plain","optional":true},"owner_access":{"type":"number","description_kind":"plain","optional":true}},"description_kind":"plain"}},"uuid":{"nesting_mode":"list","block":{"attributes":{"uuid_lslong":{"type":"number","description_kind":"plain","optional":true},"uuid_mslong":{"type":"number","description_kind":"plain","optional":true}},"description_kind":"plain"},"min_items":1}},"description_kind":"plain"}},"perms2":{"nesting_mode":"list","block":{"attributes":{"global_access":{"type":"number","description_kind":"plain","optional":true},"owner":{"type":"string","description_kind":"plain","required":true},"owner_access":{"type":"number","description_kind":"plain","required":true}},"block_types":{"share":{"nesting_mode":"list","block":{"attributes":{"tenant":{"type":"string","description_kind":"plain","required":true},"tenant_access":{"type":"number","description_kind":"plain","required":true}},"description_kind":"plain"}}},"description_kind":"plain"}},"service_health_check_properties":{"nesting_mode":"list","block":{"attributes":{"delay":{"type":"number","description_kind":"plain","required":true},"delayusecs":{"type":"number","description_kind":"plain","optional":true},"enabled":{"type":"bool","description_kind":"plain","optional":true},"expected_codes":{"type":"string","description_kind":"plain","optional":true},"health_check_type":{"type":"string","description_kind":"plain","required":true},"http_method":{"type":"string","description_kind":"plain","optional":true},"max_retries":{"type":"number","description_kind":"plain","required":true},"monitor_type":{"type":"string","description_kind":"plain","required":true},"timeout":{"type":"number","description_kind":"plain","required":true},"timeoutusecs":{"type":"number","description_kind":"plain","optional":true},"url_path":{"type":"string","description_kind":"plain","optional":true}},"description_kind":"plain"}}},"description_kind":"plain"}},"contrail_service_health_check_refs":{"version":0,"block":{"attributes":{"id":{"type":"string","description_kind":"plain","optional":true,"computed":true},"uuid":{"type":"string","description_kind":"plain","required":true}},"block_types":{"service_instance_refs":{"nesting_mode":"list","block":{"attributes":{"to":{"type":"string","description_kind":"plain","required":true}},"block_types":{"attr":{"nesting_mode":"list","block":{"attributes":{"interface_type":{"type":"string","description_kind":"plain","optional":true}},"description_kind":"plain"},"min_items":1}},"description_kind":"plain"}},"tag_refs":{"nesting_mode":"list","block":{"attributes":{"to":{"type":"string","description_kind":"plain","required":true}},"description_kind":"plain"}}},"description_kind":"plain"}},"contrail_service_instance":{"version":0,"block":{"attributes":{"display_name":{"type":"string","description_kind":"plain","optional":true},"id":{"type":"string","description_kind":"plain","optional":true,"computed":true},"name":{"type":"string","description_kind":"plain","required":true},"parent_uuid":{"type":"string","description_kind":"plain","optional":true}},"block_types":{"annotations":{"nesting_mode":"list","block":{"block_types":{"key_value_pair":{"nesting_mode":"list","block":{"attributes":{"key":{"type":"string","description_kind":"plain","optional":true},"value":{"type":"string","description_kind":"plain","optional":true}},"description_kind":"plain"}}},"description_kind":"plain"}},"id_perms":{"nesting_mode":"list","block":{"attributes":{"created":{"type":"string","description_kind":"plain","optional":true},"creator":{"type":"string","description_kind":"plain","optional":true},"description":{"type":"string","description_kind":"plain","optional":true},"enable":{"type":"bool","description_kind":"plain","required":true},"last_modified":{"type":"string","description_kind":"plain","optional":true},"user_visible":{"type":"bool","description_kind":"plain","optional":true}},"block_types":{"permissions":{"nesting_mode":"list","block":{"attributes":{"group":{"type":"string","description_kind":"plain","optional":true},"group_access":{"type":"number","description_kind":"plain","optional":true},"other_access":{"type":"number","description_kind":"plain","optional":true},"owner":{"type":"string","description_kind":"plain","optional":true},"owner_access":{"type":"number","description_kind":"plain","optional":true}},"description_kind":"plain"}},"uuid":{"nesting_mode":"list","block":{"attributes":{"uuid_lslong":{"type":"number","description_kind":"plain","optional":true},"uuid_mslong":{"type":"number","description_kind":"plain","optional":true}},"description_kind":"plain"},"min_items":1}},"description_kind":"plain"}},"perms2":{"nesting_mode":"list","block":{"attributes":{"global_access":{"type":"number","description_kind":"plain","optional":true},"owner":{"type":"string","description_kind":"plain","required":true},"owner_access":{"type":"number","description_kind":"plain","required":true}},"block_types":{"share":{"nesting_mode":"list","block":{"attributes":{"tenant":{"type":"string","description_kind":"plain","required":true},"tenant_access":{"type":"number","description_kind":"plain","required":true}},"description_kind":"plain"}}},"description_kind":"plain"}},"service_instance_bindings":{"nesting_mode":"list","block":{"block_types":{"key_value_pair":{"nesting_mode":"list","block":{"attributes":{"key":{"type":"string","description_kind":"plain","optional":true},"value":{"type":"string","description_kind":"plain","optional":true}},"description_kind":"plain"}}},"description_kind":"plain"}},"service_instance_properties":{"nesting_mode":"list","block":{"attributes":{"auto_policy":{"type":"bool","description_kind":"plain","optional":true},"availability_zone":{"type":"string","description_kind":"plain","optional":true},"ha_mode":{"type":"string","description_kind":"plain","optional":true},"left_ip_address":{"type":"string","description_kind":"plain","optional":true},"left_virtual_network":{"type":"string","description_kind":"plain","optional":true},"management_virtual_network":{"type":"string","description_kind":"plain","optional":true},"right_ip_address":{"type":"string","description_kind":"plain","optional":true},"right_virtual_network":{"type":"string","description_kind":"plain","optional":true},"virtual_router_id":{"type":"string","description_kind":"plain","optional":true}},"block_types":{"interface_list":{"nesting_mode":"list","block":{"attributes":{"ip_address":{"type":"string","description_kind":"plain","optional":true},"virtual_network":{"type":"string","description_kind":"plain","required":true}},"block_types":{"allowed_address_pairs":{"nesting_mode":"list","block":{"block_types":{"allowed_address_pair":{"nesting_mode":"list","block":{"attributes":{"address_mode":{"type":"string","description_kind":"plain","optional":true},"mac":{"type":"string","description_kind":"plain","optional":true}},"block_types":{"ip":{"nesting_mode":"list","block":{"attributes":{"ip_prefix":{"type":"string","description_kind":"plain","optional":true},"ip_prefix_len":{"type":"number","description_kind":"plain","optional":true}},"description_kind":"plain"}}},"description_kind":"plain"}}},"description_kind":"plain"}},"static_routes":{"nesting_mode":"list","block":{"block_types":{"route":{"nesting_mode":"list","block":{"attributes":{"next_hop":{"type":"string","description_kind":"plain","optional":true},"next_hop_type":{"type":"string","description_kind":"plain","optional":true},"prefix":{"type":"string","description_kind":"plain","optional":true}},"block_types":{"community_attributes":{"nesting_mode":"list","block":{"attributes":{"community_attribute":{"type":["list","string"],"description_kind":"plain","optional":true}},"description_kind":"plain"}}},"description_kind":"plain"}}},"description_kind":"plain"}}},"description_kind":"plain"},"min_items":1},"scale_out":{"nesting_mode":"list","block":{"attributes":{"auto_scale":{"type":"bool","description_kind":"plain","required":true},"max_instances":{"type":"number","description_kind":"plain","required":true}},"description_kind":"plain"}}},"description_kind":"plain"}},"service_template_refs":{"nesting_mode":"list","block":{"attributes":{"to":{"type":"string","description_kind":"plain","required":true}},"description_kind":"plain"}}},"description_kind":"plain"}},"contrail_service_instance_refs":{"version":0,"block":{"attributes":{"id":{"type":"string","description_kind":"plain","optional":true,"computed":true},"uuid":{"type":"string","description_kind":"plain","required":true}},"block_types":{"instance_ip_refs":{"nesting_mode":"list","block":{"attributes":{"to":{"type":"string","description_kind":"plain","required":true}},"block_types":{"attr":{"nesting_mode":"list","block":{"attributes":{"interface_type":{"type":"string","description_kind":"plain","optional":true}},"description_kind":"plain"},"min_items":1}},"description_kind":"plain"}},"tag_refs":{"nesting_mode":"list","block":{"attributes":{"to":{"type":"string","description_kind":"plain","required":true}},"description_kind":"plain"}}},"description_kind":"plain"}},"contrail_service_object":{"version":0,"block":{"attributes":{"display_name":{"type":"string","description_kind":"plain","optional":true},"id":{"type":"string","description_kind":"plain","optional":true,"computed":true},"name":{"type":"string","description_kind":"plain","required":true},"parent_uuid":{"type":"string","description_kind":"plain","optional":true}},"block_types":{"annotations":{"nesting_mode":"list","block":{"block_types":{"key_value_pair":{"nesting_mode":"list","block":{"attributes":{"key":{"type":"string","description_kind":"plain","optional":true},"value":{"type":"string","description_kind":"plain","optional":true}},"description_kind":"plain"}}},"description_kind":"plain"}},"id_perms":{"nesting_mode":"list","block":{"attributes":{"created":{"type":"string","description_kind":"plain","optional":true},"creator":{"type":"string","description_kind":"plain","optional":true},"description":{"type":"string","description_kind":"plain","optional":true},"enable":{"type":"bool","description_kind":"plain","required":true},"last_modified":{"type":"string","description_kind":"plain","optional":true},"user_visible":{"type":"bool","description_kind":"plain","optional":true}},"block_types":{"permissions":{"nesting_mode":"list","block":{"attributes":{"group":{"type":"string","description_kind":"plain","optional":true},"group_access":{"type":"number","description_kind":"plain","optional":true},"other_access":{"type":"number","description_kind":"plain","optional":true},"owner":{"type":"string","description_kind":"plain","optional":true},"owner_access":{"type":"number","description_kind":"plain","optional":true}},"description_kind":"plain"}},"uuid":{"nesting_mode":"list","block":{"attributes":{"uuid_lslong":{"type":"number","description_kind":"plain","optional":true},"uuid_mslong":{"type":"number","description_kind":"plain","optional":true}},"description_kind":"plain"},"min_items":1}},"description_kind":"plain"}},"perms2":{"nesting_mode":"list","block":{"attributes":{"global_access":{"type":"number","description_kind":"plain","optional":true},"owner":{"type":"string","description_kind":"plain","required":true},"owner_access":{"type":"number","description_kind":"plain","required":true}},"block_types":{"share":{"nesting_mode":"list","block":{"attributes":{"tenant":{"type":"string","description_kind":"plain","required":true},"tenant_access":{"type":"number","description_kind":"plain","required":true}},"description_kind":"plain"}}},"description_kind":"plain"}}},"description_kind":"plain"}},"contrail_service_object_refs":{"version":0,"block":{"attributes":{"id":{"type":"string","description_kind":"plain","optional":true,"computed":true},"uuid":{"type":"string","description_kind":"plain","required":true}},"block_types":{"tag_refs":{"nesting_mode":"list","block":{"attributes":{"to":{"type":"string","description_kind":"plain","required":true}},"description_kind":"plain"}}},"description_kind":"plain"}},"contrail_service_template":{"version":0,"block":{"attributes":{"display_name":{"type":"string","description_kind":"plain","optional":true},"id":{"type":"string","description_kind":"plain","optional":true,"computed":true},"name":{"type":"string","description_kind":"plain","required":true},"parent_uuid":{"type":"string","description_kind":"plain","optional":true}},"block_types":{"annotations":{"nesting_mode":"list","block":{"block_types":{"key_value_pair":{"nesting_mode":"list","block":{"attributes":{"key":{"type":"string","description_kind":"plain","optional":true},"value":{"type":"string","description_kind":"plain","optional":true}},"description_kind":"plain"}}},"description_kind":"plain"}},"id_perms":{"nesting_mode":"list","block":{"attributes":{"created":{"type":"string","description_kind":"plain","optional":true},"creator":{"type":"string","description_kind":"plain","optional":true},"description":{"type":"string","description_kind":"plain","optional":true},"enable":{"type":"bool","description_kind":"plain","required":true},"last_modified":{"type":"string","description_kind":"plain","optional":true},"user_visible":{"type":"bool","description_kind":"plain","optional":true}},"block_types":{"permissions":{"nesting_mode":"list","block":{"attributes":{"group":{"type":"string","description_kind":"plain","optional":true},"group_access":{"type":"number","description_kind":"plain","optional":true},"other_access":{"type":"number","description_kind":"plain","optional":true},"owner":{"type":"string","description_kind":"plain","optional":true},"owner_access":{"type":"number","description_kind":"plain","optional":true}},"description_kind":"plain"}},"uuid":{"nesting_mode":"list","block":{"attributes":{"uuid_lslong":{"type":"number","description_kind":"plain","optional":true},"uuid_mslong":{"type":"number","description_kind":"plain","optional":true}},"description_kind":"plain"},"min_items":1}},"description_kind":"plain"}},"perms2":{"nesting_mode":"list","block":{"attributes":{"global_access":{"type":"number","description_kind":"plain","optional":true},"owner":{"type":"string","description_kind":"plain","required":true},"owner_access":{"type":"number","description_kind":"plain","required":true}},"block_types":{"share":{"nesting_mode":"list","block":{"attributes":{"tenant":{"type":"string","description_kind":"plain","required":true},"tenant_access":{"type":"number","description_kind":"plain","required":true}},"description_kind":"plain"}}},"description_kind":"plain"}},"service_template_properties":{"nesting_mode":"list","block":{"attributes":{"availability_zone_enable":{"type":"bool","description_kind":"plain","optional":true},"flavor":{"type":"string","description_kind":"plain","optional":true},"image_name":{"type":"string","description_kind":"plain","optional":true},"instance_data":{"type":"string","description_kind":"plain","optional":true},"ordered_interfaces":{"type":"bool","description_kind":"plain","optional":true},"service_mode":{"type":"string","description_kind":"plain","required":true},"service_scaling":{"type":"bool","description_kind":"plain","optional":true},"service_type":{"type":"string","description_kind":"plain","required":true},"service_virtualization_type":{"type":"string","description_kind":"plain","optional":true},"version":{"type":"number","description_kind":"plain","optional":true},"vrouter_instance_type":{"type":"string","description_kind":"plain","optional":true}},"block_types":{"interface_type":{"nesting_mode":"list","block":{"attributes":{"service_interface_type":{"type":"string","description_kind":"plain","required":true},"shared_ip":{"type":"bool","description_kind":"plain","optional":true},"static_route_enable":{"type":"bool","description_kind":"plain","optional":true}},"description_kind":"plain"},"min_items":1}},"description_kind":"plain"}}},"description_kind":"plain"}},"contrail_service_template_refs":{"version":0,"block":{"attributes":{"id":{"type":"string","description_kind":"plain","optional":true,"computed":true},"uuid":{"type":"string","description_kind":"plain","required":true}},"block_types":{"service_appliance_set_refs":{"nesting_mode":"list","block":{"attributes":{"to":{"type":"string","description_kind":"plain","required":true}},"description_kind":"plain"}},"tag_refs":{"nesting_mode":"list","block":{"attributes":{"to":{"type":"string","description_kind":"plain","required":true}},"description_kind":"plain"}}},"description_kind":"plain"}},"contrail_subnet":{"version":0,"block":{"attributes":{"display_name":{"type":"string","description_kind":"plain","optional":true},"id":{"type":"string","description_kind":"plain","optional":true,"computed":true},"name":{"type":"string","description_kind":"plain","required":true},"parent_uuid":{"type":"string","description_kind":"plain","optional":true}},"block_types":{"annotations":{"nesting_mode":"list","block":{"block_types":{"key_value_pair":{"nesting_mode":"list","block":{"attributes":{"key":{"type":"string","description_kind":"plain","optional":true},"value":{"type":"string","description_kind":"plain","optional":true}},"description_kind":"plain"}}},"description_kind":"plain"}},"id_perms":{"nesting_mode":"list","block":{"attributes":{"created":{"type":"string","description_kind":"plain","optional":true},"creator":{"type":"string","description_kind":"plain","optional":true},"description":{"type":"string","description_kind":"plain","optional":true},"enable":{"type":"bool","description_kind":"plain","required":true},"last_modified":{"type":"string","description_kind":"plain","optional":true},"user_visible":{"type":"bool","description_kind":"plain","optional":true}},"block_types":{"permissions":{"nesting_mode":"list","block":{"attributes":{"group":{"type":"string","description_kind":"plain","optional":true},"group_access":{"type":"number","description_kind":"plain","optional":true},"other_access":{"type":"number","description_kind":"plain","optional":true},"owner":{"type":"string","description_kind":"plain","optional":true},"owner_access":{"type":"number","description_kind":"plain","optional":true}},"description_kind":"plain"}},"uuid":{"nesting_mode":"list","block":{"attributes":{"uuid_lslong":{"type":"number","description_kind":"plain","optional":true},"uuid_mslong":{"type":"number","description_kind":"plain","optional":true}},"description_kind":"plain"},"min_items":1}},"description_kind":"plain"}},"perms2":{"nesting_mode":"list","block":{"attributes":{"global_access":{"type":"number","description_kind":"plain","optional":true},"owner":{"type":"string","description_kind":"plain","required":true},"owner_access":{"type":"number","description_kind":"plain","required":true}},"block_types":{"share":{"nesting_mode":"list","block":{"attributes":{"tenant":{"type":"string","description_kind":"plain","required":true},"tenant_access":{"type":"number","description_kind":"plain","required":true}},"description_kind":"plain"}}},"description_kind":"plain"}},"subnet_ip_prefix":{"nesting_mode":"list","block":{"attributes":{"ip_prefix":{"type":"string","description_kind":"plain","optional":true},"ip_prefix_len":{"type":"number","description_kind":"plain","optional":true}},"description_kind":"plain"}}},"description_kind":"plain"}},"contrail_subnet_refs":{"version":0,"block":{"attributes":{"id":{"type":"string","description_kind":"plain","optional":true,"computed":true},"uuid":{"type":"string","description_kind":"plain","required":true}},"block_types":{"tag_refs":{"nesting_mode":"list","block":{"attributes":{"to":{"type":"string","description_kind":"plain","required":true}},"description_kind":"plain"}},"virtual_machine_interface_refs":{"nesting_mode":"list","block":{"attributes":{"to":{"type":"string","description_kind":"plain","required":true}},"description_kind":"plain"}}},"description_kind":"plain"}},"contrail_tag":{"version":0,"block":{"attributes":{"display_name":{"type":"string","description_kind":"plain","optional":true},"id":{"type":"string","description_kind":"plain","optional":true,"computed":true},"name":{"type":"string","description_kind":"plain","required":true},"parent_uuid":{"type":"string","description_kind":"plain","optional":true},"tag_type_name":{"type":"string","description_kind":"plain","optional":true},"tag_value":{"type":"string","description_kind":"plain","optional":true}},"block_types":{"annotations":{"nesting_mode":"list","block":{"block_types":{"key_value_pair":{"nesting_mode":"list","block":{"attributes":{"key":{"type":"string","description_kind":"plain","optional":true},"value":{"type":"string","description_kind":"plain","optional":true}},"description_kind":"plain"}}},"description_kind":"plain"}},"id_perms":{"nesting_mode":"list","block":{"attributes":{"created":{"type":"string","description_kind":"plain","optional":true},"creator":{"type":"string","description_kind":"plain","optional":true},"description":{"type":"string","description_kind":"plain","optional":true},"enable":{"type":"bool","description_kind":"plain","required":true},"last_modified":{"type":"string","description_kind":"plain","optional":true},"user_visible":{"type":"bool","description_kind":"plain","optional":true}},"block_types":{"permissions":{"nesting_mode":"list","block":{"attributes":{"group":{"type":"string","description_kind":"plain","optional":true},"group_access":{"type":"number","description_kind":"plain","optional":true},"other_access":{"type":"number","description_kind":"plain","optional":true},"owner":{"type":"string","description_kind":"plain","optional":true},"owner_access":{"type":"number","description_kind":"plain","optional":true}},"description_kind":"plain"}},"uuid":{"nesting_mode":"list","block":{"attributes":{"uuid_lslong":{"type":"number","description_kind":"plain","optional":true},"uuid_mslong":{"type":"number","description_kind":"plain","optional":true}},"description_kind":"plain"},"min_items":1}},"description_kind":"plain"}},"perms2":{"nesting_mode":"list","block":{"attributes":{"global_access":{"type":"number","description_kind":"plain","optional":true},"owner":{"type":"string","description_kind":"plain","required":true},"owner_access":{"type":"number","description_kind":"plain","required":true}},"block_types":{"share":{"nesting_mode":"list","block":{"attributes":{"tenant":{"type":"string","description_kind":"plain","required":true},"tenant_access":{"type":"number","description_kind":"plain","required":true}},"description_kind":"plain"}}},"description_kind":"plain"}}},"description_kind":"plain"}},"contrail_tag_refs":{"version":0,"block":{"attributes":{"id":{"type":"string","description_kind":"plain","optional":true,"computed":true},"uuid":{"type":"string","description_kind":"plain","required":true}},"block_types":{"tag_refs":{"nesting_mode":"list","block":{"attributes":{"to":{"type":"string","description_kind":"plain","required":true}},"description_kind":"plain"}},"tag_type_refs":{"nesting_mode":"list","block":{"attributes":{"to":{"type":"string","description_kind":"plain","required":true}},"description_kind":"plain"}}},"description_kind":"plain"}},"contrail_tag_type":{"version":0,"block":{"attributes":{"display_name":{"type":"string","description_kind":"plain","optional":true},"id":{"type":"string","description_kind":"plain","optional":true,"computed":true},"name":{"type":"string","description_kind":"plain","required":true},"parent_uuid":{"type":"string","description_kind":"plain","optional":true}},"block_types":{"annotations":{"nesting_mode":"list","block":{"block_types":{"key_value_pair":{"nesting_mode":"list","block":{"attributes":{"key":{"type":"string","description_kind":"plain","optional":true},"value":{"type":"string","description_kind":"plain","optional":true}},"description_kind":"plain"}}},"description_kind":"plain"}},"id_perms":{"nesting_mode":"list","block":{"attributes":{"created":{"type":"string","description_kind":"plain","optional":true},"creator":{"type":"string","description_kind":"plain","optional":true},"description":{"type":"string","description_kind":"plain","optional":true},"enable":{"type":"bool","description_kind":"plain","required":true},"last_modified":{"type":"string","description_kind":"plain","optional":true},"user_visible":{"type":"bool","description_kind":"plain","optional":true}},"block_types":{"permissions":{"nesting_mode":"list","block":{"attributes":{"group":{"type":"string","description_kind":"plain","optional":true},"group_access":{"type":"number","description_kind":"plain","optional":true},"other_access":{"type":"number","description_kind":"plain","optional":true},"owner":{"type":"string","description_kind":"plain","optional":true},"owner_access":{"type":"number","description_kind":"plain","optional":true}},"description_kind":"plain"}},"uuid":{"nesting_mode":"list","block":{"attributes":{"uuid_lslong":{"type":"number","description_kind":"plain","optional":true},"uuid_mslong":{"type":"number","description_kind":"plain","optional":true}},"description_kind":"plain"},"min_items":1}},"description_kind":"plain"}},"perms2":{"nesting_mode":"list","block":{"attributes":{"global_access":{"type":"number","description_kind":"plain","optional":true},"owner":{"type":"string","description_kind":"plain","required":true},"owner_access":{"type":"number","description_kind":"plain","required":true}},"block_types":{"share":{"nesting_mode":"list","block":{"attributes":{"tenant":{"type":"string","description_kind":"plain","required":true},"tenant_access":{"type":"number","description_kind":"plain","required":true}},"description_kind":"plain"}}},"description_kind":"plain"}}},"description_kind":"plain"}},"contrail_tag_type_refs":{"version":0,"block":{"attributes":{"id":{"type":"string","description_kind":"plain","optional":true,"computed":true},"uuid":{"type":"string","description_kind":"plain","required":true}},"block_types":{"tag_refs":{"nesting_mode":"list","block":{"attributes":{"to":{"type":"string","description_kind":"plain","required":true}},"description_kind":"plain"}}},"description_kind":"plain"}},"contrail_virtual_dns":{"version":0,"block":{"attributes":{"display_name":{"type":"string","description_kind":"plain","optional":true},"id":{"type":"string","description_kind":"plain","optional":true,"computed":true},"name":{"type":"string","description_kind":"plain","required":true},"parent_uuid":{"type":"string","description_kind":"plain","optional":true}},"block_types":{"annotations":{"nesting_mode":"list","block":{"block_types":{"key_value_pair":{"nesting_mode":"list","block":{"attributes":{"key":{"type":"string","description_kind":"plain","optional":true},"value":{"type":"string","description_kind":"plain","optional":true}},"description_kind":"plain"}}},"description_kind":"plain"}},"id_perms":{"nesting_mode":"list","block":{"attributes":{"created":{"type":"string","description_kind":"plain","optional":true},"creator":{"type":"string","description_kind":"plain","optional":true},"description":{"type":"string","description_kind":"plain","optional":true},"enable":{"type":"bool","description_kind":"plain","required":true},"last_modified":{"type":"string","description_kind":"plain","optional":true},"user_visible":{"type":"bool","description_kind":"plain","optional":true}},"block_types":{"permissions":{"nesting_mode":"list","block":{"attributes":{"group":{"type":"string","description_kind":"plain","optional":true},"group_access":{"type":"number","description_kind":"plain","optional":true},"other_access":{"type":"number","description_kind":"plain","optional":true},"owner":{"type":"string","description_kind":"plain","optional":true},"owner_access":{"type":"number","description_kind":"plain","optional":true}},"description_kind":"plain"}},"uuid":{"nesting_mode":"list","block":{"attributes":{"uuid_lslong":{"type":"number","description_kind":"plain","optional":true},"uuid_mslong":{"type":"number","description_kind":"plain","optional":true}},"description_kind":"plain"},"min_items":1}},"description_kind":"plain"}},"perms2":{"nesting_mode":"list","block":{"attributes":{"global_access":{"type":"number","description_kind":"plain","optional":true},"owner":{"type":"string","description_kind":"plain","required":true},"owner_access":{"type":"number","description_kind":"plain","required":true}},"block_types":{"share":{"nesting_mode":"list","block":{"attributes":{"tenant":{"type":"string","description_kind":"plain","required":true},"tenant_access":{"type":"number","description_kind":"plain","required":true}},"description_kind":"plain"}}},"description_kind":"plain"}},"virtual_dns_data":{"nesting_mode":"list","block":{"attributes":{"default_ttl_seconds":{"type":"number","description_kind":"plain","optional":true},"domain_name":{"type":"string","description_kind":"plain","required":true},"dynamic_records_from_client":{"type":"bool","description_kind":"plain","optional":true},"external_visible":{"type":"bool","description_kind":"plain","optional":true},"floating_ip_record":{"type":"string","description_kind":"plain","optional":true},"next_virtual_dns":{"type":"string","description_kind":"plain","optional":true},"record_order":{"type":"string","description_kind":"plain","optional":true},"reverse_resolution":{"type":"bool","description_kind":"plain","optional":true}},"block_types":{"soa_record":{"nesting_mode":"list","block":{"attributes":{"negative_cache_ttl_seconds":{"type":"number","description_kind":"plain","optional":true}},"description_kind":"plain"}}},"description_kind":"plain"}}},"description_kind":"plain"}},"contrail_virtual_dns_record":{"version":0,"block":{"attributes":{"display_name":{"type":"string","description_kind":"plain","optional":true},"id":{"type":"string","description_kind":"plain","optional":true,"computed":true},"name":{"type":"string","description_kind":"plain","required":true},"parent_uuid":{"type":"string","description_kind":"plain","optional":true}},"block_types":{"annotations":{"nesting_mode":"list","block":{"block_types":{"key_value_pair":{"nesting_mode":"list","block":{"attributes":{"key":{"type":"string","description_kind":"plain","optional":true},"value":{"type":"string","description_kind":"plain","optional":true}},"description_kind":"plain"}}},"description_kind":"plain"}},"id_perms":{"nesting_mode":"list","block":{"attributes":{"created":{"type":"string","description_kind":"plain","optional":true},"creator":{"type":"string","description_kind":"plain","optional":true},"description":{"type":"string","description_kind":"plain","optional":true},"enable":{"type":"bool","description_kind":"plain","required":true},"last_modified":{"type":"string","description_kind":"plain","optional":true},"user_visible":{"type":"bool","description_kind":"plain","optional":true}},"block_types":{"permissions":{"nesting_mode":"list","block":{"attributes":{"group":{"type":"string","description_kind":"plain","optional":true},"group_access":{"type":"number","description_kind":"plain","optional":true},"other_access":{"type":"number","description_kind":"plain","optional":true},"owner":{"type":"string","description_kind":"plain","optional":true},"owner_access":{"type":"number","description_kind":"plain","optional":true}},"description_kind":"plain"}},"uuid":{"nesting_mode":"list","block":{"attributes":{"uuid_lslong":{"type":"number","description_kind":"plain","optional":true},"uuid_mslong":{"type":"number","description_kind":"plain","optional":true}},"description_kind":"plain"},"min_items":1}},"description_kind":"plain"}},"perms2":{"nesting_mode":"list","block":{"attributes":{"global_access":{"type":"number","description_kind":"plain","optional":true},"owner":{"type":"string","description_kind":"plain","required":true},"owner_access":{"type":"number","description_kind":"plain","required":true}},"block_types":{"share":{"nesting_mode":"list","block":{"attributes":{"tenant":{"type":"string","description_kind":"plain","required":true},"tenant_access":{"type":"number","description_kind":"plain","required":true}},"description_kind":"plain"}}},"description_kind":"plain"}},"virtual_dns_record_data":{"nesting_mode":"list","block":{"attributes":{"record_class":{"type":"string","description_kind":"plain","optional":true},"record_data":{"type":"string","description_kind":"plain","required":true},"record_mx_preference":{"type":"number","description_kind":"plain","optional":true},"record_name":{"type":"string","description_kind":"plain","required":true},"record_ttl_seconds":{"type":"number","description_kind":"plain","optional":true},"record_type":{"type":"string","description_kind":"plain","optional":true}},"description_kind":"plain"}}},"description_kind":"plain"}},"contrail_virtual_dns_record_refs":{"version":0,"block":{"attributes":{"id":{"type":"string","description_kind":"plain","optional":true,"computed":true},"uuid":{"type":"string","description_kind":"plain","required":true}},"block_types":{"tag_refs":{"nesting_mode":"list","block":{"attributes":{"to":{"type":"string","description_kind":"plain","required":true}},"description_kind":"plain"}}},"description_kind":"plain"}},"contrail_virtual_dns_refs":{"version":0,"block":{"attributes":{"id":{"type":"string","description_kind":"plain","optional":true,"computed":true},"uuid":{"type":"string","description_kind":"plain","required":true}},"block_types":{"tag_refs":{"nesting_mode":"list","block":{"attributes":{"to":{"type":"string","description_kind":"plain","required":true}},"description_kind":"plain"}}},"description_kind":"plain"}},"contrail_virtual_ip":{"version":0,"block":{"attributes":{"display_name":{"type":"string","description_kind":"plain","optional":true},"id":{"type":"string","description_kind":"plain","optional":true,"computed":true},"name":{"type":"string","description_kind":"plain","required":true},"parent_uuid":{"type":"string","description_kind":"plain","optional":true}},"block_types":{"annotations":{"nesting_mode":"list","block":{"block_types":{"key_value_pair":{"nesting_mode":"list","block":{"attributes":{"key":{"type":"string","description_kind":"plain","optional":true},"value":{"type":"string","description_kind":"plain","optional":true}},"description_kind":"plain"}}},"description_kind":"plain"}},"id_perms":{"nesting_mode":"list","block":{"attributes":{"created":{"type":"string","description_kind":"plain","optional":true},"creator":{"type":"string","description_kind":"plain","optional":true},"description":{"type":"string","description_kind":"plain","optional":true},"enable":{"type":"bool","description_kind":"plain","required":true},"last_modified":{"type":"string","description_kind":"plain","optional":true},"user_visible":{"type":"bool","description_kind":"plain","optional":true}},"block_types":{"permissions":{"nesting_mode":"list","block":{"attributes":{"group":{"type":"string","description_kind":"plain","optional":true},"group_access":{"type":"number","description_kind":"plain","optional":true},"other_access":{"type":"number","description_kind":"plain","optional":true},"owner":{"type":"string","description_kind":"plain","optional":true},"owner_access":{"type":"number","description_kind":"plain","optional":true}},"description_kind":"plain"}},"uuid":{"nesting_mode":"list","block":{"attributes":{"uuid_lslong":{"type":"number","description_kind":"plain","optional":true},"uuid_mslong":{"type":"number","description_kind":"plain","optional":true}},"description_kind":"plain"},"min_items":1}},"description_kind":"plain"}},"perms2":{"nesting_mode":"list","block":{"attributes":{"global_access":{"type":"number","description_kind":"plain","optional":true},"owner":{"type":"string","description_kind":"plain","required":true},"owner_access":{"type":"number","description_kind":"plain","required":true}},"block_types":{"share":{"nesting_mode":"list","block":{"attributes":{"tenant":{"type":"string","description_kind":"plain","required":true},"tenant_access":{"type":"number","description_kind":"plain","required":true}},"description_kind":"plain"}}},"description_kind":"plain"}},"virtual_ip_properties":{"nesting_mode":"list","block":{"attributes":{"address":{"type":"string","description_kind":"plain","optional":true},"admin_state":{"type":"bool","description_kind":"plain","optional":true},"connection_limit":{"type":"number","description_kind":"plain","optional":true},"persistence_cookie_name":{"type":"string","description_kind":"plain","optional":true},"persistence_type":{"type":"string","description_kind":"plain","optional":true},"protocol":{"type":"string","description_kind":"plain","required":true},"protocol_port":{"type":"number","description_kind":"plain","required":true},"status":{"type":"string","description_kind":"plain","optional":true},"status_description":{"type":"string","description_kind":"plain","optional":true},"subnet_id":{"type":"string","description_kind":"plain","required":true}},"description_kind":"plain"}}},"description_kind":"plain"}},"contrail_virtual_ip_refs":{"version":0,"block":{"attributes":{"id":{"type":"string","description_kind":"plain","optional":true,"computed":true},"uuid":{"type":"string","description_kind":"plain","required":true}},"block_types":{"loadbalancer_pool_refs":{"nesting_mode":"list","block":{"attributes":{"to":{"type":"string","description_kind":"plain","required":true}},"description_kind":"plain"}},"tag_refs":{"nesting_mode":"list","block":{"attributes":{"to":{"type":"string","description_kind":"plain","required":true}},"description_kind":"plain"}},"virtual_machine_interface_refs":{"nesting_mode":"list","block":{"attributes":{"to":{"type":"string","description_kind":"plain","required":true}},"description_kind":"plain"}}},"description_kind":"plain"}},"contrail_virtual_machine":{"version":0,"block":{"attributes":{"display_name":{"type":"string","description_kind":"plain","optional":true},"id":{"type":"string","description_kind":"plain","optional":true,"computed":true},"name":{"type":"string","description_kind":"plain","required":true},"parent_uuid":{"type":"string","description_kind":"plain","optional":true}},"block_types":{"annotations":{"nesting_mode":"list","block":{"block_types":{"key_value_pair":{"nesting_mode":"list","block":{"attributes":{"key":{"type":"string","description_kind":"plain","optional":true},"value":{"type":"string","description_kind":"plain","optional":true}},"description_kind":"plain"}}},"description_kind":"plain"}},"id_perms":{"nesting_mode":"list","block":{"attributes":{"created":{"type":"string","description_kind":"plain","optional":true},"creator":{"type":"string","description_kind":"plain","optional":true},"description":{"type":"string","description_kind":"plain","optional":true},"enable":{"type":"bool","description_kind":"plain","required":true},"last_modified":{"type":"string","description_kind":"plain","optional":true},"user_visible":{"type":"bool","description_kind":"plain","optional":true}},"block_types":{"permissions":{"nesting_mode":"list","block":{"attributes":{"group":{"type":"string","description_kind":"plain","optional":true},"group_access":{"type":"number","description_kind":"plain","optional":true},"other_access":{"type":"number","description_kind":"plain","optional":true},"owner":{"type":"string","description_kind":"plain","optional":true},"owner_access":{"type":"number","description_kind":"plain","optional":true}},"description_kind":"plain"}},"uuid":{"nesting_mode":"list","block":{"attributes":{"uuid_lslong":{"type":"number","description_kind":"plain","optional":true},"uuid_mslong":{"type":"number","description_kind":"plain","optional":true}},"description_kind":"plain"},"min_items":1}},"description_kind":"plain"}},"perms2":{"nesting_mode":"list","block":{"attributes":{"global_access":{"type":"number","description_kind":"plain","optional":true},"owner":{"type":"string","description_kind":"plain","required":true},"owner_access":{"type":"number","description_kind":"plain","required":true}},"block_types":{"share":{"nesting_mode":"list","block":{"attributes":{"tenant":{"type":"string","description_kind":"plain","required":true},"tenant_access":{"type":"number","description_kind":"plain","required":true}},"description_kind":"plain"}}},"description_kind":"plain"}}},"description_kind":"plain"}},"contrail_virtual_machine_interface":{"version":0,"block":{"attributes":{"display_name":{"type":"string","description_kind":"plain","optional":true},"id":{"type":"string","description_kind":"plain","optional":true,"computed":true},"name":{"type":"string","description_kind":"plain","required":true},"parent_uuid":{"type":"string","description_kind":"plain","optional":true},"port_security_enabled":{"type":"bool","description_kind":"plain","optional":true},"virtual_machine_interface_device_owner":{"type":"string","description_kind":"plain","optional":true},"virtual_machine_interface_disable_policy":{"type":"bool","description_kind":"plain","optional":true},"vlan_tag_based_bridge_domain":{"type":"bool","description_kind":"plain","optional":true}},"block_types":{"annotations":{"nesting_mode":"list","block":{"block_types":{"key_value_pair":{"nesting_mode":"list","block":{"attributes":{"key":{"type":"string","description_kind":"plain","optional":true},"value":{"type":"string","description_kind":"plain","optional":true}},"description_kind":"plain"}}},"description_kind":"plain"}},"bgp_router_refs":{"nesting_mode":"list","block":{"attributes":{"to":{"type":"string","description_kind":"plain","required":true}},"description_kind":"plain"}},"ecmp_hashing_include_fields":{"nesting_mode":"list","block":{"attributes":{"destination_ip":{"type":"bool","description_kind":"plain","optional":true},"destination_port":{"type":"bool","description_kind":"plain","optional":true},"hashing_configured":{"type":"bool","description_kind":"plain","optional":true},"ip_protocol":{"type":"bool","description_kind":"plain","optional":true},"source_ip":{"type":"bool","description_kind":"plain","optional":true},"source_port":{"type":"bool","description_kind":"plain","optional":true}},"description_kind":"plain"}},"id_perms":{"nesting_mode":"list","block":{"attributes":{"created":{"type":"string","description_kind":"plain","optional":true},"creator":{"type":"string","description_kind":"plain","optional":true},"description":{"type":"string","description_kind":"plain","optional":true},"enable":{"type":"bool","description_kind":"plain","required":true},"last_modified":{"type":"string","description_kind":"plain","optional":true},"user_visible":{"type":"bool","description_kind":"plain","optional":true}},"block_types":{"permissions":{"nesting_mode":"list","block":{"attributes":{"group":{"type":"string","description_kind":"plain","optional":true},"group_access":{"type":"number","description_kind":"plain","optional":true},"other_access":{"type":"number","description_kind":"plain","optional":true},"owner":{"type":"string","description_kind":"plain","optional":true},"owner_access":{"type":"number","description_kind":"plain","optional":true}},"description_kind":"plain"}},"uuid":{"nesting_mode":"list","block":{"attributes":{"uuid_lslong":{"type":"number","description_kind":"plain","optional":true},"uuid_mslong":{"type":"number","description_kind":"plain","optional":true}},"description_kind":"plain"},"min_items":1}},"description_kind":"plain"}},"perms2":{"nesting_mode":"list","block":{"attributes":{"global_access":{"type":"number","description_kind":"plain","optional":true},"owner":{"type":"string","description_kind":"plain","required":true},"owner_access":{"type":"number","description_kind":"plain","required":true}},"block_types":{"share":{"nesting_mode":"list","block":{"attributes":{"tenant":{"type":"string","description_kind":"plain","required":true},"tenant_access":{"type":"number","description_kind":"plain","required":true}},"description_kind":"plain"}}},"description_kind":"plain"}},"virtual_machine_interface_allowed_address_pairs":{"nesting_mode":"list","block":{"block_types":{"allowed_address_pair":{"nesting_mode":"list","block":{"attributes":{"address_mode":{"type":"string","description_kind":"plain","optional":true},"mac":{"type":"string","description_kind":"plain","optional":true}},"block_types":{"ip":{"nesting_mode":"list","block":{"attributes":{"ip_prefix":{"type":"string","description_kind":"plain","optional":true},"ip_prefix_len":{"type":"number","description_kind":"plain","optional":true}},"description_kind":"plain"}}},"description_kind":"plain"}}},"description_kind":"plain"}},"virtual_machine_interface_bindings":{"nesting_mode":"list","block":{"block_types":{"key_value_pair":{"nesting_mode":"list","block":{"attributes":{"key":{"type":"string","description_kind":"plain","optional":true},"value":{"type":"string","description_kind":"plain","optional":true}},"description_kind":"plain"}}},"description_kind":"plain"}},"virtual_machine_interface_dhcp_option_list":{"nesting_mode":"list","block":{"block_types":{"dhcp_option":{"nesting_mode":"list","block":{"attributes":{"dhcp_option_name":{"type":"string","description_kind":"plain","required":true},"dhcp_option_value":{"type":"string","description_kind":"plain","required":true},"dhcp_option_value_bytes":{"type":"string","description_kind":"plain","required":true}},"description_kind":"plain"}}},"description_kind":"plain"}},"virtual_machine_interface_fat_flow_protocols":{"nesting_mode":"list","block":{"block_types":{"fat_flow_protocol":{"nesting_mode":"list","block":{"attributes":{"port":{"type":"number","description_kind":"plain","optional":true},"protocol":{"type":"string","description_kind":"plain","optional":true}},"description_kind":"plain"}}},"description_kind":"plain"}},"virtual_machine_interface_host_routes":{"nesting_mode":"list","block":{"block_types":{"route":{"nesting_mode":"list","block":{"attributes":{"next_hop":{"type":"string","description_kind":"plain","optional":true},"next_hop_type":{"type":"string","description_kind":"plain","optional":true},"prefix":{"type":"string","description_kind":"plain","optional":true}},"block_types":{"community_attributes":{"nesting_mode":"list","block":{"attributes":{"community_attribute":{"type":["list","string"],"description_kind":"plain","optional":true}},"description_kind":"plain"}}},"description_kind":"plain"}}},"description_kind":"plain"}},"virtual_machine_interface_mac_addresses":{"nesting_mode":"list","block":{"attributes":{"mac_address":{"type":["list","string"],"description_kind":"plain","optional":true}},"description_kind":"plain"}},"virtual_machine_interface_properties":{"nesting_mode":"list","block":{"attributes":{"local_preference":{"type":"number","description_kind":"plain","optional":true},"service_interface_type":{"type":"string","description_kind":"plain","optional":true},"sub_interface_vlan_tag":{"type":"number","description_kind":"plain","optional":true}},"block_types":{"interface_mirror":{"nesting_mode":"list","block":{"attributes":{"traffic_direction":{"type":"string","description_kind":"plain","required":true}},"block_types":{"mirror_to":{"nesting_mode":"list","block":{"attributes":{"analyzer_ip_address":{"type":"string","description_kind":"plain","required":true},"analyzer_mac_address":{"type":"string","description_kind":"plain","optional":true},"analyzer_name":{"type":"string","description_kind":"plain","optional":true},"encapsulation":{"type":"string","description_kind":"plain","optional":true},"juniper_header":{"type":"bool","description_kind":"plain","optional":true},"nh_mode":{"type":"string","description_kind":"plain","optional":true},"nic_assisted_mirroring":{"type":"bool","description_kind":"plain","optional":true},"nic_assisted_mirroring_vlan":{"type":"number","description_kind":"plain","optional":true},"routing_instance":{"type":"string","description_kind":"plain","required":true},"udp_port":{"type":"number","description_kind":"plain","optional":true}},"block_types":{"static_nh_header":{"nesting_mode":"list","block":{"attributes":{"vni":{"type":"number","description_kind":"plain","required":true},"vtep_dst_ip_address":{"type":"string","description_kind":"plain","required":true},"vtep_dst_mac_address":{"type":"string","description_kind":"plain","optional":true}},"description_kind":"plain"}}},"description_kind":"plain"},"min_items":1}},"description_kind":"plain"}}},"description_kind":"plain"}},"virtual_network_refs":{"nesting_mode":"list","block":{"attributes":{"to":{"type":"string","description_kind":"plain","required":true}},"description_kind":"plain"}},"vrf_assign_table":{"nesting_mode":"list","block":{"block_types":{"vrf_assign_rule":{"nesting_mode":"list","block":{"attributes":{"ignore_acl":{"type":"bool","description_kind":"plain","optional":true},"routing_instance":{"type":"string","description_kind":"plain","optional":true},"vlan_tag":{"type":"number","description_kind":"plain","optional":true}},"block_types":{"match_condition":{"nesting_mode":"list","block":{"attributes":{"ethertype":{"type":"string","description_kind":"plain","required":true},"protocol":{"type":"string","description_kind":"plain","required":true}},"block_types":{"dst_address":{"nesting_mode":"list","block":{"attributes":{"network_policy":{"type":"string","description_kind":"plain","optional":true},"security_group":{"type":"string","description_kind":"plain","optional":true},"virtual_network":{"type":"string","description_kind":"plain","optional":true}},"block_types":{"subnet":{"nesting_mode":"list","block":{"attributes":{"ip_prefix":{"type":"string","description_kind":"plain","optional":true},"ip_prefix_len":{"type":"number","description_kind":"plain","optional":true}},"description_kind":"plain"}},"subnet_list":{"nesting_mode":"list","block":{"attributes":{"ip_prefix":{"type":"string","description_kind":"plain","optional":true},"ip_prefix_len":{"type":"number","description_kind":"plain","optional":true}},"description_kind":"plain"}}},"description_kind":"plain"},"min_items":1},"dst_port":{"nesting_mode":"list","block":{"attributes":{"end_port":{"type":"number","description_kind":"plain","required":true},"start_port":{"type":"number","description_kind":"plain","required":true}},"description_kind":"plain"},"min_items":1},"src_address":{"nesting_mode":"list","block":{"attributes":{"network_policy":{"type":"string","description_kind":"plain","optional":true},"security_group":{"type":"string","description_kind":"plain","optional":true},"virtual_network":{"type":"string","description_kind":"plain","optional":true}},"block_types":{"subnet":{"nesting_mode":"list","block":{"attributes":{"ip_prefix":{"type":"string","description_kind":"plain","optional":true},"ip_prefix_len":{"type":"number","description_kind":"plain","optional":true}},"description_kind":"plain"}},"subnet_list":{"nesting_mode":"list","block":{"attributes":{"ip_prefix":{"type":"string","description_kind":"plain","optional":true},"ip_prefix_len":{"type":"number","description_kind":"plain","optional":true}},"description_kind":"plain"}}},"description_kind":"plain"},"min_items":1},"src_port":{"nesting_mode":"list","block":{"attributes":{"end_port":{"type":"number","description_kind":"plain","required":true},"start_port":{"type":"number","description_kind":"plain","required":true}},"description_kind":"plain"},"min_items":1}},"description_kind":"plain"}}},"description_kind":"plain"}}},"description_kind":"plain"}}},"description_kind":"plain"}},"contrail_virtual_machine_interface_refs":{"version":0,"block":{"attributes":{"id":{"type":"string","description_kind":"plain","optional":true,"computed":true},"uuid":{"type":"string","description_kind":"plain","required":true}},"block_types":{"bridge_domain_refs":{"nesting_mode":"list","block":{"attributes":{"to":{"type":"string","description_kind":"plain","required":true}},"block_types":{"attr":{"nesting_mode":"list","block":{"attributes":{"vlan_tag":{"type":"number","description_kind":"plain","optional":true}},"description_kind":"plain"},"min_items":1}},"description_kind":"plain"}},"interface_route_table_refs":{"nesting_mode":"list","block":{"attributes":{"to":{"type":"string","description_kind":"plain","required":true}},"description_kind":"plain"}},"physical_interface_refs":{"nesting_mode":"list","block":{"attributes":{"to":{"type":"string","description_kind":"plain","required":true}},"description_kind":"plain"}},"port_tuple_refs":{"nesting_mode":"list","block":{"attributes":{"to":{"type":"string","description_kind":"plain","required":true}},"description_kind":"plain"}},"qos_config_refs":{"nesting_mode":"list","block":{"attributes":{"to":{"type":"string","description_kind":"plain","required":true}},"description_kind":"plain"}},"routing_instance_refs":{"nesting_mode":"list","block":{"attributes":{"to":{"type":"string","description_kind":"plain","required":true}},"block_types":{"attr":{"nesting_mode":"list","block":{"attributes":{"direction":{"type":"string","description_kind":"plain","optional":true},"dst_mac":{"type":"string","description_kind":"plain","optional":true},"ipv6_service_chain_address":{"type":"string","description_kind":"plain","optional":true},"mpls_label":{"type":"number","description_kind":"plain","optional":true},"protocol":{"type":"string","description_kind":"plain","optional":true},"service_chain_address":{"type":"string","description_kind":"plain","optional":true},"src_mac":{"type":"string","description_kind":"plain","optional":true},"vlan_tag":{"type":"number","description_kind":"plain","optional":true}},"description_kind":"plain"},"min_items":1}},"description_kind":"plain"}},"security_group_refs":{"nesting_mode":"list","block":{"attributes":{"to":{"type":"string","description_kind":"plain","required":true}},"description_kind":"plain"}},"security_logging_object_refs":{"nesting_mode":"list","block":{"attributes":{"to":{"type":"string","description_kind":"plain","required":true}},"description_kind":"plain"}},"service_endpoint_refs":{"nesting_mode":"list","block":{"attributes":{"to":{"type":"string","description_kind":"plain","required":true}},"description_kind":"plain"}},"service_health_check_refs":{"nesting_mode":"list","block":{"attributes":{"to":{"type":"string","description_kind":"plain","required":true}},"description_kind":"plain"}},"tag_refs":{"nesting_mode":"list","block":{"attributes":{"to":{"type":"string","description_kind":"plain","required":true}},"description_kind":"plain"}},"virtual_machine_interface_refs":{"nesting_mode":"list","block":{"attributes":{"to":{"type":"string","description_kind":"plain","required":true}},"description_kind":"plain"}},"virtual_machine_refs":{"nesting_mode":"list","block":{"attributes":{"to":{"type":"string","description_kind":"plain","required":true}},"description_kind":"plain"}}},"description_kind":"plain"}},"contrail_virtual_machine_refs":{"version":0,"block":{"attributes":{"id":{"type":"string","description_kind":"plain","optional":true,"computed":true},"uuid":{"type":"string","description_kind":"plain","required":true}},"block_types":{"service_instance_refs":{"nesting_mode":"list","block":{"attributes":{"to":{"type":"string","description_kind":"plain","required":true}},"description_kind":"plain"}},"tag_refs":{"nesting_mode":"list","block":{"attributes":{"to":{"type":"string","description_kind":"plain","required":true}},"description_kind":"plain"}}},"description_kind":"plain"}},"contrail_virtual_network":{"version":0,"block":{"attributes":{"address_allocation_mode":{"type":"string","description_kind":"plain","optional":true},"display_name":{"type":"string","description_kind":"plain","optional":true},"external_ipam":{"type":"bool","description_kind":"plain","optional":true},"flood_unknown_unicast":{"type":"bool","description_kind":"plain","optional":true},"id":{"type":"string","description_kind":"plain","optional":true,"computed":true},"is_provider_network":{"type":"bool","description_kind":"plain","optional":true},"is_shared":{"type":"bool","description_kind":"plain","optional":true},"layer2_control_word":{"type":"bool","description_kind":"plain","optional":true},"mac_aging_time":{"type":"number","description_kind":"plain","optional":true},"mac_learning_enabled":{"type":"bool","description_kind":"plain","optional":true},"multi_policy_service_chains_enabled":{"type":"bool","description_kind":"plain","optional":true},"name":{"type":"string","description_kind":"plain","required":true},"parent_uuid":{"type":"string","description_kind":"plain","optional":true},"pbb_etree_enable":{"type":"bool","description_kind":"plain","optional":true},"pbb_evpn_enable":{"type":"bool","description_kind":"plain","optional":true},"port_security_enabled":{"type":"bool","description_kind":"plain","optional":true},"router_external":{"type":"bool","description_kind":"plain","optional":true}},"block_types":{"annotations":{"nesting_mode":"list","block":{"block_types":{"key_value_pair":{"nesting_mode":"list","block":{"attributes":{"key":{"type":"string","description_kind":"plain","optional":true},"value":{"type":"string","description_kind":"plain","optional":true}},"description_kind":"plain"}}},"description_kind":"plain"}},"ecmp_hashing_include_fields":{"nesting_mode":"list","block":{"attributes":{"destination_ip":{"type":"bool","description_kind":"plain","optional":true},"destination_port":{"type":"bool","description_kind":"plain","optional":true},"hashing_configured":{"type":"bool","description_kind":"plain","optional":true},"ip_protocol":{"type":"bool","description_kind":"plain","optional":true},"source_ip":{"type":"bool","description_kind":"plain","optional":true},"source_port":{"type":"bool","description_kind":"plain","optional":true}},"description_kind":"plain"}},"export_route_target_list":{"nesting_mode":"list","block":{"attributes":{"route_target":{"type":["list","string"],"description_kind":"plain","optional":true}},"description_kind":"plain"}},"id_perms":{"nesting_mode":"list","block":{"attributes":{"created":{"type":"string","description_kind":"plain","optional":true},"creator":{"type":"string","description_kind":"plain","optional":true},"description":{"type":"string","description_kind":"plain","optional":true},"enable":{"type":"bool","description_kind":"plain","required":true},"last_modified":{"type":"string","description_kind":"plain","optional":true},"user_visible":{"type":"bool","description_kind":"plain","optional":true}},"block_types":{"permissions":{"nesting_mode":"list","block":{"attributes":{"group":{"type":"string","description_kind":"plain","optional":true},"group_access":{"type":"number","description_kind":"plain","optional":true},"other_access":{"type":"number","description_kind":"plain","optional":true},"owner":{"type":"string","description_kind":"plain","optional":true},"owner_access":{"type":"number","description_kind":"plain","optional":true}},"description_kind":"plain"}},"uuid":{"nesting_mode":"list","block":{"attributes":{"uuid_lslong":{"type":"number","description_kind":"plain","optional":true},"uuid_mslong":{"type":"number","description_kind":"plain","optional":true}},"description_kind":"plain"},"min_items":1}},"description_kind":"plain"}},"import_route_target_list":{"nesting_mode":"list","block":{"attributes":{"route_target":{"type":["list","string"],"description_kind":"plain","optional":true}},"description_kind":"plain"}},"mac_limit_control":{"nesting_mode":"list","block":{"attributes":{"mac_limit":{"type":"number","description_kind":"plain","required":true},"mac_limit_action":{"type":"string","description_kind":"plain","optional":true}},"description_kind":"plain"}},"mac_move_control":{"nesting_mode":"list","block":{"attributes":{"mac_move_limit":{"type":"number","description_kind":"plain","required":true},"mac_move_limit_action":{"type":"string","description_kind":"plain","optional":true},"mac_move_time_window":{"type":"number","description_kind":"plain","required":true}},"description_kind":"plain"}},"perms2":{"nesting_mode":"list","block":{"attributes":{"global_access":{"type":"number","description_kind":"plain","optional":true},"owner":{"type":"string","description_kind":"plain","required":true},"owner_access":{"type":"number","description_kind":"plain","required":true}},"block_types":{"share":{"nesting_mode":"list","block":{"attributes":{"tenant":{"type":"string","description_kind":"plain","required":true},"tenant_access":{"type":"number","description_kind":"plain","required":true}},"description_kind":"plain"}}},"description_kind":"plain"}},"provider_properties":{"nesting_mode":"list","block":{"attributes":{"physical_network":{"type":"string","description_kind":"plain","optional":true},"segmentation_id":{"type":"number","description_kind":"plain","optional":true}},"description_kind":"plain"}},"route_target_list":{"nesting_mode":"list","block":{"attributes":{"route_target":{"type":["list","string"],"description_kind":"plain","optional":true}},"description_kind":"plain"}},"virtual_network_properties":{"nesting_mode":"list","block":{"attributes":{"allow_transit":{"type":"bool","description_kind":"plain","optional":true},"forwarding_mode":{"type":"string","description_kind":"plain","optional":true},"mirror_destination":{"type":"bool","description_kind":"plain","optional":true},"network_id":{"type":"number","description_kind":"plain","optional":true},"rpf":{"type":"string","description_kind":"plain","optional":true},"vxlan_network_identifier":{"type":"number","description_kind":"plain","required":true}},"description_kind":"plain"}}},"description_kind":"plain"}},"contrail_virtual_network_refs":{"version":0,"block":{"attributes":{"id":{"type":"string","description_kind":"plain","optional":true,"computed":true},"uuid":{"type":"string","description_kind":"plain","required":true}},"block_types":{"bgpvpn_refs":{"nesting_mode":"list","block":{"attributes":{"to":{"type":"string","description_kind":"plain","required":true}},"description_kind":"plain"}},"network_ipam_refs":{"nesting_mode":"list","block":{"attributes":{"to":{"type":"string","description_kind":"plain","required":true}},"block_types":{"attr":{"nesting_mode":"list","block":{"block_types":{"host_routes":{"nesting_mode":"list","block":{"block_types":{"route":{"nesting_mode":"list","block":{"attributes":{"next_hop":{"type":"string","description_kind":"plain","optional":true},"next_hop_type":{"type":"string","description_kind":"plain","optional":true},"prefix":{"type":"string","description_kind":"plain","optional":true}},"block_types":{"community_attributes":{"nesting_mode":"list","block":{"attributes":{"community_attribute":{"type":["list","string"],"description_kind":"plain","optional":true}},"description_kind":"plain"}}},"description_kind":"plain"}}},"description_kind":"plain"}},"ipam_subnets":{"nesting_mode":"list","block":{"attributes":{"addr_from_start":{"type":"bool","description_kind":"plain","optional":true},"alloc_unit":{"type":"number","description_kind":"plain","optional":true},"created":{"type":"string","description_kind":"plain","optional":true},"default_gateway":{"type":"string","description_kind":"plain","optional":true},"dns_nameservers":{"type":["list","string"],"description_kind":"plain","optional":true},"dns_server_address":{"type":"string","description_kind":"plain","optional":true},"enable_dhcp":{"type":"bool","description_kind":"plain","optional":true},"last_modified":{"type":"string","description_kind":"plain","optional":true},"subnet_name":{"type":"string","description_kind":"plain","optional":true},"subnet_uuid":{"type":"string","description_kind":"plain","optional":true}},"block_types":{"allocation_pools":{"nesting_mode":"list","block":{"attributes":{"end":{"type":"string","description_kind":"plain","optional":true},"start":{"type":"string","description_kind":"plain","optional":true},"vrouter_specific_pool":{"type":"bool","description_kind":"plain","optional":true}},"description_kind":"plain"}},"dhcp_option_list":{"nesting_mode":"list","block":{"block_types":{"dhcp_option":{"nesting_mode":"list","block":{"attributes":{"dhcp_option_name":{"type":"string","description_kind":"plain","required":true},"dhcp_option_value":{"type":"string","description_kind":"plain","required":true},"dhcp_option_value_bytes":{"type":"string","description_kind":"plain","required":true}},"description_kind":"plain"}}},"description_kind":"plain"}},"host_routes":{"nesting_mode":"list","block":{"block_types":{"route":{"nesting_mode":"list","block":{"attributes":{"next_hop":{"type":"string","description_kind":"plain","optional":true},"next_hop_type":{"type":"string","description_kind":"plain","optional":true},"prefix":{"type":"string","description_kind":"plain","optional":true}},"block_types":{"community_attributes":{"nesting_mode":"list","block":{"attributes":{"community_attribute":{"type":["list","string"],"description_kind":"plain","optional":true}},"description_kind":"plain"}}},"description_kind":"plain"}}},"description_kind":"plain"}},"subnet":{"nesting_mode":"list","block":{"attributes":{"ip_prefix":{"type":"string","description_kind":"plain","optional":true},"ip_prefix_len":{"type":"number","description_kind":"plain","optional":true}},"description_kind":"plain"},"min_items":1}},"description_kind":"plain"}}},"description_kind":"plain"},"min_items":1}},"description_kind":"plain"}},"network_policy_refs":{"nesting_mode":"list","block":{"attributes":{"to":{"type":"string","description_kind":"plain","required":true}},"block_types":{"attr":{"nesting_mode":"list","block":{"block_types":{"sequence":{"nesting_mode":"list","block":{"attributes":{"major":{"type":"number","description_kind":"plain","required":true},"minor":{"type":"number","description_kind":"plain","required":true}},"description_kind":"plain"}},"timer":{"nesting_mode":"list","block":{"attributes":{"end_time":{"type":"string","description_kind":"plain","required":true},"off_interval":{"type":"number","description_kind":"plain","required":true},"on_interval":{"type":"number","description_kind":"plain","required":true},"start_time":{"type":"string","description_kind":"plain","required":true}},"description_kind":"plain"}}},"description_kind":"plain"},"min_items":1}},"description_kind":"plain"}},"qos_config_refs":{"nesting_mode":"list","block":{"attributes":{"to":{"type":"string","description_kind":"plain","required":true}},"description_kind":"plain"}},"route_table_refs":{"nesting_mode":"list","block":{"attributes":{"to":{"type":"string","description_kind":"plain","required":true}},"description_kind":"plain"}},"security_logging_object_refs":{"nesting_mode":"list","block":{"attributes":{"to":{"type":"string","description_kind":"plain","required":true}},"description_kind":"plain"}},"tag_refs":{"nesting_mode":"list","block":{"attributes":{"to":{"type":"string","description_kind":"plain","required":true}},"description_kind":"plain"}},"virtual_network_refs":{"nesting_mode":"list","block":{"attributes":{"to":{"type":"string","description_kind":"plain","required":true}},"description_kind":"plain"}}},"description_kind":"plain"}},"contrail_virtual_router":{"version":0,"block":{"attributes":{"display_name":{"type":"string","description_kind":"plain","optional":true},"id":{"type":"string","description_kind":"plain","optional":true,"computed":true},"name":{"type":"string","description_kind":"plain","required":true},"parent_uuid":{"type":"string","description_kind":"plain","optional":true},"virtual_router_dpdk_enabled":{"type":"bool","description_kind":"plain","optional":true},"virtual_router_ip_address":{"type":"string","description_kind":"plain","optional":true},"virtual_router_type":{"type":"string","description_kind":"plain","optional":true},"virtual_router_vhost_user_mode":{"type":"string","description_kind":"plain","optional":true}},"block_types":{"annotations":{"nesting_mode":"list","block":{"block_types":{"key_value_pair":{"nesting_mode":"list","block":{"attributes":{"key":{"type":"string","description_kind":"plain","optional":true},"value":{"type":"string","description_kind":"plain","optional":true}},"description_kind":"plain"}}},"description_kind":"plain"}},"id_perms":{"nesting_mode":"list","block":{"attributes":{"created":{"type":"string","description_kind":"plain","optional":true},"creator":{"type":"string","description_kind":"plain","optional":true},"description":{"type":"string","description_kind":"plain","optional":true},"enable":{"type":"bool","description_kind":"plain","required":true},"last_modified":{"type":"string","description_kind":"plain","optional":true},"user_visible":{"type":"bool","description_kind":"plain","optional":true}},"block_types":{"permissions":{"nesting_mode":"list","block":{"attributes":{"group":{"type":"string","description_kind":"plain","optional":true},"group_access":{"type":"number","description_kind":"plain","optional":true},"other_access":{"type":"number","description_kind":"plain","optional":true},"owner":{"type":"string","description_kind":"plain","optional":true},"owner_access":{"type":"number","description_kind":"plain","optional":true}},"description_kind":"plain"}},"uuid":{"nesting_mode":"list","block":{"attributes":{"uuid_lslong":{"type":"number","description_kind":"plain","optional":true},"uuid_mslong":{"type":"number","description_kind":"plain","optional":true}},"description_kind":"plain"},"min_items":1}},"description_kind":"plain"}},"perms2":{"nesting_mode":"list","block":{"attributes":{"global_access":{"type":"number","description_kind":"plain","optional":true},"owner":{"type":"string","description_kind":"plain","required":true},"owner_access":{"type":"number","description_kind":"plain","required":true}},"block_types":{"share":{"nesting_mode":"list","block":{"attributes":{"tenant":{"type":"string","description_kind":"plain","required":true},"tenant_access":{"type":"number","description_kind":"plain","required":true}},"description_kind":"plain"}}},"description_kind":"plain"}}},"description_kind":"plain"}},"contrail_virtual_router_refs":{"version":0,"block":{"attributes":{"id":{"type":"string","description_kind":"plain","optional":true,"computed":true},"uuid":{"type":"string","description_kind":"plain","required":true}},"block_types":{"network_ipam_refs":{"nesting_mode":"list","block":{"attributes":{"to":{"type":"string","description_kind":"plain","required":true}},"block_types":{"attr":{"nesting_mode":"list","block":{"block_types":{"allocation_pools":{"nesting_mode":"list","block":{"attributes":{"end":{"type":"string","description_kind":"plain","optional":true},"start":{"type":"string","description_kind":"plain","optional":true},"vrouter_specific_pool":{"type":"bool","description_kind":"plain","optional":true}},"description_kind":"plain"}},"subnet":{"nesting_mode":"list","block":{"attributes":{"ip_prefix":{"type":"string","description_kind":"plain","optional":true},"ip_prefix_len":{"type":"number","description_kind":"plain","optional":true}},"description_kind":"plain"}}},"description_kind":"plain"},"min_items":1}},"description_kind":"plain"}},"tag_refs":{"nesting_mode":"list","block":{"attributes":{"to":{"type":"string","description_kind":"plain","required":true}},"description_kind":"plain"}},"virtual_machine_refs":{"nesting_mode":"list","block":{"attributes":{"to":{"type":"string","description_kind":"plain","required":true}},"description_kind":"plain"}}},"description_kind":"plain"}}}}}}
